
Microsoft Visual Studio Solution File, Format Version 12.00
# Visual Studio Version 17
VisualStudioVersion = 17.0.31903.59
MinimumVisualStudioVersion = 10.0.40219.1
Project("{9A19103F-16F7-4668-BE54-9A1E7A4F7556}") = "AzureJobs", "AzureJobs\AzureJobs.csproj", "{248918EF-BA44-46B2-A2F5-30375CA5CD8F}"
EndProject
Project("{2150E333-8FDC-42A3-9474-1A3956D46DE8}") = "General", "General", "{5880C46B-9774-45E6-89A7-1F51A9184E13}"
EndProject
Project("{2150E333-8FDC-42A3-9474-1A3956D46DE8}") = "IntegrationsCore", "IntegrationsCore", "{80E7C4B8-5A55-42D3-A762-8727B6995FDE}"
EndProject
Project("{2150E333-8FDC-42A3-9474-1A3956D46DE8}") = "LinxCommerce", "LinxCommerce", "{D749CAFD-8471-4E87-A122-93ACFFB82501}"
EndProject
Project("{2150E333-8FDC-42A3-9474-1A3956D46DE8}") = "LinxMicrovix", "LinxMicrovix", "{268A3A6E-5118-49AF-96E0-A625397CB4E7}"
EndProject
Project("{2150E333-8FDC-42A3-9474-1A3956D46DE8}") = "Shippment", "Shippment", "{F7A3EC45-88C3-45AF-93EB-DDB3CED1C504}"
EndProject
Project("{2150E333-8FDC-42A3-9474-1A3956D46DE8}") = "AfterSale", "AfterSale", "{1972FF93-ED46-43B6-AE24-8E6EC51DF105}"
EndProject
Project("{2150E333-8FDC-42A3-9474-1A3956D46DE8}") = "Dootax", "Dootax", "{63D1F7C7-129F-4853-99E1-304A4475A7F5}"
EndProject
Project("{2150E333-8FDC-42A3-9474-1A3956D46DE8}") = "Mobsim", "Mobsim", "{D2855D02-8A4E-401B-8204-44F7749D25A0}"
EndProject
Project("{2150E333-8FDC-42A3-9474-1A3956D46DE8}") = "Movidesk", "Movidesk", "{03250652-7AC1-4B27-AAE5-94B25BB51163}"
EndProject
Project("{2150E333-8FDC-42A3-9474-1A3956D46DE8}") = "Pagarme", "Pagarme", "{F80B8CF4-3EC5-48CE-93D2-68BD7B4E265A}"
EndProject
Project("{9A19103F-16F7-4668-BE54-9A1E7A4F7556}") = "Pagarme", "General\Pagarme\Pagarme\Pagarme.csproj", "{ED7E4930-91AF-47A2-8FB8-A2CF3AEC0D39}"
EndProject
Project("{9A19103F-16F7-4668-BE54-9A1E7A4F7556}") = "Infrastructure.Pagarme", "General\Pagarme\Infrastructure.Pagarme\Infrastructure.Pagarme.csproj", "{E26DAE7B-0BF6-412C-B80C-231AE8A34824}"
EndProject
Project("{9A19103F-16F7-4668-BE54-9A1E7A4F7556}") = "Domain.Pagarme", "General\Pagarme\Domain.Pagarme\Domain.Pagarme.csproj", "{D5E1A3B6-8B0C-4DCA-ADFA-ACC02BD94AC9}"
EndProject
Project("{9A19103F-16F7-4668-BE54-9A1E7A4F7556}") = "Application.Pagarme", "General\Pagarme\Application.Pagarme\Application.Pagarme.csproj", "{03016920-E25B-4CDD-822B-A6C02282371C}"
EndProject
Project("{9A19103F-16F7-4668-BE54-9A1E7A4F7556}") = "Movidesk", "General\Movidesk\Movidesk\Movidesk.csproj", "{400BDBBB-CB2D-4E75-9035-9439C85158EF}"
EndProject
Project("{9A19103F-16F7-4668-BE54-9A1E7A4F7556}") = "Infrastructure.Movidesk", "General\Movidesk\Infrastructure.Movidesk\Infrastructure.Movidesk.csproj", "{CB1B7E97-C438-4F3F-B975-41430641AF61}"
EndProject
Project("{9A19103F-16F7-4668-BE54-9A1E7A4F7556}") = "Domain.Movidesk", "General\Movidesk\Domain.Movidesk\Domain.Movidesk.csproj", "{E07C30AE-39D2-4BE2-8E15-45F112844832}"
EndProject
Project("{9A19103F-16F7-4668-BE54-9A1E7A4F7556}") = "Application.Movidesk", "General\Movidesk\Application.Movidesk\Application.Movidesk.csproj", "{C6D67B9A-F749-4F3C-A446-E2DBE81AC711}"
EndProject
Project("{9A19103F-16F7-4668-BE54-9A1E7A4F7556}") = "Mobsim", "General\Mobsim\Mobsim\Mobsim.csproj", "{8C752AFA-061F-4276-8D70-E2373B14F26D}"
EndProject
Project("{9A19103F-16F7-4668-BE54-9A1E7A4F7556}") = "Infrastructure.Mobsim", "General\Mobsim\Infrastructure.Mobsim\Infrastructure.Mobsim.csproj", "{753B71F4-1A6B-4301-90FC-93A54718FF5E}"
EndProject
Project("{9A19103F-16F7-4668-BE54-9A1E7A4F7556}") = "Domain.Mobsim", "General\Mobsim\Domain.Mobsim\Domain.Mobsim.csproj", "{ED265C71-6454-4BDB-9293-D47767748FCE}"
EndProject
Project("{9A19103F-16F7-4668-BE54-9A1E7A4F7556}") = "Application.Mobsim", "General\Mobsim\Application.Mobsim\Application.Mobsim.csproj", "{CCC141A8-0D86-4D4A-8B7C-A3194E5482B3}"
EndProject
Project("{9A19103F-16F7-4668-BE54-9A1E7A4F7556}") = "Dootax", "General\Dootax\Dootax\Dootax.csproj", "{E0CEC6FD-F0E4-49EA-A78F-A1CC0E53768E}"
EndProject
Project("{9A19103F-16F7-4668-BE54-9A1E7A4F7556}") = "Infrastructure.Dootax", "General\Dootax\Infrastructure.Dootax\Infrastructure.Dootax.csproj", "{A6837503-E276-4517-A3B5-0B70D8C84B4B}"
EndProject
Project("{9A19103F-16F7-4668-BE54-9A1E7A4F7556}") = "Domain.Dootax", "General\Dootax\Domain.Dootax\Domain.Dootax.csproj", "{4DBB7E98-38B0-4D8D-A7CC-F39695B279B3}"
EndProject
Project("{9A19103F-16F7-4668-BE54-9A1E7A4F7556}") = "Application.Dootax", "General\Dootax\Application.Dootax\Application.Dootax.csproj", "{362A0CAC-78DB-4280-A363-B99FCA1DC432}"
EndProject
Project("{9A19103F-16F7-4668-BE54-9A1E7A4F7556}") = "Infrastructure.AfterSale", "General\AfterSale\Infrastructure.AfterSale\Infrastructure.AfterSale.csproj", "{0686AB8E-CA95-4308-8838-9E239BB22770}"
EndProject
Project("{9A19103F-16F7-4668-BE54-9A1E7A4F7556}") = "Domain.AfterSale", "General\AfterSale\Domain.AfterSale\Domain.AfterSale.csproj", "{5BAE037B-3F68-4428-9C7F-B7D4A1CC87B7}"
EndProject
Project("{9A19103F-16F7-4668-BE54-9A1E7A4F7556}") = "Application.AfterSale", "General\AfterSale\Application.AfterSale\Application.AfterSale.csproj", "{6003DB0B-1DE5-4A58-B67E-CFE988346A78}"
EndProject
Project("{9A19103F-16F7-4668-BE54-9A1E7A4F7556}") = "Application.IntegrationsCore", "IntegrationsCore\Application.IntegrationsCore\Application.IntegrationsCore.csproj", "{2F9FC30D-4DA4-4ADC-861A-B4A47B3083B7}"
EndProject
Project("{9A19103F-16F7-4668-BE54-9A1E7A4F7556}") = "Domain.IntegrationsCore", "IntegrationsCore\Domain.IntegrationsCore\Domain.IntegrationsCore.csproj", "{90BA95E6-CD54-4929-9D3D-685FF14900FB}"
EndProject
Project("{9A19103F-16F7-4668-BE54-9A1E7A4F7556}") = "Infrastructure.IntegrationsCore", "IntegrationsCore\Infrastructure.IntegrationsCore\Infrastructure.IntegrationsCore.csproj", "{4AB75692-FEC5-4070-A3BA-12E233198672}"
EndProject
Project("{9A19103F-16F7-4668-BE54-9A1E7A4F7556}") = "Application.LinxCommerce", "LinxCommerce\Application.LinxCommerce\Application.LinxCommerce.csproj", "{5734E227-D6FF-4955-8D7A-986B2C32D4B5}"
EndProject
Project("{9A19103F-16F7-4668-BE54-9A1E7A4F7556}") = "Domain.LinxCommerce", "LinxCommerce\Domain.LinxCommerce\Domain.LinxCommerce.csproj", "{2FF7D622-ED17-4290-A413-C3B1C4903289}"
EndProject
Project("{9A19103F-16F7-4668-BE54-9A1E7A4F7556}") = "Infrastructure.LinxCommerce", "LinxCommerce\Infrastructure.LinxCommerce\Infrastructure.LinxCommerce.csproj", "{D2D2D786-36B3-4B46-86C2-16CEDE7AD5DA}"
EndProject
Project("{2150E333-8FDC-42A3-9474-1A3956D46DE8}") = "FlashCourier", "FlashCourier", "{A440EA4B-980F-4C3E-9985-CD50DEC4EADF}"
EndProject
Project("{2150E333-8FDC-42A3-9474-1A3956D46DE8}") = "Jadlog", "Jadlog", "{0CE2A698-198E-4F09-8307-F376B9E9BE31}"
EndProject
Project("{2150E333-8FDC-42A3-9474-1A3956D46DE8}") = "TotalExpress", "TotalExpress", "{0E8584D4-4153-4CE5-BFDF-894D5F02D5A2}"
EndProject
Project("{9A19103F-16F7-4668-BE54-9A1E7A4F7556}") = "Infrastructure.FlashCourier", "Shippment\FlashCourier\Infrastructure.FlashCourier\Infrastructure.FlashCourier.csproj", "{A07E3AE4-D0A3-44DD-9F0C-9E90FC150F20}"
EndProject
Project("{9A19103F-16F7-4668-BE54-9A1E7A4F7556}") = "Domain.FlashCourier", "Shippment\FlashCourier\Domain.FlashCourier\Domain.FlashCourier.csproj", "{97E7F1A4-25E1-46B1-965D-5DEAEF33AF16}"
EndProject
Project("{9A19103F-16F7-4668-BE54-9A1E7A4F7556}") = "Application.FlashCourier", "Shippment\FlashCourier\Application.FlashCourier\Application.FlashCourier.csproj", "{42E46D83-A5ED-476E-A3C1-7DCF15BF7245}"
EndProject
Project("{9A19103F-16F7-4668-BE54-9A1E7A4F7556}") = "Application.Jadlog", "Shippment\Jadlog\Application.Jadlog\Application.Jadlog.csproj", "{FBEE956A-67CA-4127-AEE0-D2DD5CF6924E}"
EndProject
Project("{9A19103F-16F7-4668-BE54-9A1E7A4F7556}") = "Domain.Jadlog", "Shippment\Jadlog\Domain.Jadlog\Domain.Jadlog.csproj", "{7DE7283C-DC8C-4138-8893-8346D748B7C3}"
EndProject
Project("{9A19103F-16F7-4668-BE54-9A1E7A4F7556}") = "Infrastructure.Jadlog", "Shippment\Jadlog\Infrastructure.Jadlog\Infrastructure.Jadlog.csproj", "{3B989A93-F76C-4B98-BC8F-7B858004E473}"
EndProject
Project("{9A19103F-16F7-4668-BE54-9A1E7A4F7556}") = "Infrastructure.TotalExpress", "Shippment\TotalExpress\Infrastructure.TotalExpress\Infrastructure.TotalExpress.csproj", "{8C89F2BD-16E0-4767-9045-048FFB50D8FC}"
EndProject
Project("{9A19103F-16F7-4668-BE54-9A1E7A4F7556}") = "Domain.TotalExpress", "Shippment\TotalExpress\Domain.TotalExpress\Domain.TotalExpress.csproj", "{664A7B07-A05D-4013-BC69-CA4870DF9BEE}"
EndProject
Project("{9A19103F-16F7-4668-BE54-9A1E7A4F7556}") = "Application.TotalExpress", "Shippment\TotalExpress\Application.TotalExpress\Application.TotalExpress.csproj", "{895513D6-E77B-4173-9F97-60D984DC62DF}"
EndProject
Project("{2150E333-8FDC-42A3-9474-1A3956D46DE8}") = "LinxMicrovix - Outbound Web Service", "LinxMicrovix - Outbound Web Service", "{99BF7375-C5C7-40E7-8DB5-B9AEF839EEE3}"
EndProject
Project("{2150E333-8FDC-42A3-9474-1A3956D46DE8}") = "LinxMicrovix - Inbound Web Service", "LinxMicrovix - Inbound Web Service", "{C5160D25-6776-4743-8DE8-82EC95F43259}"
EndProject
Project("{9A19103F-16F7-4668-BE54-9A1E7A4F7556}") = "Infrastructure.LinxMicrovix.Inbound.WebService", "LinxMicrovix\LinxMicrovix - Inbound Web Service\Infrastructure.LinxMicrovix.Inbound.WebService\Infrastructure.LinxMicrovix.Inbound.WebService.csproj", "{E45E5296-7C30-4CD3-B354-0512F2CEB672}"
EndProject
Project("{9A19103F-16F7-4668-BE54-9A1E7A4F7556}") = "Domain.LinxMicrovix.Inbound.WebService", "LinxMicrovix\LinxMicrovix - Inbound Web Service\Domain.LinxMicrovix.Inbound.WebService\Domain.LinxMicrovix.Inbound.WebService.csproj", "{5925DE87-312C-47E0-8B3D-216F12F3015D}"
EndProject
Project("{9A19103F-16F7-4668-BE54-9A1E7A4F7556}") = "Application.LinxMicrovix.Inbound.WebService", "LinxMicrovix\LinxMicrovix - Inbound Web Service\Application.LinxMicrovix.Inbound.WebService\Application.LinxMicrovix.Inbound.WebService.csproj", "{344A0C91-B8AE-423C-B80F-2C7F61A49FEA}"
EndProject
Project("{9A19103F-16F7-4668-BE54-9A1E7A4F7556}") = "Application.LinxMicrovix.Outbound.WebService", "LinxMicrovix\LinxMicrovix - Outbound Web Service\Application.LinxMicrovix.Outbound.WebService\Application.LinxMicrovix.Outbound.WebService.csproj", "{E1D626BC-ED4B-4C3D-ABD4-47D809ED262E}"
EndProject
Project("{9A19103F-16F7-4668-BE54-9A1E7A4F7556}") = "Domain.LinxMicrovix.Outbound.WebService", "LinxMicrovix\LinxMicrovix - Outbound Web Service\Domain.LinxMicrovix.Outbound.WebService\Domain.LinxMicrovix.Outbound.WebService.csproj", "{E2830EC8-4873-4508-9BCC-88E1C06C5219}"
EndProject
Project("{9A19103F-16F7-4668-BE54-9A1E7A4F7556}") = "Infrastructure.LinxMicrovix.Outbound.WebService", "LinxMicrovix\LinxMicrovix - Outbound Web Service\Infrastructure.LinxMicrovix.Outbound.WebService\Infrastructure.LinxMicrovix.Outbound.WebService.csproj", "{C3C0BA7E-15CF-4C57-B8AB-16061A7FEF08}"
EndProject
Project("{9A19103F-16F7-4668-BE54-9A1E7A4F7556}") = "Hangfire.IO", "Hangfire.IO\Hangfire.IO.csproj", "{8CA853F9-FB65-45E9-B0CA-B24ED1156076}"
EndProject
Project("{2150E333-8FDC-42A3-9474-1A3956D46DE8}") = "Database", "Database", "{136DD47A-46CE-4C67-880A-B94960321C9C}"
EndProject
Project("{9A19103F-16F7-4668-BE54-9A1E7A4F7556}") = "Domain.DatabaseInit", "Database\Domain.DatabaseInit\Domain.DatabaseInit.csproj", "{A158DCD0-8E50-4DA6-8633-7DCBEE55ED45}"
EndProject
Project("{9A19103F-16F7-4668-BE54-9A1E7A4F7556}") = "Infrastructure.DatabaseInit", "Database\Infrastructure.DatabaseInit\Infrastructure.DatabaseInit.csproj", "{03B03E5B-C8D4-49B5-9F48-0CD338FEE49F}"
EndProject
Project("{9A19103F-16F7-4668-BE54-9A1E7A4F7556}") = "Application.DatabaseInit", "Database\Application.DatabaseInit\Application.DatabaseInit.csproj", "{5D628E18-6AE0-4B3C-BF46-E8A679589690}"
EndProject
Global
	GlobalSection(SolutionConfigurationPlatforms) = preSolution
		Debug|Any CPU = Debug|Any CPU
		Homolog|Any CPU = Homolog|Any CPU
		Production|Any CPU = Production|Any CPU
		Release|Any CPU = Release|Any CPU
	EndGlobalSection
	GlobalSection(ProjectConfigurationPlatforms) = postSolution
		{248918EF-BA44-46B2-A2F5-30375CA5CD8F}.Debug|Any CPU.ActiveCfg = Debug|Any CPU
		{248918EF-BA44-46B2-A2F5-30375CA5CD8F}.Debug|Any CPU.Build.0 = Debug|Any CPU
		{248918EF-BA44-46B2-A2F5-30375CA5CD8F}.Homolog|Any CPU.ActiveCfg = Debug|Any CPU
		{248918EF-BA44-46B2-A2F5-30375CA5CD8F}.Homolog|Any CPU.Build.0 = Debug|Any CPU
		{248918EF-BA44-46B2-A2F5-30375CA5CD8F}.Production|Any CPU.ActiveCfg = Debug|Any CPU
		{248918EF-BA44-46B2-A2F5-30375CA5CD8F}.Production|Any CPU.Build.0 = Debug|Any CPU
		{248918EF-BA44-46B2-A2F5-30375CA5CD8F}.Release|Any CPU.ActiveCfg = Release|Any CPU
		{248918EF-BA44-46B2-A2F5-30375CA5CD8F}.Release|Any CPU.Build.0 = Release|Any CPU
		{ED7E4930-91AF-47A2-8FB8-A2CF3AEC0D39}.Debug|Any CPU.ActiveCfg = Debug|Any CPU
		{ED7E4930-91AF-47A2-8FB8-A2CF3AEC0D39}.Debug|Any CPU.Build.0 = Debug|Any CPU
		{ED7E4930-91AF-47A2-8FB8-A2CF3AEC0D39}.Homolog|Any CPU.ActiveCfg = Homolog|Any CPU
		{ED7E4930-91AF-47A2-8FB8-A2CF3AEC0D39}.Homolog|Any CPU.Build.0 = Homolog|Any CPU
		{ED7E4930-91AF-47A2-8FB8-A2CF3AEC0D39}.Production|Any CPU.ActiveCfg = Debug|Any CPU
		{ED7E4930-91AF-47A2-8FB8-A2CF3AEC0D39}.Production|Any CPU.Build.0 = Debug|Any CPU
		{ED7E4930-91AF-47A2-8FB8-A2CF3AEC0D39}.Release|Any CPU.ActiveCfg = Release|Any CPU
		{ED7E4930-91AF-47A2-8FB8-A2CF3AEC0D39}.Release|Any CPU.Build.0 = Release|Any CPU
		{E26DAE7B-0BF6-412C-B80C-231AE8A34824}.Debug|Any CPU.ActiveCfg = Debug|Any CPU
		{E26DAE7B-0BF6-412C-B80C-231AE8A34824}.Debug|Any CPU.Build.0 = Debug|Any CPU
		{E26DAE7B-0BF6-412C-B80C-231AE8A34824}.Homolog|Any CPU.ActiveCfg = Debug|Any CPU
		{E26DAE7B-0BF6-412C-B80C-231AE8A34824}.Homolog|Any CPU.Build.0 = Debug|Any CPU
		{E26DAE7B-0BF6-412C-B80C-231AE8A34824}.Production|Any CPU.ActiveCfg = Debug|Any CPU
		{E26DAE7B-0BF6-412C-B80C-231AE8A34824}.Production|Any CPU.Build.0 = Debug|Any CPU
		{E26DAE7B-0BF6-412C-B80C-231AE8A34824}.Release|Any CPU.ActiveCfg = Release|Any CPU
		{E26DAE7B-0BF6-412C-B80C-231AE8A34824}.Release|Any CPU.Build.0 = Release|Any CPU
		{D5E1A3B6-8B0C-4DCA-ADFA-ACC02BD94AC9}.Debug|Any CPU.ActiveCfg = Debug|Any CPU
		{D5E1A3B6-8B0C-4DCA-ADFA-ACC02BD94AC9}.Debug|Any CPU.Build.0 = Debug|Any CPU
		{D5E1A3B6-8B0C-4DCA-ADFA-ACC02BD94AC9}.Homolog|Any CPU.ActiveCfg = Debug|Any CPU
		{D5E1A3B6-8B0C-4DCA-ADFA-ACC02BD94AC9}.Homolog|Any CPU.Build.0 = Debug|Any CPU
		{D5E1A3B6-8B0C-4DCA-ADFA-ACC02BD94AC9}.Production|Any CPU.ActiveCfg = Debug|Any CPU
		{D5E1A3B6-8B0C-4DCA-ADFA-ACC02BD94AC9}.Production|Any CPU.Build.0 = Debug|Any CPU
		{D5E1A3B6-8B0C-4DCA-ADFA-ACC02BD94AC9}.Release|Any CPU.ActiveCfg = Release|Any CPU
		{D5E1A3B6-8B0C-4DCA-ADFA-ACC02BD94AC9}.Release|Any CPU.Build.0 = Release|Any CPU
		{03016920-E25B-4CDD-822B-A6C02282371C}.Debug|Any CPU.ActiveCfg = Debug|Any CPU
		{03016920-E25B-4CDD-822B-A6C02282371C}.Debug|Any CPU.Build.0 = Debug|Any CPU
		{03016920-E25B-4CDD-822B-A6C02282371C}.Homolog|Any CPU.ActiveCfg = Debug|Any CPU
		{03016920-E25B-4CDD-822B-A6C02282371C}.Homolog|Any CPU.Build.0 = Debug|Any CPU
		{03016920-E25B-4CDD-822B-A6C02282371C}.Production|Any CPU.ActiveCfg = Debug|Any CPU
		{03016920-E25B-4CDD-822B-A6C02282371C}.Production|Any CPU.Build.0 = Debug|Any CPU
		{03016920-E25B-4CDD-822B-A6C02282371C}.Release|Any CPU.ActiveCfg = Release|Any CPU
		{03016920-E25B-4CDD-822B-A6C02282371C}.Release|Any CPU.Build.0 = Release|Any CPU
		{400BDBBB-CB2D-4E75-9035-9439C85158EF}.Debug|Any CPU.ActiveCfg = Debug|Any CPU
		{400BDBBB-CB2D-4E75-9035-9439C85158EF}.Debug|Any CPU.Build.0 = Debug|Any CPU
		{400BDBBB-CB2D-4E75-9035-9439C85158EF}.Homolog|Any CPU.ActiveCfg = Homolog|Any CPU
		{400BDBBB-CB2D-4E75-9035-9439C85158EF}.Homolog|Any CPU.Build.0 = Homolog|Any CPU
		{400BDBBB-CB2D-4E75-9035-9439C85158EF}.Production|Any CPU.ActiveCfg = Debug|Any CPU
		{400BDBBB-CB2D-4E75-9035-9439C85158EF}.Production|Any CPU.Build.0 = Debug|Any CPU
		{400BDBBB-CB2D-4E75-9035-9439C85158EF}.Release|Any CPU.ActiveCfg = Release|Any CPU
		{400BDBBB-CB2D-4E75-9035-9439C85158EF}.Release|Any CPU.Build.0 = Release|Any CPU
		{CB1B7E97-C438-4F3F-B975-41430641AF61}.Debug|Any CPU.ActiveCfg = Debug|Any CPU
		{CB1B7E97-C438-4F3F-B975-41430641AF61}.Debug|Any CPU.Build.0 = Debug|Any CPU
		{CB1B7E97-C438-4F3F-B975-41430641AF61}.Homolog|Any CPU.ActiveCfg = Debug|Any CPU
		{CB1B7E97-C438-4F3F-B975-41430641AF61}.Homolog|Any CPU.Build.0 = Debug|Any CPU
		{CB1B7E97-C438-4F3F-B975-41430641AF61}.Production|Any CPU.ActiveCfg = Debug|Any CPU
		{CB1B7E97-C438-4F3F-B975-41430641AF61}.Production|Any CPU.Build.0 = Debug|Any CPU
		{CB1B7E97-C438-4F3F-B975-41430641AF61}.Release|Any CPU.ActiveCfg = Release|Any CPU
		{CB1B7E97-C438-4F3F-B975-41430641AF61}.Release|Any CPU.Build.0 = Release|Any CPU
		{E07C30AE-39D2-4BE2-8E15-45F112844832}.Debug|Any CPU.ActiveCfg = Debug|Any CPU
		{E07C30AE-39D2-4BE2-8E15-45F112844832}.Debug|Any CPU.Build.0 = Debug|Any CPU
		{E07C30AE-39D2-4BE2-8E15-45F112844832}.Homolog|Any CPU.ActiveCfg = Debug|Any CPU
		{E07C30AE-39D2-4BE2-8E15-45F112844832}.Homolog|Any CPU.Build.0 = Debug|Any CPU
		{E07C30AE-39D2-4BE2-8E15-45F112844832}.Production|Any CPU.ActiveCfg = Debug|Any CPU
		{E07C30AE-39D2-4BE2-8E15-45F112844832}.Production|Any CPU.Build.0 = Debug|Any CPU
		{E07C30AE-39D2-4BE2-8E15-45F112844832}.Release|Any CPU.ActiveCfg = Release|Any CPU
		{E07C30AE-39D2-4BE2-8E15-45F112844832}.Release|Any CPU.Build.0 = Release|Any CPU
		{C6D67B9A-F749-4F3C-A446-E2DBE81AC711}.Debug|Any CPU.ActiveCfg = Debug|Any CPU
		{C6D67B9A-F749-4F3C-A446-E2DBE81AC711}.Debug|Any CPU.Build.0 = Debug|Any CPU
		{C6D67B9A-F749-4F3C-A446-E2DBE81AC711}.Homolog|Any CPU.ActiveCfg = Debug|Any CPU
		{C6D67B9A-F749-4F3C-A446-E2DBE81AC711}.Homolog|Any CPU.Build.0 = Debug|Any CPU
		{C6D67B9A-F749-4F3C-A446-E2DBE81AC711}.Production|Any CPU.ActiveCfg = Debug|Any CPU
		{C6D67B9A-F749-4F3C-A446-E2DBE81AC711}.Production|Any CPU.Build.0 = Debug|Any CPU
		{C6D67B9A-F749-4F3C-A446-E2DBE81AC711}.Release|Any CPU.ActiveCfg = Release|Any CPU
		{C6D67B9A-F749-4F3C-A446-E2DBE81AC711}.Release|Any CPU.Build.0 = Release|Any CPU
		{8C752AFA-061F-4276-8D70-E2373B14F26D}.Debug|Any CPU.ActiveCfg = Debug|Any CPU
		{8C752AFA-061F-4276-8D70-E2373B14F26D}.Debug|Any CPU.Build.0 = Debug|Any CPU
		{8C752AFA-061F-4276-8D70-E2373B14F26D}.Homolog|Any CPU.ActiveCfg = Homolog|Any CPU
		{8C752AFA-061F-4276-8D70-E2373B14F26D}.Homolog|Any CPU.Build.0 = Homolog|Any CPU
		{8C752AFA-061F-4276-8D70-E2373B14F26D}.Production|Any CPU.ActiveCfg = Debug|Any CPU
		{8C752AFA-061F-4276-8D70-E2373B14F26D}.Production|Any CPU.Build.0 = Debug|Any CPU
		{8C752AFA-061F-4276-8D70-E2373B14F26D}.Release|Any CPU.ActiveCfg = Release|Any CPU
		{8C752AFA-061F-4276-8D70-E2373B14F26D}.Release|Any CPU.Build.0 = Release|Any CPU
		{753B71F4-1A6B-4301-90FC-93A54718FF5E}.Debug|Any CPU.ActiveCfg = Debug|Any CPU
		{753B71F4-1A6B-4301-90FC-93A54718FF5E}.Debug|Any CPU.Build.0 = Debug|Any CPU
		{753B71F4-1A6B-4301-90FC-93A54718FF5E}.Homolog|Any CPU.ActiveCfg = Debug|Any CPU
		{753B71F4-1A6B-4301-90FC-93A54718FF5E}.Homolog|Any CPU.Build.0 = Debug|Any CPU
		{753B71F4-1A6B-4301-90FC-93A54718FF5E}.Production|Any CPU.ActiveCfg = Debug|Any CPU
		{753B71F4-1A6B-4301-90FC-93A54718FF5E}.Production|Any CPU.Build.0 = Debug|Any CPU
		{753B71F4-1A6B-4301-90FC-93A54718FF5E}.Release|Any CPU.ActiveCfg = Release|Any CPU
		{753B71F4-1A6B-4301-90FC-93A54718FF5E}.Release|Any CPU.Build.0 = Release|Any CPU
		{ED265C71-6454-4BDB-9293-D47767748FCE}.Debug|Any CPU.ActiveCfg = Debug|Any CPU
		{ED265C71-6454-4BDB-9293-D47767748FCE}.Debug|Any CPU.Build.0 = Debug|Any CPU
		{ED265C71-6454-4BDB-9293-D47767748FCE}.Homolog|Any CPU.ActiveCfg = Debug|Any CPU
		{ED265C71-6454-4BDB-9293-D47767748FCE}.Homolog|Any CPU.Build.0 = Debug|Any CPU
		{ED265C71-6454-4BDB-9293-D47767748FCE}.Production|Any CPU.ActiveCfg = Debug|Any CPU
		{ED265C71-6454-4BDB-9293-D47767748FCE}.Production|Any CPU.Build.0 = Debug|Any CPU
		{ED265C71-6454-4BDB-9293-D47767748FCE}.Release|Any CPU.ActiveCfg = Release|Any CPU
		{ED265C71-6454-4BDB-9293-D47767748FCE}.Release|Any CPU.Build.0 = Release|Any CPU
		{CCC141A8-0D86-4D4A-8B7C-A3194E5482B3}.Debug|Any CPU.ActiveCfg = Debug|Any CPU
		{CCC141A8-0D86-4D4A-8B7C-A3194E5482B3}.Debug|Any CPU.Build.0 = Debug|Any CPU
		{CCC141A8-0D86-4D4A-8B7C-A3194E5482B3}.Homolog|Any CPU.ActiveCfg = Debug|Any CPU
		{CCC141A8-0D86-4D4A-8B7C-A3194E5482B3}.Homolog|Any CPU.Build.0 = Debug|Any CPU
		{CCC141A8-0D86-4D4A-8B7C-A3194E5482B3}.Production|Any CPU.ActiveCfg = Debug|Any CPU
		{CCC141A8-0D86-4D4A-8B7C-A3194E5482B3}.Production|Any CPU.Build.0 = Debug|Any CPU
		{CCC141A8-0D86-4D4A-8B7C-A3194E5482B3}.Release|Any CPU.ActiveCfg = Release|Any CPU
		{CCC141A8-0D86-4D4A-8B7C-A3194E5482B3}.Release|Any CPU.Build.0 = Release|Any CPU
		{E0CEC6FD-F0E4-49EA-A78F-A1CC0E53768E}.Debug|Any CPU.ActiveCfg = Debug|Any CPU
		{E0CEC6FD-F0E4-49EA-A78F-A1CC0E53768E}.Debug|Any CPU.Build.0 = Debug|Any CPU
		{E0CEC6FD-F0E4-49EA-A78F-A1CC0E53768E}.Homolog|Any CPU.ActiveCfg = Homolog|Any CPU
		{E0CEC6FD-F0E4-49EA-A78F-A1CC0E53768E}.Homolog|Any CPU.Build.0 = Homolog|Any CPU
		{E0CEC6FD-F0E4-49EA-A78F-A1CC0E53768E}.Production|Any CPU.ActiveCfg = Debug|Any CPU
		{E0CEC6FD-F0E4-49EA-A78F-A1CC0E53768E}.Production|Any CPU.Build.0 = Debug|Any CPU
		{E0CEC6FD-F0E4-49EA-A78F-A1CC0E53768E}.Release|Any CPU.ActiveCfg = Release|Any CPU
		{E0CEC6FD-F0E4-49EA-A78F-A1CC0E53768E}.Release|Any CPU.Build.0 = Release|Any CPU
		{A6837503-E276-4517-A3B5-0B70D8C84B4B}.Debug|Any CPU.ActiveCfg = Debug|Any CPU
		{A6837503-E276-4517-A3B5-0B70D8C84B4B}.Debug|Any CPU.Build.0 = Debug|Any CPU
		{A6837503-E276-4517-A3B5-0B70D8C84B4B}.Homolog|Any CPU.ActiveCfg = Debug|Any CPU
		{A6837503-E276-4517-A3B5-0B70D8C84B4B}.Homolog|Any CPU.Build.0 = Debug|Any CPU
		{A6837503-E276-4517-A3B5-0B70D8C84B4B}.Production|Any CPU.ActiveCfg = Debug|Any CPU
		{A6837503-E276-4517-A3B5-0B70D8C84B4B}.Production|Any CPU.Build.0 = Debug|Any CPU
		{A6837503-E276-4517-A3B5-0B70D8C84B4B}.Release|Any CPU.ActiveCfg = Release|Any CPU
		{A6837503-E276-4517-A3B5-0B70D8C84B4B}.Release|Any CPU.Build.0 = Release|Any CPU
		{4DBB7E98-38B0-4D8D-A7CC-F39695B279B3}.Debug|Any CPU.ActiveCfg = Debug|Any CPU
		{4DBB7E98-38B0-4D8D-A7CC-F39695B279B3}.Debug|Any CPU.Build.0 = Debug|Any CPU
		{4DBB7E98-38B0-4D8D-A7CC-F39695B279B3}.Homolog|Any CPU.ActiveCfg = Debug|Any CPU
		{4DBB7E98-38B0-4D8D-A7CC-F39695B279B3}.Homolog|Any CPU.Build.0 = Debug|Any CPU
		{4DBB7E98-38B0-4D8D-A7CC-F39695B279B3}.Production|Any CPU.ActiveCfg = Debug|Any CPU
		{4DBB7E98-38B0-4D8D-A7CC-F39695B279B3}.Production|Any CPU.Build.0 = Debug|Any CPU
		{4DBB7E98-38B0-4D8D-A7CC-F39695B279B3}.Release|Any CPU.ActiveCfg = Release|Any CPU
		{4DBB7E98-38B0-4D8D-A7CC-F39695B279B3}.Release|Any CPU.Build.0 = Release|Any CPU
		{362A0CAC-78DB-4280-A363-B99FCA1DC432}.Debug|Any CPU.ActiveCfg = Debug|Any CPU
		{362A0CAC-78DB-4280-A363-B99FCA1DC432}.Debug|Any CPU.Build.0 = Debug|Any CPU
		{362A0CAC-78DB-4280-A363-B99FCA1DC432}.Homolog|Any CPU.ActiveCfg = Debug|Any CPU
		{362A0CAC-78DB-4280-A363-B99FCA1DC432}.Homolog|Any CPU.Build.0 = Debug|Any CPU
		{362A0CAC-78DB-4280-A363-B99FCA1DC432}.Production|Any CPU.ActiveCfg = Debug|Any CPU
		{362A0CAC-78DB-4280-A363-B99FCA1DC432}.Production|Any CPU.Build.0 = Debug|Any CPU
		{362A0CAC-78DB-4280-A363-B99FCA1DC432}.Release|Any CPU.ActiveCfg = Release|Any CPU
		{362A0CAC-78DB-4280-A363-B99FCA1DC432}.Release|Any CPU.Build.0 = Release|Any CPU
		{0686AB8E-CA95-4308-8838-9E239BB22770}.Debug|Any CPU.ActiveCfg = Debug|Any CPU
		{0686AB8E-CA95-4308-8838-9E239BB22770}.Debug|Any CPU.Build.0 = Debug|Any CPU
		{0686AB8E-CA95-4308-8838-9E239BB22770}.Homolog|Any CPU.ActiveCfg = Debug|Any CPU
		{0686AB8E-CA95-4308-8838-9E239BB22770}.Homolog|Any CPU.Build.0 = Debug|Any CPU
		{0686AB8E-CA95-4308-8838-9E239BB22770}.Production|Any CPU.ActiveCfg = Debug|Any CPU
		{0686AB8E-CA95-4308-8838-9E239BB22770}.Production|Any CPU.Build.0 = Debug|Any CPU
		{0686AB8E-CA95-4308-8838-9E239BB22770}.Release|Any CPU.ActiveCfg = Release|Any CPU
		{0686AB8E-CA95-4308-8838-9E239BB22770}.Release|Any CPU.Build.0 = Release|Any CPU
		{5BAE037B-3F68-4428-9C7F-B7D4A1CC87B7}.Debug|Any CPU.ActiveCfg = Debug|Any CPU
		{5BAE037B-3F68-4428-9C7F-B7D4A1CC87B7}.Debug|Any CPU.Build.0 = Debug|Any CPU
		{5BAE037B-3F68-4428-9C7F-B7D4A1CC87B7}.Homolog|Any CPU.ActiveCfg = Debug|Any CPU
		{5BAE037B-3F68-4428-9C7F-B7D4A1CC87B7}.Homolog|Any CPU.Build.0 = Debug|Any CPU
		{5BAE037B-3F68-4428-9C7F-B7D4A1CC87B7}.Production|Any CPU.ActiveCfg = Debug|Any CPU
		{5BAE037B-3F68-4428-9C7F-B7D4A1CC87B7}.Production|Any CPU.Build.0 = Debug|Any CPU
		{5BAE037B-3F68-4428-9C7F-B7D4A1CC87B7}.Release|Any CPU.ActiveCfg = Release|Any CPU
		{5BAE037B-3F68-4428-9C7F-B7D4A1CC87B7}.Release|Any CPU.Build.0 = Release|Any CPU
		{6003DB0B-1DE5-4A58-B67E-CFE988346A78}.Debug|Any CPU.ActiveCfg = Debug|Any CPU
		{6003DB0B-1DE5-4A58-B67E-CFE988346A78}.Debug|Any CPU.Build.0 = Debug|Any CPU
		{6003DB0B-1DE5-4A58-B67E-CFE988346A78}.Homolog|Any CPU.ActiveCfg = Debug|Any CPU
		{6003DB0B-1DE5-4A58-B67E-CFE988346A78}.Homolog|Any CPU.Build.0 = Debug|Any CPU
		{6003DB0B-1DE5-4A58-B67E-CFE988346A78}.Production|Any CPU.ActiveCfg = Debug|Any CPU
		{6003DB0B-1DE5-4A58-B67E-CFE988346A78}.Production|Any CPU.Build.0 = Debug|Any CPU
		{6003DB0B-1DE5-4A58-B67E-CFE988346A78}.Release|Any CPU.ActiveCfg = Release|Any CPU
		{6003DB0B-1DE5-4A58-B67E-CFE988346A78}.Release|Any CPU.Build.0 = Release|Any CPU
		{2F9FC30D-4DA4-4ADC-861A-B4A47B3083B7}.Debug|Any CPU.ActiveCfg = Debug|Any CPU
		{2F9FC30D-4DA4-4ADC-861A-B4A47B3083B7}.Debug|Any CPU.Build.0 = Debug|Any CPU
		{2F9FC30D-4DA4-4ADC-861A-B4A47B3083B7}.Homolog|Any CPU.ActiveCfg = Debug|Any CPU
		{2F9FC30D-4DA4-4ADC-861A-B4A47B3083B7}.Homolog|Any CPU.Build.0 = Debug|Any CPU
		{2F9FC30D-4DA4-4ADC-861A-B4A47B3083B7}.Production|Any CPU.ActiveCfg = Debug|Any CPU
		{2F9FC30D-4DA4-4ADC-861A-B4A47B3083B7}.Production|Any CPU.Build.0 = Debug|Any CPU
		{2F9FC30D-4DA4-4ADC-861A-B4A47B3083B7}.Release|Any CPU.ActiveCfg = Release|Any CPU
		{2F9FC30D-4DA4-4ADC-861A-B4A47B3083B7}.Release|Any CPU.Build.0 = Release|Any CPU
		{90BA95E6-CD54-4929-9D3D-685FF14900FB}.Debug|Any CPU.ActiveCfg = Debug|Any CPU
		{90BA95E6-CD54-4929-9D3D-685FF14900FB}.Debug|Any CPU.Build.0 = Debug|Any CPU
		{90BA95E6-CD54-4929-9D3D-685FF14900FB}.Homolog|Any CPU.ActiveCfg = Debug|Any CPU
		{90BA95E6-CD54-4929-9D3D-685FF14900FB}.Homolog|Any CPU.Build.0 = Debug|Any CPU
		{90BA95E6-CD54-4929-9D3D-685FF14900FB}.Production|Any CPU.ActiveCfg = Debug|Any CPU
		{90BA95E6-CD54-4929-9D3D-685FF14900FB}.Production|Any CPU.Build.0 = Debug|Any CPU
		{90BA95E6-CD54-4929-9D3D-685FF14900FB}.Release|Any CPU.ActiveCfg = Release|Any CPU
		{90BA95E6-CD54-4929-9D3D-685FF14900FB}.Release|Any CPU.Build.0 = Release|Any CPU
		{4AB75692-FEC5-4070-A3BA-12E233198672}.Debug|Any CPU.ActiveCfg = Debug|Any CPU
		{4AB75692-FEC5-4070-A3BA-12E233198672}.Debug|Any CPU.Build.0 = Debug|Any CPU
		{4AB75692-FEC5-4070-A3BA-12E233198672}.Homolog|Any CPU.ActiveCfg = Debug|Any CPU
		{4AB75692-FEC5-4070-A3BA-12E233198672}.Homolog|Any CPU.Build.0 = Debug|Any CPU
		{4AB75692-FEC5-4070-A3BA-12E233198672}.Production|Any CPU.ActiveCfg = Debug|Any CPU
		{4AB75692-FEC5-4070-A3BA-12E233198672}.Production|Any CPU.Build.0 = Debug|Any CPU
		{4AB75692-FEC5-4070-A3BA-12E233198672}.Release|Any CPU.ActiveCfg = Release|Any CPU
		{4AB75692-FEC5-4070-A3BA-12E233198672}.Release|Any CPU.Build.0 = Release|Any CPU
		{5734E227-D6FF-4955-8D7A-986B2C32D4B5}.Debug|Any CPU.ActiveCfg = Debug|Any CPU
		{5734E227-D6FF-4955-8D7A-986B2C32D4B5}.Debug|Any CPU.Build.0 = Debug|Any CPU
		{5734E227-D6FF-4955-8D7A-986B2C32D4B5}.Homolog|Any CPU.ActiveCfg = Debug|Any CPU
		{5734E227-D6FF-4955-8D7A-986B2C32D4B5}.Homolog|Any CPU.Build.0 = Debug|Any CPU
		{5734E227-D6FF-4955-8D7A-986B2C32D4B5}.Production|Any CPU.ActiveCfg = Debug|Any CPU
		{5734E227-D6FF-4955-8D7A-986B2C32D4B5}.Production|Any CPU.Build.0 = Debug|Any CPU
		{5734E227-D6FF-4955-8D7A-986B2C32D4B5}.Release|Any CPU.ActiveCfg = Release|Any CPU
		{5734E227-D6FF-4955-8D7A-986B2C32D4B5}.Release|Any CPU.Build.0 = Release|Any CPU
		{2FF7D622-ED17-4290-A413-C3B1C4903289}.Debug|Any CPU.ActiveCfg = Debug|Any CPU
		{2FF7D622-ED17-4290-A413-C3B1C4903289}.Debug|Any CPU.Build.0 = Debug|Any CPU
		{2FF7D622-ED17-4290-A413-C3B1C4903289}.Homolog|Any CPU.ActiveCfg = Debug|Any CPU
		{2FF7D622-ED17-4290-A413-C3B1C4903289}.Homolog|Any CPU.Build.0 = Debug|Any CPU
		{2FF7D622-ED17-4290-A413-C3B1C4903289}.Production|Any CPU.ActiveCfg = Debug|Any CPU
		{2FF7D622-ED17-4290-A413-C3B1C4903289}.Production|Any CPU.Build.0 = Debug|Any CPU
		{2FF7D622-ED17-4290-A413-C3B1C4903289}.Release|Any CPU.ActiveCfg = Release|Any CPU
		{2FF7D622-ED17-4290-A413-C3B1C4903289}.Release|Any CPU.Build.0 = Release|Any CPU
		{D2D2D786-36B3-4B46-86C2-16CEDE7AD5DA}.Debug|Any CPU.ActiveCfg = Debug|Any CPU
		{D2D2D786-36B3-4B46-86C2-16CEDE7AD5DA}.Debug|Any CPU.Build.0 = Debug|Any CPU
		{D2D2D786-36B3-4B46-86C2-16CEDE7AD5DA}.Homolog|Any CPU.ActiveCfg = Debug|Any CPU
		{D2D2D786-36B3-4B46-86C2-16CEDE7AD5DA}.Homolog|Any CPU.Build.0 = Debug|Any CPU
		{D2D2D786-36B3-4B46-86C2-16CEDE7AD5DA}.Production|Any CPU.ActiveCfg = Debug|Any CPU
		{D2D2D786-36B3-4B46-86C2-16CEDE7AD5DA}.Production|Any CPU.Build.0 = Debug|Any CPU
		{D2D2D786-36B3-4B46-86C2-16CEDE7AD5DA}.Release|Any CPU.ActiveCfg = Release|Any CPU
		{D2D2D786-36B3-4B46-86C2-16CEDE7AD5DA}.Release|Any CPU.Build.0 = Release|Any CPU
		{A07E3AE4-D0A3-44DD-9F0C-9E90FC150F20}.Debug|Any CPU.ActiveCfg = Debug|Any CPU
		{A07E3AE4-D0A3-44DD-9F0C-9E90FC150F20}.Debug|Any CPU.Build.0 = Debug|Any CPU
		{A07E3AE4-D0A3-44DD-9F0C-9E90FC150F20}.Homolog|Any CPU.ActiveCfg = Debug|Any CPU
		{A07E3AE4-D0A3-44DD-9F0C-9E90FC150F20}.Homolog|Any CPU.Build.0 = Debug|Any CPU
		{A07E3AE4-D0A3-44DD-9F0C-9E90FC150F20}.Production|Any CPU.ActiveCfg = Debug|Any CPU
		{A07E3AE4-D0A3-44DD-9F0C-9E90FC150F20}.Production|Any CPU.Build.0 = Debug|Any CPU
		{A07E3AE4-D0A3-44DD-9F0C-9E90FC150F20}.Release|Any CPU.ActiveCfg = Release|Any CPU
		{A07E3AE4-D0A3-44DD-9F0C-9E90FC150F20}.Release|Any CPU.Build.0 = Release|Any CPU
		{97E7F1A4-25E1-46B1-965D-5DEAEF33AF16}.Debug|Any CPU.ActiveCfg = Debug|Any CPU
		{97E7F1A4-25E1-46B1-965D-5DEAEF33AF16}.Debug|Any CPU.Build.0 = Debug|Any CPU
		{97E7F1A4-25E1-46B1-965D-5DEAEF33AF16}.Homolog|Any CPU.ActiveCfg = Debug|Any CPU
		{97E7F1A4-25E1-46B1-965D-5DEAEF33AF16}.Homolog|Any CPU.Build.0 = Debug|Any CPU
		{97E7F1A4-25E1-46B1-965D-5DEAEF33AF16}.Production|Any CPU.ActiveCfg = Debug|Any CPU
		{97E7F1A4-25E1-46B1-965D-5DEAEF33AF16}.Production|Any CPU.Build.0 = Debug|Any CPU
		{97E7F1A4-25E1-46B1-965D-5DEAEF33AF16}.Release|Any CPU.ActiveCfg = Release|Any CPU
		{97E7F1A4-25E1-46B1-965D-5DEAEF33AF16}.Release|Any CPU.Build.0 = Release|Any CPU
		{42E46D83-A5ED-476E-A3C1-7DCF15BF7245}.Debug|Any CPU.ActiveCfg = Debug|Any CPU
		{42E46D83-A5ED-476E-A3C1-7DCF15BF7245}.Debug|Any CPU.Build.0 = Debug|Any CPU
		{42E46D83-A5ED-476E-A3C1-7DCF15BF7245}.Homolog|Any CPU.ActiveCfg = Debug|Any CPU
		{42E46D83-A5ED-476E-A3C1-7DCF15BF7245}.Homolog|Any CPU.Build.0 = Debug|Any CPU
		{42E46D83-A5ED-476E-A3C1-7DCF15BF7245}.Production|Any CPU.ActiveCfg = Debug|Any CPU
		{42E46D83-A5ED-476E-A3C1-7DCF15BF7245}.Production|Any CPU.Build.0 = Debug|Any CPU
		{42E46D83-A5ED-476E-A3C1-7DCF15BF7245}.Release|Any CPU.ActiveCfg = Release|Any CPU
		{42E46D83-A5ED-476E-A3C1-7DCF15BF7245}.Release|Any CPU.Build.0 = Release|Any CPU
		{FBEE956A-67CA-4127-AEE0-D2DD5CF6924E}.Debug|Any CPU.ActiveCfg = Debug|Any CPU
		{FBEE956A-67CA-4127-AEE0-D2DD5CF6924E}.Debug|Any CPU.Build.0 = Debug|Any CPU
		{FBEE956A-67CA-4127-AEE0-D2DD5CF6924E}.Homolog|Any CPU.ActiveCfg = Debug|Any CPU
		{FBEE956A-67CA-4127-AEE0-D2DD5CF6924E}.Homolog|Any CPU.Build.0 = Debug|Any CPU
		{FBEE956A-67CA-4127-AEE0-D2DD5CF6924E}.Production|Any CPU.ActiveCfg = Debug|Any CPU
		{FBEE956A-67CA-4127-AEE0-D2DD5CF6924E}.Production|Any CPU.Build.0 = Debug|Any CPU
		{FBEE956A-67CA-4127-AEE0-D2DD5CF6924E}.Release|Any CPU.ActiveCfg = Release|Any CPU
		{FBEE956A-67CA-4127-AEE0-D2DD5CF6924E}.Release|Any CPU.Build.0 = Release|Any CPU
		{7DE7283C-DC8C-4138-8893-8346D748B7C3}.Debug|Any CPU.ActiveCfg = Debug|Any CPU
		{7DE7283C-DC8C-4138-8893-8346D748B7C3}.Debug|Any CPU.Build.0 = Debug|Any CPU
		{7DE7283C-DC8C-4138-8893-8346D748B7C3}.Homolog|Any CPU.ActiveCfg = Debug|Any CPU
		{7DE7283C-DC8C-4138-8893-8346D748B7C3}.Homolog|Any CPU.Build.0 = Debug|Any CPU
		{7DE7283C-DC8C-4138-8893-8346D748B7C3}.Production|Any CPU.ActiveCfg = Debug|Any CPU
		{7DE7283C-DC8C-4138-8893-8346D748B7C3}.Production|Any CPU.Build.0 = Debug|Any CPU
		{7DE7283C-DC8C-4138-8893-8346D748B7C3}.Release|Any CPU.ActiveCfg = Release|Any CPU
		{7DE7283C-DC8C-4138-8893-8346D748B7C3}.Release|Any CPU.Build.0 = Release|Any CPU
		{3B989A93-F76C-4B98-BC8F-7B858004E473}.Debug|Any CPU.ActiveCfg = Debug|Any CPU
		{3B989A93-F76C-4B98-BC8F-7B858004E473}.Debug|Any CPU.Build.0 = Debug|Any CPU
		{3B989A93-F76C-4B98-BC8F-7B858004E473}.Homolog|Any CPU.ActiveCfg = Debug|Any CPU
		{3B989A93-F76C-4B98-BC8F-7B858004E473}.Homolog|Any CPU.Build.0 = Debug|Any CPU
		{3B989A93-F76C-4B98-BC8F-7B858004E473}.Production|Any CPU.ActiveCfg = Debug|Any CPU
		{3B989A93-F76C-4B98-BC8F-7B858004E473}.Production|Any CPU.Build.0 = Debug|Any CPU
		{3B989A93-F76C-4B98-BC8F-7B858004E473}.Release|Any CPU.ActiveCfg = Release|Any CPU
		{3B989A93-F76C-4B98-BC8F-7B858004E473}.Release|Any CPU.Build.0 = Release|Any CPU
		{8C89F2BD-16E0-4767-9045-048FFB50D8FC}.Debug|Any CPU.ActiveCfg = Debug|Any CPU
		{8C89F2BD-16E0-4767-9045-048FFB50D8FC}.Debug|Any CPU.Build.0 = Debug|Any CPU
		{8C89F2BD-16E0-4767-9045-048FFB50D8FC}.Homolog|Any CPU.ActiveCfg = Debug|Any CPU
		{8C89F2BD-16E0-4767-9045-048FFB50D8FC}.Homolog|Any CPU.Build.0 = Debug|Any CPU
		{8C89F2BD-16E0-4767-9045-048FFB50D8FC}.Production|Any CPU.ActiveCfg = Debug|Any CPU
		{8C89F2BD-16E0-4767-9045-048FFB50D8FC}.Production|Any CPU.Build.0 = Debug|Any CPU
		{8C89F2BD-16E0-4767-9045-048FFB50D8FC}.Release|Any CPU.ActiveCfg = Release|Any CPU
		{8C89F2BD-16E0-4767-9045-048FFB50D8FC}.Release|Any CPU.Build.0 = Release|Any CPU
		{664A7B07-A05D-4013-BC69-CA4870DF9BEE}.Debug|Any CPU.ActiveCfg = Debug|Any CPU
		{664A7B07-A05D-4013-BC69-CA4870DF9BEE}.Debug|Any CPU.Build.0 = Debug|Any CPU
		{664A7B07-A05D-4013-BC69-CA4870DF9BEE}.Homolog|Any CPU.ActiveCfg = Debug|Any CPU
		{664A7B07-A05D-4013-BC69-CA4870DF9BEE}.Homolog|Any CPU.Build.0 = Debug|Any CPU
		{664A7B07-A05D-4013-BC69-CA4870DF9BEE}.Production|Any CPU.ActiveCfg = Debug|Any CPU
		{664A7B07-A05D-4013-BC69-CA4870DF9BEE}.Production|Any CPU.Build.0 = Debug|Any CPU
		{664A7B07-A05D-4013-BC69-CA4870DF9BEE}.Release|Any CPU.ActiveCfg = Release|Any CPU
		{664A7B07-A05D-4013-BC69-CA4870DF9BEE}.Release|Any CPU.Build.0 = Release|Any CPU
		{895513D6-E77B-4173-9F97-60D984DC62DF}.Debug|Any CPU.ActiveCfg = Debug|Any CPU
		{895513D6-E77B-4173-9F97-60D984DC62DF}.Debug|Any CPU.Build.0 = Debug|Any CPU
		{895513D6-E77B-4173-9F97-60D984DC62DF}.Homolog|Any CPU.ActiveCfg = Debug|Any CPU
		{895513D6-E77B-4173-9F97-60D984DC62DF}.Homolog|Any CPU.Build.0 = Debug|Any CPU
		{895513D6-E77B-4173-9F97-60D984DC62DF}.Production|Any CPU.ActiveCfg = Debug|Any CPU
		{895513D6-E77B-4173-9F97-60D984DC62DF}.Production|Any CPU.Build.0 = Debug|Any CPU
		{895513D6-E77B-4173-9F97-60D984DC62DF}.Release|Any CPU.ActiveCfg = Release|Any CPU
		{895513D6-E77B-4173-9F97-60D984DC62DF}.Release|Any CPU.Build.0 = Release|Any CPU
		{E45E5296-7C30-4CD3-B354-0512F2CEB672}.Debug|Any CPU.ActiveCfg = Debug|Any CPU
		{E45E5296-7C30-4CD3-B354-0512F2CEB672}.Debug|Any CPU.Build.0 = Debug|Any CPU
		{E45E5296-7C30-4CD3-B354-0512F2CEB672}.Homolog|Any CPU.ActiveCfg = Debug|Any CPU
		{E45E5296-7C30-4CD3-B354-0512F2CEB672}.Homolog|Any CPU.Build.0 = Debug|Any CPU
		{E45E5296-7C30-4CD3-B354-0512F2CEB672}.Production|Any CPU.ActiveCfg = Debug|Any CPU
		{E45E5296-7C30-4CD3-B354-0512F2CEB672}.Production|Any CPU.Build.0 = Debug|Any CPU
		{E45E5296-7C30-4CD3-B354-0512F2CEB672}.Release|Any CPU.ActiveCfg = Release|Any CPU
		{E45E5296-7C30-4CD3-B354-0512F2CEB672}.Release|Any CPU.Build.0 = Release|Any CPU
		{5925DE87-312C-47E0-8B3D-216F12F3015D}.Debug|Any CPU.ActiveCfg = Debug|Any CPU
		{5925DE87-312C-47E0-8B3D-216F12F3015D}.Debug|Any CPU.Build.0 = Debug|Any CPU
		{5925DE87-312C-47E0-8B3D-216F12F3015D}.Homolog|Any CPU.ActiveCfg = Debug|Any CPU
		{5925DE87-312C-47E0-8B3D-216F12F3015D}.Homolog|Any CPU.Build.0 = Debug|Any CPU
		{5925DE87-312C-47E0-8B3D-216F12F3015D}.Production|Any CPU.ActiveCfg = Debug|Any CPU
		{5925DE87-312C-47E0-8B3D-216F12F3015D}.Production|Any CPU.Build.0 = Debug|Any CPU
		{5925DE87-312C-47E0-8B3D-216F12F3015D}.Release|Any CPU.ActiveCfg = Release|Any CPU
		{5925DE87-312C-47E0-8B3D-216F12F3015D}.Release|Any CPU.Build.0 = Release|Any CPU
		{344A0C91-B8AE-423C-B80F-2C7F61A49FEA}.Debug|Any CPU.ActiveCfg = Debug|Any CPU
		{344A0C91-B8AE-423C-B80F-2C7F61A49FEA}.Debug|Any CPU.Build.0 = Debug|Any CPU
		{344A0C91-B8AE-423C-B80F-2C7F61A49FEA}.Homolog|Any CPU.ActiveCfg = Debug|Any CPU
		{344A0C91-B8AE-423C-B80F-2C7F61A49FEA}.Homolog|Any CPU.Build.0 = Debug|Any CPU
		{344A0C91-B8AE-423C-B80F-2C7F61A49FEA}.Production|Any CPU.ActiveCfg = Debug|Any CPU
		{344A0C91-B8AE-423C-B80F-2C7F61A49FEA}.Production|Any CPU.Build.0 = Debug|Any CPU
		{344A0C91-B8AE-423C-B80F-2C7F61A49FEA}.Release|Any CPU.ActiveCfg = Release|Any CPU
		{344A0C91-B8AE-423C-B80F-2C7F61A49FEA}.Release|Any CPU.Build.0 = Release|Any CPU
		{E1D626BC-ED4B-4C3D-ABD4-47D809ED262E}.Debug|Any CPU.ActiveCfg = Debug|Any CPU
		{E1D626BC-ED4B-4C3D-ABD4-47D809ED262E}.Debug|Any CPU.Build.0 = Debug|Any CPU
		{E1D626BC-ED4B-4C3D-ABD4-47D809ED262E}.Homolog|Any CPU.ActiveCfg = Debug|Any CPU
		{E1D626BC-ED4B-4C3D-ABD4-47D809ED262E}.Homolog|Any CPU.Build.0 = Debug|Any CPU
		{E1D626BC-ED4B-4C3D-ABD4-47D809ED262E}.Production|Any CPU.ActiveCfg = Debug|Any CPU
		{E1D626BC-ED4B-4C3D-ABD4-47D809ED262E}.Production|Any CPU.Build.0 = Debug|Any CPU
		{E1D626BC-ED4B-4C3D-ABD4-47D809ED262E}.Release|Any CPU.ActiveCfg = Release|Any CPU
		{E1D626BC-ED4B-4C3D-ABD4-47D809ED262E}.Release|Any CPU.Build.0 = Release|Any CPU
		{E2830EC8-4873-4508-9BCC-88E1C06C5219}.Debug|Any CPU.ActiveCfg = Debug|Any CPU
		{E2830EC8-4873-4508-9BCC-88E1C06C5219}.Debug|Any CPU.Build.0 = Debug|Any CPU
		{E2830EC8-4873-4508-9BCC-88E1C06C5219}.Homolog|Any CPU.ActiveCfg = Debug|Any CPU
		{E2830EC8-4873-4508-9BCC-88E1C06C5219}.Homolog|Any CPU.Build.0 = Debug|Any CPU
		{E2830EC8-4873-4508-9BCC-88E1C06C5219}.Production|Any CPU.ActiveCfg = Debug|Any CPU
		{E2830EC8-4873-4508-9BCC-88E1C06C5219}.Production|Any CPU.Build.0 = Debug|Any CPU
		{E2830EC8-4873-4508-9BCC-88E1C06C5219}.Release|Any CPU.ActiveCfg = Release|Any CPU
		{E2830EC8-4873-4508-9BCC-88E1C06C5219}.Release|Any CPU.Build.0 = Release|Any CPU
		{C3C0BA7E-15CF-4C57-B8AB-16061A7FEF08}.Debug|Any CPU.ActiveCfg = Debug|Any CPU
		{C3C0BA7E-15CF-4C57-B8AB-16061A7FEF08}.Debug|Any CPU.Build.0 = Debug|Any CPU
		{C3C0BA7E-15CF-4C57-B8AB-16061A7FEF08}.Homolog|Any CPU.ActiveCfg = Debug|Any CPU
		{C3C0BA7E-15CF-4C57-B8AB-16061A7FEF08}.Homolog|Any CPU.Build.0 = Debug|Any CPU
		{C3C0BA7E-15CF-4C57-B8AB-16061A7FEF08}.Production|Any CPU.ActiveCfg = Debug|Any CPU
		{C3C0BA7E-15CF-4C57-B8AB-16061A7FEF08}.Production|Any CPU.Build.0 = Debug|Any CPU
		{C3C0BA7E-15CF-4C57-B8AB-16061A7FEF08}.Release|Any CPU.ActiveCfg = Release|Any CPU
		{C3C0BA7E-15CF-4C57-B8AB-16061A7FEF08}.Release|Any CPU.Build.0 = Release|Any CPU
		{8CA853F9-FB65-45E9-B0CA-B24ED1156076}.Debug|Any CPU.ActiveCfg = Debug|Any CPU
		{8CA853F9-FB65-45E9-B0CA-B24ED1156076}.Debug|Any CPU.Build.0 = Debug|Any CPU
		{8CA853F9-FB65-45E9-B0CA-B24ED1156076}.Homolog|Any CPU.ActiveCfg = Debug|Any CPU
		{8CA853F9-FB65-45E9-B0CA-B24ED1156076}.Homolog|Any CPU.Build.0 = Debug|Any CPU
		{8CA853F9-FB65-45E9-B0CA-B24ED1156076}.Production|Any CPU.ActiveCfg = Debug|Any CPU
		{8CA853F9-FB65-45E9-B0CA-B24ED1156076}.Production|Any CPU.Build.0 = Debug|Any CPU
		{8CA853F9-FB65-45E9-B0CA-B24ED1156076}.Release|Any CPU.ActiveCfg = Release|Any CPU
		{8CA853F9-FB65-45E9-B0CA-B24ED1156076}.Release|Any CPU.Build.0 = Release|Any CPU
		{A158DCD0-8E50-4DA6-8633-7DCBEE55ED45}.Debug|Any CPU.ActiveCfg = Debug|Any CPU
		{A158DCD0-8E50-4DA6-8633-7DCBEE55ED45}.Debug|Any CPU.Build.0 = Debug|Any CPU
		{A158DCD0-8E50-4DA6-8633-7DCBEE55ED45}.Homolog|Any CPU.ActiveCfg = Debug|Any CPU
		{A158DCD0-8E50-4DA6-8633-7DCBEE55ED45}.Homolog|Any CPU.Build.0 = Debug|Any CPU
		{A158DCD0-8E50-4DA6-8633-7DCBEE55ED45}.Production|Any CPU.ActiveCfg = Debug|Any CPU
		{A158DCD0-8E50-4DA6-8633-7DCBEE55ED45}.Production|Any CPU.Build.0 = Debug|Any CPU
		{A158DCD0-8E50-4DA6-8633-7DCBEE55ED45}.Release|Any CPU.ActiveCfg = Release|Any CPU
		{A158DCD0-8E50-4DA6-8633-7DCBEE55ED45}.Release|Any CPU.Build.0 = Release|Any CPU
		{03B03E5B-C8D4-49B5-9F48-0CD338FEE49F}.Debug|Any CPU.ActiveCfg = Debug|Any CPU
		{03B03E5B-C8D4-49B5-9F48-0CD338FEE49F}.Debug|Any CPU.Build.0 = Debug|Any CPU
		{03B03E5B-C8D4-49B5-9F48-0CD338FEE49F}.Homolog|Any CPU.ActiveCfg = Debug|Any CPU
		{03B03E5B-C8D4-49B5-9F48-0CD338FEE49F}.Homolog|Any CPU.Build.0 = Debug|Any CPU
		{03B03E5B-C8D4-49B5-9F48-0CD338FEE49F}.Production|Any CPU.ActiveCfg = Debug|Any CPU
		{03B03E5B-C8D4-49B5-9F48-0CD338FEE49F}.Production|Any CPU.Build.0 = Debug|Any CPU
		{03B03E5B-C8D4-49B5-9F48-0CD338FEE49F}.Release|Any CPU.ActiveCfg = Release|Any CPU
		{03B03E5B-C8D4-49B5-9F48-0CD338FEE49F}.Release|Any CPU.Build.0 = Release|Any CPU
		{5D628E18-6AE0-4B3C-BF46-E8A679589690}.Debug|Any CPU.ActiveCfg = Debug|Any CPU
		{5D628E18-6AE0-4B3C-BF46-E8A679589690}.Debug|Any CPU.Build.0 = Debug|Any CPU
		{5D628E18-6AE0-4B3C-BF46-E8A679589690}.Homolog|Any CPU.ActiveCfg = Debug|Any CPU
		{5D628E18-6AE0-4B3C-BF46-E8A679589690}.Homolog|Any CPU.Build.0 = Debug|Any CPU
		{5D628E18-6AE0-4B3C-BF46-E8A679589690}.Production|Any CPU.ActiveCfg = Debug|Any CPU
		{5D628E18-6AE0-4B3C-BF46-E8A679589690}.Production|Any CPU.Build.0 = Debug|Any CPU
		{5D628E18-6AE0-4B3C-BF46-E8A679589690}.Release|Any CPU.ActiveCfg = Release|Any CPU
		{5D628E18-6AE0-4B3C-BF46-E8A679589690}.Release|Any CPU.Build.0 = Release|Any CPU
	EndGlobalSection
	GlobalSection(SolutionProperties) = preSolution
		HideSolutionNode = FALSE
	EndGlobalSection
	GlobalSection(NestedProjects) = preSolution
		{1972FF93-ED46-43B6-AE24-8E6EC51DF105} = {5880C46B-9774-45E6-89A7-1F51A9184E13}
		{63D1F7C7-129F-4853-99E1-304A4475A7F5} = {5880C46B-9774-45E6-89A7-1F51A9184E13}
		{D2855D02-8A4E-401B-8204-44F7749D25A0} = {5880C46B-9774-45E6-89A7-1F51A9184E13}
		{03250652-7AC1-4B27-AAE5-94B25BB51163} = {5880C46B-9774-45E6-89A7-1F51A9184E13}
		{F80B8CF4-3EC5-48CE-93D2-68BD7B4E265A} = {5880C46B-9774-45E6-89A7-1F51A9184E13}
		{ED7E4930-91AF-47A2-8FB8-A2CF3AEC0D39} = {F80B8CF4-3EC5-48CE-93D2-68BD7B4E265A}
		{E26DAE7B-0BF6-412C-B80C-231AE8A34824} = {F80B8CF4-3EC5-48CE-93D2-68BD7B4E265A}
		{D5E1A3B6-8B0C-4DCA-ADFA-ACC02BD94AC9} = {F80B8CF4-3EC5-48CE-93D2-68BD7B4E265A}
		{03016920-E25B-4CDD-822B-A6C02282371C} = {F80B8CF4-3EC5-48CE-93D2-68BD7B4E265A}
		{400BDBBB-CB2D-4E75-9035-9439C85158EF} = {03250652-7AC1-4B27-AAE5-94B25BB51163}
		{CB1B7E97-C438-4F3F-B975-41430641AF61} = {03250652-7AC1-4B27-AAE5-94B25BB51163}
		{E07C30AE-39D2-4BE2-8E15-45F112844832} = {03250652-7AC1-4B27-AAE5-94B25BB51163}
		{C6D67B9A-F749-4F3C-A446-E2DBE81AC711} = {03250652-7AC1-4B27-AAE5-94B25BB51163}
		{8C752AFA-061F-4276-8D70-E2373B14F26D} = {D2855D02-8A4E-401B-8204-44F7749D25A0}
		{753B71F4-1A6B-4301-90FC-93A54718FF5E} = {D2855D02-8A4E-401B-8204-44F7749D25A0}
		{ED265C71-6454-4BDB-9293-D47767748FCE} = {D2855D02-8A4E-401B-8204-44F7749D25A0}
		{CCC141A8-0D86-4D4A-8B7C-A3194E5482B3} = {D2855D02-8A4E-401B-8204-44F7749D25A0}
		{E0CEC6FD-F0E4-49EA-A78F-A1CC0E53768E} = {63D1F7C7-129F-4853-99E1-304A4475A7F5}
		{A6837503-E276-4517-A3B5-0B70D8C84B4B} = {63D1F7C7-129F-4853-99E1-304A4475A7F5}
		{4DBB7E98-38B0-4D8D-A7CC-F39695B279B3} = {63D1F7C7-129F-4853-99E1-304A4475A7F5}
		{362A0CAC-78DB-4280-A363-B99FCA1DC432} = {63D1F7C7-129F-4853-99E1-304A4475A7F5}
		{0686AB8E-CA95-4308-8838-9E239BB22770} = {1972FF93-ED46-43B6-AE24-8E6EC51DF105}
		{5BAE037B-3F68-4428-9C7F-B7D4A1CC87B7} = {1972FF93-ED46-43B6-AE24-8E6EC51DF105}
		{6003DB0B-1DE5-4A58-B67E-CFE988346A78} = {1972FF93-ED46-43B6-AE24-8E6EC51DF105}
		{2F9FC30D-4DA4-4ADC-861A-B4A47B3083B7} = {80E7C4B8-5A55-42D3-A762-8727B6995FDE}
		{90BA95E6-CD54-4929-9D3D-685FF14900FB} = {80E7C4B8-5A55-42D3-A762-8727B6995FDE}
		{4AB75692-FEC5-4070-A3BA-12E233198672} = {80E7C4B8-5A55-42D3-A762-8727B6995FDE}
		{5734E227-D6FF-4955-8D7A-986B2C32D4B5} = {D749CAFD-8471-4E87-A122-93ACFFB82501}
		{2FF7D622-ED17-4290-A413-C3B1C4903289} = {D749CAFD-8471-4E87-A122-93ACFFB82501}
		{D2D2D786-36B3-4B46-86C2-16CEDE7AD5DA} = {D749CAFD-8471-4E87-A122-93ACFFB82501}
		{A440EA4B-980F-4C3E-9985-CD50DEC4EADF} = {F7A3EC45-88C3-45AF-93EB-DDB3CED1C504}
		{0CE2A698-198E-4F09-8307-F376B9E9BE31} = {F7A3EC45-88C3-45AF-93EB-DDB3CED1C504}
		{0E8584D4-4153-4CE5-BFDF-894D5F02D5A2} = {F7A3EC45-88C3-45AF-93EB-DDB3CED1C504}
		{A07E3AE4-D0A3-44DD-9F0C-9E90FC150F20} = {A440EA4B-980F-4C3E-9985-CD50DEC4EADF}
		{97E7F1A4-25E1-46B1-965D-5DEAEF33AF16} = {A440EA4B-980F-4C3E-9985-CD50DEC4EADF}
		{42E46D83-A5ED-476E-A3C1-7DCF15BF7245} = {A440EA4B-980F-4C3E-9985-CD50DEC4EADF}
		{FBEE956A-67CA-4127-AEE0-D2DD5CF6924E} = {0CE2A698-198E-4F09-8307-F376B9E9BE31}
		{7DE7283C-DC8C-4138-8893-8346D748B7C3} = {0CE2A698-198E-4F09-8307-F376B9E9BE31}
		{3B989A93-F76C-4B98-BC8F-7B858004E473} = {0CE2A698-198E-4F09-8307-F376B9E9BE31}
		{8C89F2BD-16E0-4767-9045-048FFB50D8FC} = {0E8584D4-4153-4CE5-BFDF-894D5F02D5A2}
		{664A7B07-A05D-4013-BC69-CA4870DF9BEE} = {0E8584D4-4153-4CE5-BFDF-894D5F02D5A2}
		{895513D6-E77B-4173-9F97-60D984DC62DF} = {0E8584D4-4153-4CE5-BFDF-894D5F02D5A2}
		{99BF7375-C5C7-40E7-8DB5-B9AEF839EEE3} = {268A3A6E-5118-49AF-96E0-A625397CB4E7}
		{C5160D25-6776-4743-8DE8-82EC95F43259} = {268A3A6E-5118-49AF-96E0-A625397CB4E7}
		{E45E5296-7C30-4CD3-B354-0512F2CEB672} = {C5160D25-6776-4743-8DE8-82EC95F43259}
		{5925DE87-312C-47E0-8B3D-216F12F3015D} = {C5160D25-6776-4743-8DE8-82EC95F43259}
		{344A0C91-B8AE-423C-B80F-2C7F61A49FEA} = {C5160D25-6776-4743-8DE8-82EC95F43259}
		{E1D626BC-ED4B-4C3D-ABD4-47D809ED262E} = {99BF7375-C5C7-40E7-8DB5-B9AEF839EEE3}
		{E2830EC8-4873-4508-9BCC-88E1C06C5219} = {99BF7375-C5C7-40E7-8DB5-B9AEF839EEE3}
		{C3C0BA7E-15CF-4C57-B8AB-16061A7FEF08} = {99BF7375-C5C7-40E7-8DB5-B9AEF839EEE3}
		{A158DCD0-8E50-4DA6-8633-7DCBEE55ED45} = {136DD47A-46CE-4C67-880A-B94960321C9C}
		{03B03E5B-C8D4-49B5-9F48-0CD338FEE49F} = {136DD47A-46CE-4C67-880A-B94960321C9C}
		{5D628E18-6AE0-4B3C-BF46-E8A679589690} = {136DD47A-46CE-4C67-880A-B94960321C9C}
	EndGlobalSection
	GlobalSection(ExtensibilityGlobals) = postSolution
		SolutionGuid = {C6211D30-DCB0-4037-ACB7-51588200E27B}
	EndGlobalSection
EndGlobal
