
Microsoft Visual Studio Solution File, Format Version 12.00
# Visual Studio Version 17
VisualStudioVersion = 17.0.31903.59
MinimumVisualStudioVersion = 10.0.40219.1
Project("{2150E333-8FDC-42A3-9474-1A3956D46DE8}") = "General", "General", "{5880C46B-9774-45E6-89A7-1F51A9184E13}"
EndProject
Project("{2150E333-8FDC-42A3-9474-1A3956D46DE8}") = "Core", "Core", "{80E7C4B8-5A55-42D3-A762-8727B6995FDE}"
EndProject
Project("{2150E333-8FDC-42A3-9474-1A3956D46DE8}") = "LinxCommerce", "LinxCommerce", "{D749CAFD-8471-4E87-A122-93ACFFB82501}"
EndProject
Project("{2150E333-8FDC-42A3-9474-1A3956D46DE8}") = "LinxMicrovix", "LinxMicrovix", "{268A3A6E-5118-49AF-96E0-A625397CB4E7}"
EndProject
Project("{2150E333-8FDC-42A3-9474-1A3956D46DE8}") = "Shippment", "Shippment", "{F7A3EC45-88C3-45AF-93EB-DDB3CED1C504}"
EndProject
Project("{2150E333-8FDC-42A3-9474-1A3956D46DE8}") = "AfterSale", "AfterSale", "{1972FF93-ED46-43B6-AE24-8E6EC51DF105}"
EndProject
Project("{2150E333-8FDC-42A3-9474-1A3956D46DE8}") = "Dootax", "Dootax", "{63D1F7C7-129F-4853-99E1-304A4475A7F5}"
EndProject
Project("{2150E333-8FDC-42A3-9474-1A3956D46DE8}") = "Mobsim", "Mobsim", "{D2855D02-8A4E-401B-8204-44F7749D25A0}"
EndProject
Project("{2150E333-8FDC-42A3-9474-1A3956D46DE8}") = "Movidesk", "Movidesk", "{03250652-7AC1-4B27-AAE5-94B25BB51163}"
EndProject
Project("{2150E333-8FDC-42A3-9474-1A3956D46DE8}") = "Pagarme", "Pagarme", "{F80B8CF4-3EC5-48CE-93D2-68BD7B4E265A}"
EndProject
Project("{2150E333-8FDC-42A3-9474-1A3956D46DE8}") = "FlashCourier", "FlashCourier", "{A440EA4B-980F-4C3E-9985-CD50DEC4EADF}"
EndProject
Project("{2150E333-8FDC-42A3-9474-1A3956D46DE8}") = "Jadlog", "Jadlog", "{0CE2A698-198E-4F09-8307-F376B9E9BE31}"
EndProject
Project("{2150E333-8FDC-42A3-9474-1A3956D46DE8}") = "TotalExpress", "TotalExpress", "{0E8584D4-4153-4CE5-BFDF-894D5F02D5A2}"
EndProject
Project("{2150E333-8FDC-42A3-9474-1A3956D46DE8}") = "LinxMicrovix - Outbound Web Service", "LinxMicrovix - Outbound Web Service", "{99BF7375-C5C7-40E7-8DB5-B9AEF839EEE3}"
EndProject
Project("{2150E333-8FDC-42A3-9474-1A3956D46DE8}") = "LinxMicrovix - Inbound Web Service", "LinxMicrovix - Inbound Web Service", "{C5160D25-6776-4743-8DE8-82EC95F43259}"
EndProject
Project("{2150E333-8FDC-42A3-9474-1A3956D46DE8}") = "Stone", "Stone", "{E37AE539-3CE5-488E-AAA8-99914826C3A8}"
EndProject
Project("{2150E333-8FDC-42A3-9474-1A3956D46DE8}") = "Jobs", "Jobs", "{A2F4E712-D6C9-4A34-981E-6CDA5B407DB8}"
EndProject
Project("{2150E333-8FDC-42A3-9474-1A3956D46DE8}") = "Itens de Solução", "Itens de Solução", "{380A7511-A354-6D7A-0CC0-8FA1F1BA7B6C}"
	ProjectSection(SolutionItems) = preProject
		.gitignore = .gitignore
		GEMINI.md = GEMINI.md
		LICENSE = LICENSE
		README.md = README.md
	EndProjectSection
EndProject
Project("{2150E333-8FDC-42A3-9474-1A3956D46DE8}") = "src", "src", "{02EA681E-C7D8-13C7-8484-4AC65E1B71E8}"
EndProject
Project("{FAE04EC0-301F-11D3-BF4B-00C04F79EFBC}") = "Application.Core", "src\Core\Application.Core\Application.Core.csproj", "{CE3F4D43-417C-7951-52D2-C445B3D0DBF2}"
EndProject
Project("{FAE04EC0-301F-11D3-BF4B-00C04F79EFBC}") = "Domain.Core", "src\Core\Domain.Core\Domain.Core.csproj", "{FE96BA1D-00A2-92AE-C4EA-4C39DD811C23}"
EndProject
Project("{FAE04EC0-301F-11D3-BF4B-00C04F79EFBC}") = "Infrastructure.Core", "src\Core\Infrastructure.Core\Infrastructure.Core.csproj", "{BC6954D3-126A-106D-B8EB-6E2A2639BDEA}"
EndProject
Project("{FAE04EC0-301F-11D3-BF4B-00C04F79EFBC}") = "Application.AfterSale", "src\Jobs\General\AfterSale\Application.AfterSale\Application.AfterSale.csproj", "{38645107-C0E4-5531-2B0A-6B589810E72E}"
EndProject
Project("{FAE04EC0-301F-11D3-BF4B-00C04F79EFBC}") = "Domain.AfterSale", "src\Jobs\General\AfterSale\Domain.AfterSale\Domain.AfterSale.csproj", "{7C9090F0-8630-FA1E-29AE-31274B23BB09}"
EndProject
Project("{FAE04EC0-301F-11D3-BF4B-00C04F79EFBC}") = "Infrastructure.AfterSale", "src\Jobs\General\AfterSale\Infrastructure.AfterSale\Infrastructure.AfterSale.csproj", "{5585F1EF-396E-4CCA-3A6C-8F2284E735B9}"
EndProject
Project("{FAE04EC0-301F-11D3-BF4B-00C04F79EFBC}") = "Application.Dootax", "src\Jobs\General\Dootax\Application.Dootax\Application.Dootax.csproj", "{01ED6ADF-40E1-20EF-BD0F-E4421E176459}"
EndProject
Project("{FAE04EC0-301F-11D3-BF4B-00C04F79EFBC}") = "Domain.Dootax", "src\Jobs\General\Dootax\Domain.Dootax\Domain.Dootax.csproj", "{42283025-6A0C-3EDF-E353-127C99C071C8}"
EndProject
Project("{FAE04EC0-301F-11D3-BF4B-00C04F79EFBC}") = "Infrastructure.Dootax", "src\Jobs\General\Dootax\Infrastructure.Dootax\Infrastructure.Dootax.csproj", "{7591A94B-5FA2-D364-6E0A-A114555CC240}"
EndProject
Project("{FAE04EC0-301F-11D3-BF4B-00C04F79EFBC}") = "Application.Mobsim", "src\Jobs\General\Mobsim\Application.Mobsim\Application.Mobsim.csproj", "{5FA38371-7FF1-4239-6382-2E20D3D8D907}"
EndProject
Project("{FAE04EC0-301F-11D3-BF4B-00C04F79EFBC}") = "Domain.Mobsim", "src\Jobs\General\Mobsim\Domain.Mobsim\Domain.Mobsim.csproj", "{74C6C0FE-4BAC-601A-6C30-685FF292A9B4}"
EndProject
Project("{FAE04EC0-301F-11D3-BF4B-00C04F79EFBC}") = "Infrastructure.Mobsim", "src\Jobs\General\Mobsim\Infrastructure.Mobsim\Infrastructure.Mobsim.csproj", "{004B1C7D-37BE-C482-9F99-AE28EFC61EAB}"
EndProject
Project("{FAE04EC0-301F-11D3-BF4B-00C04F79EFBC}") = "Application.Movidesk", "src\Jobs\General\Movidesk\Application.Movidesk\Application.Movidesk.csproj", "{61012CFA-7C6F-EDD2-A3FC-E1106E8D2F1A}"
EndProject
Project("{FAE04EC0-301F-11D3-BF4B-00C04F79EFBC}") = "Domain.Movidesk", "src\Jobs\General\Movidesk\Domain.Movidesk\Domain.Movidesk.csproj", "{6DAB5C9D-87D1-DD5A-3BDC-D4E721379E1B}"
EndProject
Project("{FAE04EC0-301F-11D3-BF4B-00C04F79EFBC}") = "Infrastructure.Movidesk", "src\Jobs\General\Movidesk\Infrastructure.Movidesk\Infrastructure.Movidesk.csproj", "{867CDC2A-9476-ABD2-F865-FFB92BD5F9DC}"
EndProject
Project("{FAE04EC0-301F-11D3-BF4B-00C04F79EFBC}") = "Application.Pagarme", "src\Jobs\General\Pagarme\Application.Pagarme\Application.Pagarme.csproj", "{79EA0B21-0539-DD5D-B500-5F59427CB106}"
EndProject
Project("{FAE04EC0-301F-11D3-BF4B-00C04F79EFBC}") = "Domain.Pagarme", "src\Jobs\General\Pagarme\Domain.Pagarme\Domain.Pagarme.csproj", "{C6410627-03C1-B702-12B1-1CF06250B040}"
EndProject
Project("{FAE04EC0-301F-11D3-BF4B-00C04F79EFBC}") = "Infrastructure.Pagarme", "src\Jobs\General\Pagarme\Infrastructure.Pagarme\Infrastructure.Pagarme.csproj", "{84ECDEE7-90A6-8FB7-B363-B60F12DE41F0}"
EndProject
Project("{FAE04EC0-301F-11D3-BF4B-00C04F79EFBC}") = "Application.LinxCommerce", "src\Jobs\LinxCommerce\Application.LinxCommerce\Application.LinxCommerce.csproj", "{01BC2245-2605-22A1-98D9-89ABC1CDA31D}"
EndProject
Project("{FAE04EC0-301F-11D3-BF4B-00C04F79EFBC}") = "Domain.LinxCommerce", "src\Jobs\LinxCommerce\Domain.LinxCommerce\Domain.LinxCommerce.csproj", "{1B969FBA-D574-7DCC-C64E-B8C9BEDAF094}"
EndProject
Project("{FAE04EC0-301F-11D3-BF4B-00C04F79EFBC}") = "Infrastructure.LinxCommerce", "src\Jobs\LinxCommerce\Infrastructure.LinxCommerce\Infrastructure.LinxCommerce.csproj", "{63A5E44F-83F9-8DA1-7B66-4812E14D5035}"
EndProject
Project("{FAE04EC0-301F-11D3-BF4B-00C04F79EFBC}") = "Application.LinxMicrovix.Inbound.WebService", "src\Jobs\LinxMicrovix\LinxMicrovix - Inbound Web Service\Application.LinxMicrovix.Inbound.WebService\Application.LinxMicrovix.Inbound.WebService.csproj", "{B8F56C0E-DD71-6752-D94E-526C9D4237A9}"
EndProject
Project("{FAE04EC0-301F-11D3-BF4B-00C04F79EFBC}") = "Domain.LinxMicrovix.Inbound.WebService", "src\Jobs\LinxMicrovix\LinxMicrovix - Inbound Web Service\Domain.LinxMicrovix.Inbound.WebService\Domain.LinxMicrovix.Inbound.WebService.csproj", "{3F14B64A-01B0-A194-2306-397247AD6687}"
EndProject
Project("{FAE04EC0-301F-11D3-BF4B-00C04F79EFBC}") = "Infrastructure.LinxMicrovix.Inbound.WebService", "src\Jobs\LinxMicrovix\LinxMicrovix - Inbound Web Service\Infrastructure.LinxMicrovix.Inbound.WebService\Infrastructure.LinxMicrovix.Inbound.WebService.csproj", "{0A96F7B9-5F15-7089-108D-C504474C80BE}"
EndProject
Project("{FAE04EC0-301F-11D3-BF4B-00C04F79EFBC}") = "Application.LinxMicrovix.Outbound.WebService", "src\Jobs\LinxMicrovix\LinxMicrovix - Outbound Web Service\Application.LinxMicrovix.Outbound.WebService\Application.LinxMicrovix.Outbound.WebService.csproj", "{AC288274-64F6-1CC6-6FB6-7FA3499FAB74}"
EndProject
Project("{FAE04EC0-301F-11D3-BF4B-00C04F79EFBC}") = "Domain.LinxMicrovix.Outbound.WebService", "src\Jobs\LinxMicrovix\LinxMicrovix - Outbound Web Service\Domain.LinxMicrovix.Outbound.WebService\Domain.LinxMicrovix.Outbound.WebService.csproj", "{801BA970-EA12-5B55-CD43-244EC5DFA3AA}"
EndProject
Project("{FAE04EC0-301F-11D3-BF4B-00C04F79EFBC}") = "Infrastructure.LinxMicrovix.Outbound.WebService", "src\Jobs\LinxMicrovix\LinxMicrovix - Outbound Web Service\Infrastructure.LinxMicrovix.Outbound.WebService\Infrastructure.LinxMicrovix.Outbound.WebService.csproj", "{F028F3F4-9F2B-61A9-8FAD-E3C66396E31D}"
EndProject
Project("{FAE04EC0-301F-11D3-BF4B-00C04F79EFBC}") = "Application.FlashCourier", "src\Jobs\Shippment\FlashCourier\Application.FlashCourier\Application.FlashCourier.csproj", "{19AAE45F-8A75-AE09-B70D-8842FC8829E2}"
EndProject
Project("{FAE04EC0-301F-11D3-BF4B-00C04F79EFBC}") = "Domain.FlashCourier", "src\Jobs\Shippment\FlashCourier\Domain.FlashCourier\Domain.FlashCourier.csproj", "{0A886CF7-C339-C963-BA50-20D2F43C8297}"
EndProject
Project("{FAE04EC0-301F-11D3-BF4B-00C04F79EFBC}") = "Infrastructure.FlashCourier", "src\Jobs\Shippment\FlashCourier\Infrastructure.FlashCourier\Infrastructure.FlashCourier.csproj", "{FE251A9B-BD8D-0AC8-D328-6BFFCADC9036}"
EndProject
Project("{FAE04EC0-301F-11D3-BF4B-00C04F79EFBC}") = "Application.Jadlog", "src\Jobs\Shippment\Jadlog\Application.Jadlog\Application.Jadlog.csproj", "{99591B46-0E89-6EE2-CFE8-7C02DD63B2F6}"
EndProject
Project("{FAE04EC0-301F-11D3-BF4B-00C04F79EFBC}") = "Domain.Jadlog", "src\Jobs\Shippment\Jadlog\Domain.Jadlog\Domain.Jadlog.csproj", "{33458F75-8218-2760-4CDC-299133294E12}"
EndProject
Project("{FAE04EC0-301F-11D3-BF4B-00C04F79EFBC}") = "Infrastructure.Jadlog", "src\Jobs\Shippment\Jadlog\Infrastructure.Jadlog\Infrastructure.Jadlog.csproj", "{37E994ED-3336-57C5-3440-FE642D868E7B}"
EndProject
Project("{FAE04EC0-301F-11D3-BF4B-00C04F79EFBC}") = "Application.Stone", "src\Jobs\Shippment\Stone\Application.Stone\Application.Stone.csproj", "{A6E58355-75A7-FB65-9010-9AC8D468BDAD}"
EndProject
Project("{FAE04EC0-301F-11D3-BF4B-00C04F79EFBC}") = "Domain.Stone", "src\Jobs\Shippment\Stone\Domain.Stone\Domain.Stone.csproj", "{9791930B-813A-424C-A3B9-12811AC9FB13}"
EndProject
Project("{FAE04EC0-301F-11D3-BF4B-00C04F79EFBC}") = "Infrastructure.Stone", "src\Jobs\Shippment\Stone\Infrastructure.Stone\Infrastructure.Stone.csproj", "{C7E265A1-BA8E-D7A2-0703-B9778986DCBB}"
EndProject
Project("{FAE04EC0-301F-11D3-BF4B-00C04F79EFBC}") = "Application.TotalExpress", "src\Jobs\Shippment\TotalExpress\Application.TotalExpress\Application.TotalExpress.csproj", "{E8D5D27B-0AC0-76DA-F89A-762E3D919E40}"
EndProject
Project("{FAE04EC0-301F-11D3-BF4B-00C04F79EFBC}") = "Domain.TotalExpress", "src\Jobs\Shippment\TotalExpress\Domain.TotalExpress\Domain.TotalExpress.csproj", "{8B8FD9C4-061C-59C9-266C-2C8A5F28811E}"
EndProject
Project("{FAE04EC0-301F-11D3-BF4B-00C04F79EFBC}") = "Infrastructure.TotalExpress", "src\Jobs\Shippment\TotalExpress\Infrastructure.TotalExpress\Infrastructure.TotalExpress.csproj", "{D48029A7-C048-1BF8-4953-BED87C606ABC}"
EndProject
Project("{2150E333-8FDC-42A3-9474-1A3956D46DE8}") = "WebApi", "WebApi", "{0ADEA563-6D9B-45E4-9B1E-5E5359EA393C}"
EndProject
Project("{2150E333-8FDC-42A3-9474-1A3956D46DE8}") = "WebJob", "WebJob", "{BAB11586-4C2E-4F65-9375-3287A31E0FB7}"
EndProject
Project("{FAE04EC0-301F-11D3-BF4B-00C04F79EFBC}") = "WebApi", "src\Jobs\WebApi\WebApi\WebApi.csproj", "{34421E4D-6256-5222-6632-40DC4F8149F2}"
EndProject
Project("{FAE04EC0-301F-11D3-BF4B-00C04F79EFBC}") = "WebJob", "src\Jobs\WebJob\WebJob\WebJob.csproj", "{A545A7A1-30CF-88E8-0D69-D599172B5744}"
EndProject
Global
	GlobalSection(SolutionConfigurationPlatforms) = preSolution
		Debug|Any CPU = Debug|Any CPU
		Homolog|Any CPU = Homolog|Any CPU
		Production|Any CPU = Production|Any CPU
		Release|Any CPU = Release|Any CPU
	EndGlobalSection
	GlobalSection(ProjectConfigurationPlatforms) = postSolution
		{CE3F4D43-417C-7951-52D2-C445B3D0DBF2}.Debug|Any CPU.ActiveCfg = Debug|Any CPU
		{CE3F4D43-417C-7951-52D2-C445B3D0DBF2}.Debug|Any CPU.Build.0 = Debug|Any CPU
		{CE3F4D43-417C-7951-52D2-C445B3D0DBF2}.Homolog|Any CPU.ActiveCfg = Release|Any CPU
		{CE3F4D43-417C-7951-52D2-C445B3D0DBF2}.Homolog|Any CPU.Build.0 = Release|Any CPU
		{CE3F4D43-417C-7951-52D2-C445B3D0DBF2}.Production|Any CPU.ActiveCfg = Release|Any CPU
		{CE3F4D43-417C-7951-52D2-C445B3D0DBF2}.Production|Any CPU.Build.0 = Release|Any CPU
		{CE3F4D43-417C-7951-52D2-C445B3D0DBF2}.Release|Any CPU.ActiveCfg = Release|Any CPU
		{CE3F4D43-417C-7951-52D2-C445B3D0DBF2}.Release|Any CPU.Build.0 = Release|Any CPU
		{FE96BA1D-00A2-92AE-C4EA-4C39DD811C23}.Debug|Any CPU.ActiveCfg = Debug|Any CPU
		{FE96BA1D-00A2-92AE-C4EA-4C39DD811C23}.Debug|Any CPU.Build.0 = Debug|Any CPU
		{FE96BA1D-00A2-92AE-C4EA-4C39DD811C23}.Homolog|Any CPU.ActiveCfg = Release|Any CPU
		{FE96BA1D-00A2-92AE-C4EA-4C39DD811C23}.Homolog|Any CPU.Build.0 = Release|Any CPU
		{FE96BA1D-00A2-92AE-C4EA-4C39DD811C23}.Production|Any CPU.ActiveCfg = Release|Any CPU
		{FE96BA1D-00A2-92AE-C4EA-4C39DD811C23}.Production|Any CPU.Build.0 = Release|Any CPU
		{FE96BA1D-00A2-92AE-C4EA-4C39DD811C23}.Release|Any CPU.ActiveCfg = Release|Any CPU
		{FE96BA1D-00A2-92AE-C4EA-4C39DD811C23}.Release|Any CPU.Build.0 = Release|Any CPU
		{BC6954D3-126A-106D-B8EB-6E2A2639BDEA}.Debug|Any CPU.ActiveCfg = Debug|Any CPU
		{BC6954D3-126A-106D-B8EB-6E2A2639BDEA}.Debug|Any CPU.Build.0 = Debug|Any CPU
		{BC6954D3-126A-106D-B8EB-6E2A2639BDEA}.Homolog|Any CPU.ActiveCfg = Release|Any CPU
		{BC6954D3-126A-106D-B8EB-6E2A2639BDEA}.Homolog|Any CPU.Build.0 = Release|Any CPU
		{BC6954D3-126A-106D-B8EB-6E2A2639BDEA}.Production|Any CPU.ActiveCfg = Release|Any CPU
		{BC6954D3-126A-106D-B8EB-6E2A2639BDEA}.Production|Any CPU.Build.0 = Release|Any CPU
		{BC6954D3-126A-106D-B8EB-6E2A2639BDEA}.Release|Any CPU.ActiveCfg = Release|Any CPU
		{BC6954D3-126A-106D-B8EB-6E2A2639BDEA}.Release|Any CPU.Build.0 = Release|Any CPU
		{38645107-C0E4-5531-2B0A-6B589810E72E}.Debug|Any CPU.ActiveCfg = Debug|Any CPU
		{38645107-C0E4-5531-2B0A-6B589810E72E}.Debug|Any CPU.Build.0 = Debug|Any CPU
		{38645107-C0E4-5531-2B0A-6B589810E72E}.Homolog|Any CPU.ActiveCfg = Release|Any CPU
		{38645107-C0E4-5531-2B0A-6B589810E72E}.Homolog|Any CPU.Build.0 = Release|Any CPU
		{38645107-C0E4-5531-2B0A-6B589810E72E}.Production|Any CPU.ActiveCfg = Release|Any CPU
		{38645107-C0E4-5531-2B0A-6B589810E72E}.Production|Any CPU.Build.0 = Release|Any CPU
		{38645107-C0E4-5531-2B0A-6B589810E72E}.Release|Any CPU.ActiveCfg = Release|Any CPU
		{38645107-C0E4-5531-2B0A-6B589810E72E}.Release|Any CPU.Build.0 = Release|Any CPU
		{7C9090F0-8630-FA1E-29AE-31274B23BB09}.Debug|Any CPU.ActiveCfg = Debug|Any CPU
		{7C9090F0-8630-FA1E-29AE-31274B23BB09}.Debug|Any CPU.Build.0 = Debug|Any CPU
		{7C9090F0-8630-FA1E-29AE-31274B23BB09}.Homolog|Any CPU.ActiveCfg = Release|Any CPU
		{7C9090F0-8630-FA1E-29AE-31274B23BB09}.Homolog|Any CPU.Build.0 = Release|Any CPU
		{7C9090F0-8630-FA1E-29AE-31274B23BB09}.Production|Any CPU.ActiveCfg = Release|Any CPU
		{7C9090F0-8630-FA1E-29AE-31274B23BB09}.Production|Any CPU.Build.0 = Release|Any CPU
		{7C9090F0-8630-FA1E-29AE-31274B23BB09}.Release|Any CPU.ActiveCfg = Release|Any CPU
		{7C9090F0-8630-FA1E-29AE-31274B23BB09}.Release|Any CPU.Build.0 = Release|Any CPU
		{5585F1EF-396E-4CCA-3A6C-8F2284E735B9}.Debug|Any CPU.ActiveCfg = Debug|Any CPU
		{5585F1EF-396E-4CCA-3A6C-8F2284E735B9}.Debug|Any CPU.Build.0 = Debug|Any CPU
		{5585F1EF-396E-4CCA-3A6C-8F2284E735B9}.Homolog|Any CPU.ActiveCfg = Release|Any CPU
		{5585F1EF-396E-4CCA-3A6C-8F2284E735B9}.Homolog|Any CPU.Build.0 = Release|Any CPU
		{5585F1EF-396E-4CCA-3A6C-8F2284E735B9}.Production|Any CPU.ActiveCfg = Release|Any CPU
		{5585F1EF-396E-4CCA-3A6C-8F2284E735B9}.Production|Any CPU.Build.0 = Release|Any CPU
		{5585F1EF-396E-4CCA-3A6C-8F2284E735B9}.Release|Any CPU.ActiveCfg = Release|Any CPU
		{5585F1EF-396E-4CCA-3A6C-8F2284E735B9}.Release|Any CPU.Build.0 = Release|Any CPU
		{01ED6ADF-40E1-20EF-BD0F-E4421E176459}.Debug|Any CPU.ActiveCfg = Debug|Any CPU
		{01ED6ADF-40E1-20EF-BD0F-E4421E176459}.Debug|Any CPU.Build.0 = Debug|Any CPU
		{01ED6ADF-40E1-20EF-BD0F-E4421E176459}.Homolog|Any CPU.ActiveCfg = Release|Any CPU
		{01ED6ADF-40E1-20EF-BD0F-E4421E176459}.Homolog|Any CPU.Build.0 = Release|Any CPU
		{01ED6ADF-40E1-20EF-BD0F-E4421E176459}.Production|Any CPU.ActiveCfg = Release|Any CPU
		{01ED6ADF-40E1-20EF-BD0F-E4421E176459}.Production|Any CPU.Build.0 = Release|Any CPU
		{01ED6ADF-40E1-20EF-BD0F-E4421E176459}.Release|Any CPU.ActiveCfg = Release|Any CPU
		{01ED6ADF-40E1-20EF-BD0F-E4421E176459}.Release|Any CPU.Build.0 = Release|Any CPU
		{42283025-6A0C-3EDF-E353-127C99C071C8}.Debug|Any CPU.ActiveCfg = Debug|Any CPU
		{42283025-6A0C-3EDF-E353-127C99C071C8}.Debug|Any CPU.Build.0 = Debug|Any CPU
		{42283025-6A0C-3EDF-E353-127C99C071C8}.Homolog|Any CPU.ActiveCfg = Release|Any CPU
		{42283025-6A0C-3EDF-E353-127C99C071C8}.Homolog|Any CPU.Build.0 = Release|Any CPU
		{42283025-6A0C-3EDF-E353-127C99C071C8}.Production|Any CPU.ActiveCfg = Release|Any CPU
		{42283025-6A0C-3EDF-E353-127C99C071C8}.Production|Any CPU.Build.0 = Release|Any CPU
		{42283025-6A0C-3EDF-E353-127C99C071C8}.Release|Any CPU.ActiveCfg = Release|Any CPU
		{42283025-6A0C-3EDF-E353-127C99C071C8}.Release|Any CPU.Build.0 = Release|Any CPU
		{7591A94B-5FA2-D364-6E0A-A114555CC240}.Debug|Any CPU.ActiveCfg = Debug|Any CPU
		{7591A94B-5FA2-D364-6E0A-A114555CC240}.Debug|Any CPU.Build.0 = Debug|Any CPU
		{7591A94B-5FA2-D364-6E0A-A114555CC240}.Homolog|Any CPU.ActiveCfg = Release|Any CPU
		{7591A94B-5FA2-D364-6E0A-A114555CC240}.Homolog|Any CPU.Build.0 = Release|Any CPU
		{7591A94B-5FA2-D364-6E0A-A114555CC240}.Production|Any CPU.ActiveCfg = Release|Any CPU
		{7591A94B-5FA2-D364-6E0A-A114555CC240}.Production|Any CPU.Build.0 = Release|Any CPU
		{7591A94B-5FA2-D364-6E0A-A114555CC240}.Release|Any CPU.ActiveCfg = Release|Any CPU
		{7591A94B-5FA2-D364-6E0A-A114555CC240}.Release|Any CPU.Build.0 = Release|Any CPU
		{5FA38371-7FF1-4239-6382-2E20D3D8D907}.Debug|Any CPU.ActiveCfg = Debug|Any CPU
		{5FA38371-7FF1-4239-6382-2E20D3D8D907}.Debug|Any CPU.Build.0 = Debug|Any CPU
		{5FA38371-7FF1-4239-6382-2E20D3D8D907}.Homolog|Any CPU.ActiveCfg = Release|Any CPU
		{5FA38371-7FF1-4239-6382-2E20D3D8D907}.Homolog|Any CPU.Build.0 = Release|Any CPU
		{5FA38371-7FF1-4239-6382-2E20D3D8D907}.Production|Any CPU.ActiveCfg = Release|Any CPU
		{5FA38371-7FF1-4239-6382-2E20D3D8D907}.Production|Any CPU.Build.0 = Release|Any CPU
		{5FA38371-7FF1-4239-6382-2E20D3D8D907}.Release|Any CPU.ActiveCfg = Release|Any CPU
		{5FA38371-7FF1-4239-6382-2E20D3D8D907}.Release|Any CPU.Build.0 = Release|Any CPU
		{74C6C0FE-4BAC-601A-6C30-685FF292A9B4}.Debug|Any CPU.ActiveCfg = Debug|Any CPU
		{74C6C0FE-4BAC-601A-6C30-685FF292A9B4}.Debug|Any CPU.Build.0 = Debug|Any CPU
		{74C6C0FE-4BAC-601A-6C30-685FF292A9B4}.Homolog|Any CPU.ActiveCfg = Release|Any CPU
		{74C6C0FE-4BAC-601A-6C30-685FF292A9B4}.Homolog|Any CPU.Build.0 = Release|Any CPU
		{74C6C0FE-4BAC-601A-6C30-685FF292A9B4}.Production|Any CPU.ActiveCfg = Release|Any CPU
		{74C6C0FE-4BAC-601A-6C30-685FF292A9B4}.Production|Any CPU.Build.0 = Release|Any CPU
		{74C6C0FE-4BAC-601A-6C30-685FF292A9B4}.Release|Any CPU.ActiveCfg = Release|Any CPU
		{74C6C0FE-4BAC-601A-6C30-685FF292A9B4}.Release|Any CPU.Build.0 = Release|Any CPU
		{004B1C7D-37BE-C482-9F99-AE28EFC61EAB}.Debug|Any CPU.ActiveCfg = Debug|Any CPU
		{004B1C7D-37BE-C482-9F99-AE28EFC61EAB}.Debug|Any CPU.Build.0 = Debug|Any CPU
		{004B1C7D-37BE-C482-9F99-AE28EFC61EAB}.Homolog|Any CPU.ActiveCfg = Release|Any CPU
		{004B1C7D-37BE-C482-9F99-AE28EFC61EAB}.Homolog|Any CPU.Build.0 = Release|Any CPU
		{004B1C7D-37BE-C482-9F99-AE28EFC61EAB}.Production|Any CPU.ActiveCfg = Release|Any CPU
		{004B1C7D-37BE-C482-9F99-AE28EFC61EAB}.Production|Any CPU.Build.0 = Release|Any CPU
		{004B1C7D-37BE-C482-9F99-AE28EFC61EAB}.Release|Any CPU.ActiveCfg = Release|Any CPU
		{004B1C7D-37BE-C482-9F99-AE28EFC61EAB}.Release|Any CPU.Build.0 = Release|Any CPU
		{61012CFA-7C6F-EDD2-A3FC-E1106E8D2F1A}.Debug|Any CPU.ActiveCfg = Debug|Any CPU
		{61012CFA-7C6F-EDD2-A3FC-E1106E8D2F1A}.Debug|Any CPU.Build.0 = Debug|Any CPU
		{61012CFA-7C6F-EDD2-A3FC-E1106E8D2F1A}.Homolog|Any CPU.ActiveCfg = Release|Any CPU
		{61012CFA-7C6F-EDD2-A3FC-E1106E8D2F1A}.Homolog|Any CPU.Build.0 = Release|Any CPU
		{61012CFA-7C6F-EDD2-A3FC-E1106E8D2F1A}.Production|Any CPU.ActiveCfg = Release|Any CPU
		{61012CFA-7C6F-EDD2-A3FC-E1106E8D2F1A}.Production|Any CPU.Build.0 = Release|Any CPU
		{61012CFA-7C6F-EDD2-A3FC-E1106E8D2F1A}.Release|Any CPU.ActiveCfg = Release|Any CPU
		{61012CFA-7C6F-EDD2-A3FC-E1106E8D2F1A}.Release|Any CPU.Build.0 = Release|Any CPU
		{6DAB5C9D-87D1-DD5A-3BDC-D4E721379E1B}.Debug|Any CPU.ActiveCfg = Debug|Any CPU
		{6DAB5C9D-87D1-DD5A-3BDC-D4E721379E1B}.Debug|Any CPU.Build.0 = Debug|Any CPU
		{6DAB5C9D-87D1-DD5A-3BDC-D4E721379E1B}.Homolog|Any CPU.ActiveCfg = Release|Any CPU
		{6DAB5C9D-87D1-DD5A-3BDC-D4E721379E1B}.Homolog|Any CPU.Build.0 = Release|Any CPU
		{6DAB5C9D-87D1-DD5A-3BDC-D4E721379E1B}.Production|Any CPU.ActiveCfg = Release|Any CPU
		{6DAB5C9D-87D1-DD5A-3BDC-D4E721379E1B}.Production|Any CPU.Build.0 = Release|Any CPU
		{6DAB5C9D-87D1-DD5A-3BDC-D4E721379E1B}.Release|Any CPU.ActiveCfg = Release|Any CPU
		{6DAB5C9D-87D1-DD5A-3BDC-D4E721379E1B}.Release|Any CPU.Build.0 = Release|Any CPU
		{867CDC2A-9476-ABD2-F865-FFB92BD5F9DC}.Debug|Any CPU.ActiveCfg = Debug|Any CPU
		{867CDC2A-9476-ABD2-F865-FFB92BD5F9DC}.Debug|Any CPU.Build.0 = Debug|Any CPU
		{867CDC2A-9476-ABD2-F865-FFB92BD5F9DC}.Homolog|Any CPU.ActiveCfg = Release|Any CPU
		{867CDC2A-9476-ABD2-F865-FFB92BD5F9DC}.Homolog|Any CPU.Build.0 = Release|Any CPU
		{867CDC2A-9476-ABD2-F865-FFB92BD5F9DC}.Production|Any CPU.ActiveCfg = Release|Any CPU
		{867CDC2A-9476-ABD2-F865-FFB92BD5F9DC}.Production|Any CPU.Build.0 = Release|Any CPU
		{867CDC2A-9476-ABD2-F865-FFB92BD5F9DC}.Release|Any CPU.ActiveCfg = Release|Any CPU
		{867CDC2A-9476-ABD2-F865-FFB92BD5F9DC}.Release|Any CPU.Build.0 = Release|Any CPU
		{79EA0B21-0539-DD5D-B500-5F59427CB106}.Debug|Any CPU.ActiveCfg = Debug|Any CPU
		{79EA0B21-0539-DD5D-B500-5F59427CB106}.Debug|Any CPU.Build.0 = Debug|Any CPU
		{79EA0B21-0539-DD5D-B500-5F59427CB106}.Homolog|Any CPU.ActiveCfg = Release|Any CPU
		{79EA0B21-0539-DD5D-B500-5F59427CB106}.Homolog|Any CPU.Build.0 = Release|Any CPU
		{79EA0B21-0539-DD5D-B500-5F59427CB106}.Production|Any CPU.ActiveCfg = Release|Any CPU
		{79EA0B21-0539-DD5D-B500-5F59427CB106}.Production|Any CPU.Build.0 = Release|Any CPU
		{79EA0B21-0539-DD5D-B500-5F59427CB106}.Release|Any CPU.ActiveCfg = Release|Any CPU
		{79EA0B21-0539-DD5D-B500-5F59427CB106}.Release|Any CPU.Build.0 = Release|Any CPU
		{C6410627-03C1-B702-12B1-1CF06250B040}.Debug|Any CPU.ActiveCfg = Debug|Any CPU
		{C6410627-03C1-B702-12B1-1CF06250B040}.Debug|Any CPU.Build.0 = Debug|Any CPU
		{C6410627-03C1-B702-12B1-1CF06250B040}.Homolog|Any CPU.ActiveCfg = Release|Any CPU
		{C6410627-03C1-B702-12B1-1CF06250B040}.Homolog|Any CPU.Build.0 = Release|Any CPU
		{C6410627-03C1-B702-12B1-1CF06250B040}.Production|Any CPU.ActiveCfg = Release|Any CPU
		{C6410627-03C1-B702-12B1-1CF06250B040}.Production|Any CPU.Build.0 = Release|Any CPU
		{C6410627-03C1-B702-12B1-1CF06250B040}.Release|Any CPU.ActiveCfg = Release|Any CPU
		{C6410627-03C1-B702-12B1-1CF06250B040}.Release|Any CPU.Build.0 = Release|Any CPU
		{84ECDEE7-90A6-8FB7-B363-B60F12DE41F0}.Debug|Any CPU.ActiveCfg = Debug|Any CPU
		{84ECDEE7-90A6-8FB7-B363-B60F12DE41F0}.Debug|Any CPU.Build.0 = Debug|Any CPU
		{84ECDEE7-90A6-8FB7-B363-B60F12DE41F0}.Homolog|Any CPU.ActiveCfg = Release|Any CPU
		{84ECDEE7-90A6-8FB7-B363-B60F12DE41F0}.Homolog|Any CPU.Build.0 = Release|Any CPU
		{84ECDEE7-90A6-8FB7-B363-B60F12DE41F0}.Production|Any CPU.ActiveCfg = Release|Any CPU
		{84ECDEE7-90A6-8FB7-B363-B60F12DE41F0}.Production|Any CPU.Build.0 = Release|Any CPU
		{84ECDEE7-90A6-8FB7-B363-B60F12DE41F0}.Release|Any CPU.ActiveCfg = Release|Any CPU
		{84ECDEE7-90A6-8FB7-B363-B60F12DE41F0}.Release|Any CPU.Build.0 = Release|Any CPU
		{01BC2245-2605-22A1-98D9-89ABC1CDA31D}.Debug|Any CPU.ActiveCfg = Debug|Any CPU
		{01BC2245-2605-22A1-98D9-89ABC1CDA31D}.Debug|Any CPU.Build.0 = Debug|Any CPU
		{01BC2245-2605-22A1-98D9-89ABC1CDA31D}.Homolog|Any CPU.ActiveCfg = Release|Any CPU
		{01BC2245-2605-22A1-98D9-89ABC1CDA31D}.Homolog|Any CPU.Build.0 = Release|Any CPU
		{01BC2245-2605-22A1-98D9-89ABC1CDA31D}.Production|Any CPU.ActiveCfg = Release|Any CPU
		{01BC2245-2605-22A1-98D9-89ABC1CDA31D}.Production|Any CPU.Build.0 = Release|Any CPU
		{01BC2245-2605-22A1-98D9-89ABC1CDA31D}.Release|Any CPU.ActiveCfg = Release|Any CPU
		{01BC2245-2605-22A1-98D9-89ABC1CDA31D}.Release|Any CPU.Build.0 = Release|Any CPU
		{1B969FBA-D574-7DCC-C64E-B8C9BEDAF094}.Debug|Any CPU.ActiveCfg = Debug|Any CPU
		{1B969FBA-D574-7DCC-C64E-B8C9BEDAF094}.Debug|Any CPU.Build.0 = Debug|Any CPU
		{1B969FBA-D574-7DCC-C64E-B8C9BEDAF094}.Homolog|Any CPU.ActiveCfg = Release|Any CPU
		{1B969FBA-D574-7DCC-C64E-B8C9BEDAF094}.Homolog|Any CPU.Build.0 = Release|Any CPU
		{1B969FBA-D574-7DCC-C64E-B8C9BEDAF094}.Production|Any CPU.ActiveCfg = Release|Any CPU
		{1B969FBA-D574-7DCC-C64E-B8C9BEDAF094}.Production|Any CPU.Build.0 = Release|Any CPU
		{1B969FBA-D574-7DCC-C64E-B8C9BEDAF094}.Release|Any CPU.ActiveCfg = Release|Any CPU
		{1B969FBA-D574-7DCC-C64E-B8C9BEDAF094}.Release|Any CPU.Build.0 = Release|Any CPU
		{63A5E44F-83F9-8DA1-7B66-4812E14D5035}.Debug|Any CPU.ActiveCfg = Debug|Any CPU
		{63A5E44F-83F9-8DA1-7B66-4812E14D5035}.Debug|Any CPU.Build.0 = Debug|Any CPU
		{63A5E44F-83F9-8DA1-7B66-4812E14D5035}.Homolog|Any CPU.ActiveCfg = Release|Any CPU
		{63A5E44F-83F9-8DA1-7B66-4812E14D5035}.Homolog|Any CPU.Build.0 = Release|Any CPU
		{63A5E44F-83F9-8DA1-7B66-4812E14D5035}.Production|Any CPU.ActiveCfg = Release|Any CPU
		{63A5E44F-83F9-8DA1-7B66-4812E14D5035}.Production|Any CPU.Build.0 = Release|Any CPU
		{63A5E44F-83F9-8DA1-7B66-4812E14D5035}.Release|Any CPU.ActiveCfg = Release|Any CPU
		{63A5E44F-83F9-8DA1-7B66-4812E14D5035}.Release|Any CPU.Build.0 = Release|Any CPU
		{B8F56C0E-DD71-6752-D94E-526C9D4237A9}.Debug|Any CPU.ActiveCfg = Debug|Any CPU
		{B8F56C0E-DD71-6752-D94E-526C9D4237A9}.Debug|Any CPU.Build.0 = Debug|Any CPU
		{B8F56C0E-DD71-6752-D94E-526C9D4237A9}.Homolog|Any CPU.ActiveCfg = Release|Any CPU
		{B8F56C0E-DD71-6752-D94E-526C9D4237A9}.Homolog|Any CPU.Build.0 = Release|Any CPU
		{B8F56C0E-DD71-6752-D94E-526C9D4237A9}.Production|Any CPU.ActiveCfg = Release|Any CPU
		{B8F56C0E-DD71-6752-D94E-526C9D4237A9}.Production|Any CPU.Build.0 = Release|Any CPU
		{B8F56C0E-DD71-6752-D94E-526C9D4237A9}.Release|Any CPU.ActiveCfg = Release|Any CPU
		{B8F56C0E-DD71-6752-D94E-526C9D4237A9}.Release|Any CPU.Build.0 = Release|Any CPU
		{3F14B64A-01B0-A194-2306-397247AD6687}.Debug|Any CPU.ActiveCfg = Debug|Any CPU
		{3F14B64A-01B0-A194-2306-397247AD6687}.Debug|Any CPU.Build.0 = Debug|Any CPU
		{3F14B64A-01B0-A194-2306-397247AD6687}.Homolog|Any CPU.ActiveCfg = Release|Any CPU
		{3F14B64A-01B0-A194-2306-397247AD6687}.Homolog|Any CPU.Build.0 = Release|Any CPU
		{3F14B64A-01B0-A194-2306-397247AD6687}.Production|Any CPU.ActiveCfg = Release|Any CPU
		{3F14B64A-01B0-A194-2306-397247AD6687}.Production|Any CPU.Build.0 = Release|Any CPU
		{3F14B64A-01B0-A194-2306-397247AD6687}.Release|Any CPU.ActiveCfg = Release|Any CPU
		{3F14B64A-01B0-A194-2306-397247AD6687}.Release|Any CPU.Build.0 = Release|Any CPU
		{0A96F7B9-5F15-7089-108D-C504474C80BE}.Debug|Any CPU.ActiveCfg = Debug|Any CPU
		{0A96F7B9-5F15-7089-108D-C504474C80BE}.Debug|Any CPU.Build.0 = Debug|Any CPU
		{0A96F7B9-5F15-7089-108D-C504474C80BE}.Homolog|Any CPU.ActiveCfg = Release|Any CPU
		{0A96F7B9-5F15-7089-108D-C504474C80BE}.Homolog|Any CPU.Build.0 = Release|Any CPU
		{0A96F7B9-5F15-7089-108D-C504474C80BE}.Production|Any CPU.ActiveCfg = Release|Any CPU
		{0A96F7B9-5F15-7089-108D-C504474C80BE}.Production|Any CPU.Build.0 = Release|Any CPU
		{0A96F7B9-5F15-7089-108D-C504474C80BE}.Release|Any CPU.ActiveCfg = Release|Any CPU
		{0A96F7B9-5F15-7089-108D-C504474C80BE}.Release|Any CPU.Build.0 = Release|Any CPU
		{AC288274-64F6-1CC6-6FB6-7FA3499FAB74}.Debug|Any CPU.ActiveCfg = Debug|Any CPU
		{AC288274-64F6-1CC6-6FB6-7FA3499FAB74}.Debug|Any CPU.Build.0 = Debug|Any CPU
		{AC288274-64F6-1CC6-6FB6-7FA3499FAB74}.Homolog|Any CPU.ActiveCfg = Release|Any CPU
		{AC288274-64F6-1CC6-6FB6-7FA3499FAB74}.Homolog|Any CPU.Build.0 = Release|Any CPU
		{AC288274-64F6-1CC6-6FB6-7FA3499FAB74}.Production|Any CPU.ActiveCfg = Release|Any CPU
		{AC288274-64F6-1CC6-6FB6-7FA3499FAB74}.Production|Any CPU.Build.0 = Release|Any CPU
		{AC288274-64F6-1CC6-6FB6-7FA3499FAB74}.Release|Any CPU.ActiveCfg = Release|Any CPU
		{AC288274-64F6-1CC6-6FB6-7FA3499FAB74}.Release|Any CPU.Build.0 = Release|Any CPU
		{801BA970-EA12-5B55-CD43-244EC5DFA3AA}.Debug|Any CPU.ActiveCfg = Debug|Any CPU
		{801BA970-EA12-5B55-CD43-244EC5DFA3AA}.Debug|Any CPU.Build.0 = Debug|Any CPU
		{801BA970-EA12-5B55-CD43-244EC5DFA3AA}.Homolog|Any CPU.ActiveCfg = Release|Any CPU
		{801BA970-EA12-5B55-CD43-244EC5DFA3AA}.Homolog|Any CPU.Build.0 = Release|Any CPU
		{801BA970-EA12-5B55-CD43-244EC5DFA3AA}.Production|Any CPU.ActiveCfg = Release|Any CPU
		{801BA970-EA12-5B55-CD43-244EC5DFA3AA}.Production|Any CPU.Build.0 = Release|Any CPU
		{801BA970-EA12-5B55-CD43-244EC5DFA3AA}.Release|Any CPU.ActiveCfg = Release|Any CPU
		{801BA970-EA12-5B55-CD43-244EC5DFA3AA}.Release|Any CPU.Build.0 = Release|Any CPU
		{F028F3F4-9F2B-61A9-8FAD-E3C66396E31D}.Debug|Any CPU.ActiveCfg = Debug|Any CPU
		{F028F3F4-9F2B-61A9-8FAD-E3C66396E31D}.Debug|Any CPU.Build.0 = Debug|Any CPU
		{F028F3F4-9F2B-61A9-8FAD-E3C66396E31D}.Homolog|Any CPU.ActiveCfg = Release|Any CPU
		{F028F3F4-9F2B-61A9-8FAD-E3C66396E31D}.Homolog|Any CPU.Build.0 = Release|Any CPU
		{F028F3F4-9F2B-61A9-8FAD-E3C66396E31D}.Production|Any CPU.ActiveCfg = Release|Any CPU
		{F028F3F4-9F2B-61A9-8FAD-E3C66396E31D}.Production|Any CPU.Build.0 = Release|Any CPU
		{F028F3F4-9F2B-61A9-8FAD-E3C66396E31D}.Release|Any CPU.ActiveCfg = Release|Any CPU
		{F028F3F4-9F2B-61A9-8FAD-E3C66396E31D}.Release|Any CPU.Build.0 = Release|Any CPU
		{19AAE45F-8A75-AE09-B70D-8842FC8829E2}.Debug|Any CPU.ActiveCfg = Debug|Any CPU
		{19AAE45F-8A75-AE09-B70D-8842FC8829E2}.Debug|Any CPU.Build.0 = Debug|Any CPU
		{19AAE45F-8A75-AE09-B70D-8842FC8829E2}.Homolog|Any CPU.ActiveCfg = Release|Any CPU
		{19AAE45F-8A75-AE09-B70D-8842FC8829E2}.Homolog|Any CPU.Build.0 = Release|Any CPU
		{19AAE45F-8A75-AE09-B70D-8842FC8829E2}.Production|Any CPU.ActiveCfg = Release|Any CPU
		{19AAE45F-8A75-AE09-B70D-8842FC8829E2}.Production|Any CPU.Build.0 = Release|Any CPU
		{19AAE45F-8A75-AE09-B70D-8842FC8829E2}.Release|Any CPU.ActiveCfg = Release|Any CPU
		{19AAE45F-8A75-AE09-B70D-8842FC8829E2}.Release|Any CPU.Build.0 = Release|Any CPU
		{0A886CF7-C339-C963-BA50-20D2F43C8297}.Debug|Any CPU.ActiveCfg = Debug|Any CPU
		{0A886CF7-C339-C963-BA50-20D2F43C8297}.Debug|Any CPU.Build.0 = Debug|Any CPU
		{0A886CF7-C339-C963-BA50-20D2F43C8297}.Homolog|Any CPU.ActiveCfg = Release|Any CPU
		{0A886CF7-C339-C963-BA50-20D2F43C8297}.Homolog|Any CPU.Build.0 = Release|Any CPU
		{0A886CF7-C339-C963-BA50-20D2F43C8297}.Production|Any CPU.ActiveCfg = Release|Any CPU
		{0A886CF7-C339-C963-BA50-20D2F43C8297}.Production|Any CPU.Build.0 = Release|Any CPU
		{0A886CF7-C339-C963-BA50-20D2F43C8297}.Release|Any CPU.ActiveCfg = Release|Any CPU
		{0A886CF7-C339-C963-BA50-20D2F43C8297}.Release|Any CPU.Build.0 = Release|Any CPU
		{FE251A9B-BD8D-0AC8-D328-6BFFCADC9036}.Debug|Any CPU.ActiveCfg = Debug|Any CPU
		{FE251A9B-BD8D-0AC8-D328-6BFFCADC9036}.Debug|Any CPU.Build.0 = Debug|Any CPU
		{FE251A9B-BD8D-0AC8-D328-6BFFCADC9036}.Homolog|Any CPU.ActiveCfg = Release|Any CPU
		{FE251A9B-BD8D-0AC8-D328-6BFFCADC9036}.Homolog|Any CPU.Build.0 = Release|Any CPU
		{FE251A9B-BD8D-0AC8-D328-6BFFCADC9036}.Production|Any CPU.ActiveCfg = Release|Any CPU
		{FE251A9B-BD8D-0AC8-D328-6BFFCADC9036}.Production|Any CPU.Build.0 = Release|Any CPU
		{FE251A9B-BD8D-0AC8-D328-6BFFCADC9036}.Release|Any CPU.ActiveCfg = Release|Any CPU
		{FE251A9B-BD8D-0AC8-D328-6BFFCADC9036}.Release|Any CPU.Build.0 = Release|Any CPU
		{99591B46-0E89-6EE2-CFE8-7C02DD63B2F6}.Debug|Any CPU.ActiveCfg = Debug|Any CPU
		{99591B46-0E89-6EE2-CFE8-7C02DD63B2F6}.Debug|Any CPU.Build.0 = Debug|Any CPU
		{99591B46-0E89-6EE2-CFE8-7C02DD63B2F6}.Homolog|Any CPU.ActiveCfg = Release|Any CPU
		{99591B46-0E89-6EE2-CFE8-7C02DD63B2F6}.Homolog|Any CPU.Build.0 = Release|Any CPU
		{99591B46-0E89-6EE2-CFE8-7C02DD63B2F6}.Production|Any CPU.ActiveCfg = Release|Any CPU
		{99591B46-0E89-6EE2-CFE8-7C02DD63B2F6}.Production|Any CPU.Build.0 = Release|Any CPU
		{99591B46-0E89-6EE2-CFE8-7C02DD63B2F6}.Release|Any CPU.ActiveCfg = Release|Any CPU
		{99591B46-0E89-6EE2-CFE8-7C02DD63B2F6}.Release|Any CPU.Build.0 = Release|Any CPU
		{33458F75-8218-2760-4CDC-299133294E12}.Debug|Any CPU.ActiveCfg = Debug|Any CPU
		{33458F75-8218-2760-4CDC-299133294E12}.Debug|Any CPU.Build.0 = Debug|Any CPU
		{33458F75-8218-2760-4CDC-299133294E12}.Homolog|Any CPU.ActiveCfg = Release|Any CPU
		{33458F75-8218-2760-4CDC-299133294E12}.Homolog|Any CPU.Build.0 = Release|Any CPU
		{33458F75-8218-2760-4CDC-299133294E12}.Production|Any CPU.ActiveCfg = Release|Any CPU
		{33458F75-8218-2760-4CDC-299133294E12}.Production|Any CPU.Build.0 = Release|Any CPU
		{33458F75-8218-2760-4CDC-299133294E12}.Release|Any CPU.ActiveCfg = Release|Any CPU
		{33458F75-8218-2760-4CDC-299133294E12}.Release|Any CPU.Build.0 = Release|Any CPU
		{37E994ED-3336-57C5-3440-FE642D868E7B}.Debug|Any CPU.ActiveCfg = Debug|Any CPU
		{37E994ED-3336-57C5-3440-FE642D868E7B}.Debug|Any CPU.Build.0 = Debug|Any CPU
		{37E994ED-3336-57C5-3440-FE642D868E7B}.Homolog|Any CPU.ActiveCfg = Release|Any CPU
		{37E994ED-3336-57C5-3440-FE642D868E7B}.Homolog|Any CPU.Build.0 = Release|Any CPU
		{37E994ED-3336-57C5-3440-FE642D868E7B}.Production|Any CPU.ActiveCfg = Release|Any CPU
		{37E994ED-3336-57C5-3440-FE642D868E7B}.Production|Any CPU.Build.0 = Release|Any CPU
		{37E994ED-3336-57C5-3440-FE642D868E7B}.Release|Any CPU.ActiveCfg = Release|Any CPU
		{37E994ED-3336-57C5-3440-FE642D868E7B}.Release|Any CPU.Build.0 = Release|Any CPU
		{A6E58355-75A7-FB65-9010-9AC8D468BDAD}.Debug|Any CPU.ActiveCfg = Debug|Any CPU
		{A6E58355-75A7-FB65-9010-9AC8D468BDAD}.Debug|Any CPU.Build.0 = Debug|Any CPU
		{A6E58355-75A7-FB65-9010-9AC8D468BDAD}.Homolog|Any CPU.ActiveCfg = Release|Any CPU
		{A6E58355-75A7-FB65-9010-9AC8D468BDAD}.Homolog|Any CPU.Build.0 = Release|Any CPU
		{A6E58355-75A7-FB65-9010-9AC8D468BDAD}.Production|Any CPU.ActiveCfg = Release|Any CPU
		{A6E58355-75A7-FB65-9010-9AC8D468BDAD}.Production|Any CPU.Build.0 = Release|Any CPU
		{A6E58355-75A7-FB65-9010-9AC8D468BDAD}.Release|Any CPU.ActiveCfg = Release|Any CPU
		{A6E58355-75A7-FB65-9010-9AC8D468BDAD}.Release|Any CPU.Build.0 = Release|Any CPU
		{9791930B-813A-424C-A3B9-12811AC9FB13}.Debug|Any CPU.ActiveCfg = Debug|Any CPU
		{9791930B-813A-424C-A3B9-12811AC9FB13}.Debug|Any CPU.Build.0 = Debug|Any CPU
		{9791930B-813A-424C-A3B9-12811AC9FB13}.Homolog|Any CPU.ActiveCfg = Release|Any CPU
		{9791930B-813A-424C-A3B9-12811AC9FB13}.Homolog|Any CPU.Build.0 = Release|Any CPU
		{9791930B-813A-424C-A3B9-12811AC9FB13}.Production|Any CPU.ActiveCfg = Release|Any CPU
		{9791930B-813A-424C-A3B9-12811AC9FB13}.Production|Any CPU.Build.0 = Release|Any CPU
		{9791930B-813A-424C-A3B9-12811AC9FB13}.Release|Any CPU.ActiveCfg = Release|Any CPU
		{9791930B-813A-424C-A3B9-12811AC9FB13}.Release|Any CPU.Build.0 = Release|Any CPU
		{C7E265A1-BA8E-D7A2-0703-B9778986DCBB}.Debug|Any CPU.ActiveCfg = Debug|Any CPU
		{C7E265A1-BA8E-D7A2-0703-B9778986DCBB}.Debug|Any CPU.Build.0 = Debug|Any CPU
		{C7E265A1-BA8E-D7A2-0703-B9778986DCBB}.Homolog|Any CPU.ActiveCfg = Release|Any CPU
		{C7E265A1-BA8E-D7A2-0703-B9778986DCBB}.Homolog|Any CPU.Build.0 = Release|Any CPU
		{C7E265A1-BA8E-D7A2-0703-B9778986DCBB}.Production|Any CPU.ActiveCfg = Release|Any CPU
		{C7E265A1-BA8E-D7A2-0703-B9778986DCBB}.Production|Any CPU.Build.0 = Release|Any CPU
		{C7E265A1-BA8E-D7A2-0703-B9778986DCBB}.Release|Any CPU.ActiveCfg = Release|Any CPU
		{C7E265A1-BA8E-D7A2-0703-B9778986DCBB}.Release|Any CPU.Build.0 = Release|Any CPU
		{E8D5D27B-0AC0-76DA-F89A-762E3D919E40}.Debug|Any CPU.ActiveCfg = Debug|Any CPU
		{E8D5D27B-0AC0-76DA-F89A-762E3D919E40}.Debug|Any CPU.Build.0 = Debug|Any CPU
		{E8D5D27B-0AC0-76DA-F89A-762E3D919E40}.Homolog|Any CPU.ActiveCfg = Release|Any CPU
		{E8D5D27B-0AC0-76DA-F89A-762E3D919E40}.Homolog|Any CPU.Build.0 = Release|Any CPU
		{E8D5D27B-0AC0-76DA-F89A-762E3D919E40}.Production|Any CPU.ActiveCfg = Release|Any CPU
		{E8D5D27B-0AC0-76DA-F89A-762E3D919E40}.Production|Any CPU.Build.0 = Release|Any CPU
		{E8D5D27B-0AC0-76DA-F89A-762E3D919E40}.Release|Any CPU.ActiveCfg = Release|Any CPU
		{E8D5D27B-0AC0-76DA-F89A-762E3D919E40}.Release|Any CPU.Build.0 = Release|Any CPU
		{8B8FD9C4-061C-59C9-266C-2C8A5F28811E}.Debug|Any CPU.ActiveCfg = Debug|Any CPU
		{8B8FD9C4-061C-59C9-266C-2C8A5F28811E}.Debug|Any CPU.Build.0 = Debug|Any CPU
		{8B8FD9C4-061C-59C9-266C-2C8A5F28811E}.Homolog|Any CPU.ActiveCfg = Release|Any CPU
		{8B8FD9C4-061C-59C9-266C-2C8A5F28811E}.Homolog|Any CPU.Build.0 = Release|Any CPU
		{8B8FD9C4-061C-59C9-266C-2C8A5F28811E}.Production|Any CPU.ActiveCfg = Release|Any CPU
		{8B8FD9C4-061C-59C9-266C-2C8A5F28811E}.Production|Any CPU.Build.0 = Release|Any CPU
		{8B8FD9C4-061C-59C9-266C-2C8A5F28811E}.Release|Any CPU.ActiveCfg = Release|Any CPU
		{8B8FD9C4-061C-59C9-266C-2C8A5F28811E}.Release|Any CPU.Build.0 = Release|Any CPU
		{D48029A7-C048-1BF8-4953-BED87C606ABC}.Debug|Any CPU.ActiveCfg = Debug|Any CPU
		{D48029A7-C048-1BF8-4953-BED87C606ABC}.Debug|Any CPU.Build.0 = Debug|Any CPU
		{D48029A7-C048-1BF8-4953-BED87C606ABC}.Homolog|Any CPU.ActiveCfg = Release|Any CPU
		{D48029A7-C048-1BF8-4953-BED87C606ABC}.Homolog|Any CPU.Build.0 = Release|Any CPU
		{D48029A7-C048-1BF8-4953-BED87C606ABC}.Production|Any CPU.ActiveCfg = Release|Any CPU
		{D48029A7-C048-1BF8-4953-BED87C606ABC}.Production|Any CPU.Build.0 = Release|Any CPU
		{D48029A7-C048-1BF8-4953-BED87C606ABC}.Release|Any CPU.ActiveCfg = Release|Any CPU
		{D48029A7-C048-1BF8-4953-BED87C606ABC}.Release|Any CPU.Build.0 = Release|Any CPU
		{34421E4D-6256-5222-6632-40DC4F8149F2}.Debug|Any CPU.ActiveCfg = Debug|Any CPU
		{34421E4D-6256-5222-6632-40DC4F8149F2}.Debug|Any CPU.Build.0 = Debug|Any CPU
		{34421E4D-6256-5222-6632-40DC4F8149F2}.Homolog|Any CPU.ActiveCfg = Release|Any CPU
		{34421E4D-6256-5222-6632-40DC4F8149F2}.Homolog|Any CPU.Build.0 = Release|Any CPU
		{34421E4D-6256-5222-6632-40DC4F8149F2}.Production|Any CPU.ActiveCfg = Release|Any CPU
		{34421E4D-6256-5222-6632-40DC4F8149F2}.Production|Any CPU.Build.0 = Release|Any CPU
		{34421E4D-6256-5222-6632-40DC4F8149F2}.Release|Any CPU.ActiveCfg = Release|Any CPU
		{34421E4D-6256-5222-6632-40DC4F8149F2}.Release|Any CPU.Build.0 = Release|Any CPU
		{A545A7A1-30CF-88E8-0D69-D599172B5744}.Debug|Any CPU.ActiveCfg = Debug|Any CPU
		{A545A7A1-30CF-88E8-0D69-D599172B5744}.Debug|Any CPU.Build.0 = Debug|Any CPU
		{A545A7A1-30CF-88E8-0D69-D599172B5744}.Homolog|Any CPU.ActiveCfg = Release|Any CPU
		{A545A7A1-30CF-88E8-0D69-D599172B5744}.Homolog|Any CPU.Build.0 = Release|Any CPU
		{A545A7A1-30CF-88E8-0D69-D599172B5744}.Production|Any CPU.ActiveCfg = Release|Any CPU
		{A545A7A1-30CF-88E8-0D69-D599172B5744}.Production|Any CPU.Build.0 = Release|Any CPU
		{A545A7A1-30CF-88E8-0D69-D599172B5744}.Release|Any CPU.ActiveCfg = Release|Any CPU
		{A545A7A1-30CF-88E8-0D69-D599172B5744}.Release|Any CPU.Build.0 = Release|Any CPU
	EndGlobalSection
	GlobalSection(SolutionProperties) = preSolution
		HideSolutionNode = FALSE
	EndGlobalSection
	GlobalSection(NestedProjects) = preSolution
		{5880C46B-9774-45E6-89A7-1F51A9184E13} = {A2F4E712-D6C9-4A34-981E-6CDA5B407DB8}
		{80E7C4B8-5A55-42D3-A762-8727B6995FDE} = {02EA681E-C7D8-13C7-8484-4AC65E1B71E8}
		{D749CAFD-8471-4E87-A122-93ACFFB82501} = {A2F4E712-D6C9-4A34-981E-6CDA5B407DB8}
		{268A3A6E-5118-49AF-96E0-A625397CB4E7} = {A2F4E712-D6C9-4A34-981E-6CDA5B407DB8}
		{F7A3EC45-88C3-45AF-93EB-DDB3CED1C504} = {A2F4E712-D6C9-4A34-981E-6CDA5B407DB8}
		{1972FF93-ED46-43B6-AE24-8E6EC51DF105} = {5880C46B-9774-45E6-89A7-1F51A9184E13}
		{63D1F7C7-129F-4853-99E1-304A4475A7F5} = {5880C46B-9774-45E6-89A7-1F51A9184E13}
		{D2855D02-8A4E-401B-8204-44F7749D25A0} = {5880C46B-9774-45E6-89A7-1F51A9184E13}
		{03250652-7AC1-4B27-AAE5-94B25BB51163} = {5880C46B-9774-45E6-89A7-1F51A9184E13}
		{F80B8CF4-3EC5-48CE-93D2-68BD7B4E265A} = {5880C46B-9774-45E6-89A7-1F51A9184E13}
		{A440EA4B-980F-4C3E-9985-CD50DEC4EADF} = {F7A3EC45-88C3-45AF-93EB-DDB3CED1C504}
		{0CE2A698-198E-4F09-8307-F376B9E9BE31} = {F7A3EC45-88C3-45AF-93EB-DDB3CED1C504}
		{0E8584D4-4153-4CE5-BFDF-894D5F02D5A2} = {F7A3EC45-88C3-45AF-93EB-DDB3CED1C504}
		{99BF7375-C5C7-40E7-8DB5-B9AEF839EEE3} = {268A3A6E-5118-49AF-96E0-A625397CB4E7}
		{C5160D25-6776-4743-8DE8-82EC95F43259} = {268A3A6E-5118-49AF-96E0-A625397CB4E7}
		{E37AE539-3CE5-488E-AAA8-99914826C3A8} = {F7A3EC45-88C3-45AF-93EB-DDB3CED1C504}
		{A2F4E712-D6C9-4A34-981E-6CDA5B407DB8} = {02EA681E-C7D8-13C7-8484-4AC65E1B71E8}
		{CE3F4D43-417C-7951-52D2-C445B3D0DBF2} = {80E7C4B8-5A55-42D3-A762-8727B6995FDE}
		{FE96BA1D-00A2-92AE-C4EA-4C39DD811C23} = {80E7C4B8-5A55-42D3-A762-8727B6995FDE}
		{BC6954D3-126A-106D-B8EB-6E2A2639BDEA} = {80E7C4B8-5A55-42D3-A762-8727B6995FDE}
		{38645107-C0E4-5531-2B0A-6B589810E72E} = {1972FF93-ED46-43B6-AE24-8E6EC51DF105}
		{7C9090F0-8630-FA1E-29AE-31274B23BB09} = {1972FF93-ED46-43B6-AE24-8E6EC51DF105}
		{5585F1EF-396E-4CCA-3A6C-8F2284E735B9} = {1972FF93-ED46-43B6-AE24-8E6EC51DF105}
		{01ED6ADF-40E1-20EF-BD0F-E4421E176459} = {63D1F7C7-129F-4853-99E1-304A4475A7F5}
		{42283025-6A0C-3EDF-E353-127C99C071C8} = {63D1F7C7-129F-4853-99E1-304A4475A7F5}
		{7591A94B-5FA2-D364-6E0A-A114555CC240} = {63D1F7C7-129F-4853-99E1-304A4475A7F5}
		{5FA38371-7FF1-4239-6382-2E20D3D8D907} = {D2855D02-8A4E-401B-8204-44F7749D25A0}
		{74C6C0FE-4BAC-601A-6C30-685FF292A9B4} = {D2855D02-8A4E-401B-8204-44F7749D25A0}
		{004B1C7D-37BE-C482-9F99-AE28EFC61EAB} = {D2855D02-8A4E-401B-8204-44F7749D25A0}
		{61012CFA-7C6F-EDD2-A3FC-E1106E8D2F1A} = {03250652-7AC1-4B27-AAE5-94B25BB51163}
		{6DAB5C9D-87D1-DD5A-3BDC-D4E721379E1B} = {03250652-7AC1-4B27-AAE5-94B25BB51163}
		{867CDC2A-9476-ABD2-F865-FFB92BD5F9DC} = {03250652-7AC1-4B27-AAE5-94B25BB51163}
		{79EA0B21-0539-DD5D-B500-5F59427CB106} = {F80B8CF4-3EC5-48CE-93D2-68BD7B4E265A}
		{C6410627-03C1-B702-12B1-1CF06250B040} = {F80B8CF4-3EC5-48CE-93D2-68BD7B4E265A}
		{84ECDEE7-90A6-8FB7-B363-B60F12DE41F0} = {F80B8CF4-3EC5-48CE-93D2-68BD7B4E265A}
		{01BC2245-2605-22A1-98D9-89ABC1CDA31D} = {D749CAFD-8471-4E87-A122-93ACFFB82501}
		{1B969FBA-D574-7DCC-C64E-B8C9BEDAF094} = {D749CAFD-8471-4E87-A122-93ACFFB82501}
		{63A5E44F-83F9-8DA1-7B66-4812E14D5035} = {D749CAFD-8471-4E87-A122-93ACFFB82501}
		{B8F56C0E-DD71-6752-D94E-526C9D4237A9} = {C5160D25-6776-4743-8DE8-82EC95F43259}
		{3F14B64A-01B0-A194-2306-397247AD6687} = {C5160D25-6776-4743-8DE8-82EC95F43259}
		{0A96F7B9-5F15-7089-108D-C504474C80BE} = {C5160D25-6776-4743-8DE8-82EC95F43259}
		{AC288274-64F6-1CC6-6FB6-7FA3499FAB74} = {99BF7375-C5C7-40E7-8DB5-B9AEF839EEE3}
		{801BA970-EA12-5B55-CD43-244EC5DFA3AA} = {99BF7375-C5C7-40E7-8DB5-B9AEF839EEE3}
		{F028F3F4-9F2B-61A9-8FAD-E3C66396E31D} = {99BF7375-C5C7-40E7-8DB5-B9AEF839EEE3}
		{19AAE45F-8A75-AE09-B70D-8842FC8829E2} = {A440EA4B-980F-4C3E-9985-CD50DEC4EADF}
		{0A886CF7-C339-C963-BA50-20D2F43C8297} = {A440EA4B-980F-4C3E-9985-CD50DEC4EADF}
		{FE251A9B-BD8D-0AC8-D328-6BFFCADC9036} = {A440EA4B-980F-4C3E-9985-CD50DEC4EADF}
		{99591B46-0E89-6EE2-CFE8-7C02DD63B2F6} = {0CE2A698-198E-4F09-8307-F376B9E9BE31}
		{33458F75-8218-2760-4CDC-299133294E12} = {0CE2A698-198E-4F09-8307-F376B9E9BE31}
		{37E994ED-3336-57C5-3440-FE642D868E7B} = {0CE2A698-198E-4F09-8307-F376B9E9BE31}
		{A6E58355-75A7-FB65-9010-9AC8D468BDAD} = {E37AE539-3CE5-488E-AAA8-99914826C3A8}
		{9791930B-813A-424C-A3B9-12811AC9FB13} = {E37AE539-3CE5-488E-AAA8-99914826C3A8}
		{C7E265A1-BA8E-D7A2-0703-B9778986DCBB} = {E37AE539-3CE5-488E-AAA8-99914826C3A8}
		{E8D5D27B-0AC0-76DA-F89A-762E3D919E40} = {0E8584D4-4153-4CE5-BFDF-894D5F02D5A2}
		{8B8FD9C4-061C-59C9-266C-2C8A5F28811E} = {0E8584D4-4153-4CE5-BFDF-894D5F02D5A2}
		{D48029A7-C048-1BF8-4953-BED87C606ABC} = {0E8584D4-4153-4CE5-BFDF-894D5F02D5A2}
		{0ADEA563-6D9B-45E4-9B1E-5E5359EA393C} = {A2F4E712-D6C9-4A34-981E-6CDA5B407DB8}
		{BAB11586-4C2E-4F65-9375-3287A31E0FB7} = {A2F4E712-D6C9-4A34-981E-6CDA5B407DB8}
		{34421E4D-6256-5222-6632-40DC4F8149F2} = {0ADEA563-6D9B-45E4-9B1E-5E5359EA393C}
		{A545A7A1-30CF-88E8-0D69-D599172B5744} = {BAB11586-4C2E-4F65-9375-3287A31E0FB7}
	EndGlobalSection
	GlobalSection(ExtensibilityGlobals) = postSolution
		SolutionGuid = {C6211D30-DCB0-4037-ACB7-51588200E27B}
	EndGlobalSection
EndGlobal
