
Microsoft Visual Studio Solution File, Format Version 12.00
# Visual Studio Version 17
VisualStudioVersion = 17.0.31903.59
MinimumVisualStudioVersion = 10.0.40219.1
Project("{2150E333-8FDC-42A3-9474-1A3956D46DE8}") = "src", "src", "{02EA681E-C7D8-13C7-8484-4AC65E1B71E8}"
EndProject
Project("{2150E333-8FDC-42A3-9474-1A3956D46DE8}") = "Itens de Solução", "Itens de Solução", "{380A7511-A354-6D7A-0CC0-8FA1F1BA7B6C}"
	ProjectSection(SolutionItems) = preProject
		.gitignore = .gitignore
		GEMINI.md = GEMINI.md
		LICENSE = LICENSE
		README.md = README.md
	EndProjectSection
EndProject
Project("{2150E333-8FDC-42A3-9474-1A3956D46DE8}") = "App", "App", "{AFBAC460-33FE-4620-AD2E-B04E4E089055}"
EndProject
Project("{2150E333-8FDC-42A3-9474-1A3956D46DE8}") = "Core", "Core", "{E728EE8A-90ED-4D20-B326-13AA97A4956C}"
EndProject
Project("{2150E333-8FDC-42A3-9474-1A3956D46DE8}") = "Jobs", "Jobs", "{0DE84D01-A448-409F-8778-D384DBA3D975}"
EndProject
Project("{2150E333-8FDC-42A3-9474-1A3956D46DE8}") = "WebApi", "WebApi", "{65F33ECF-8366-4C44-AD80-2633DD49955B}"
EndProject
Project("{2150E333-8FDC-42A3-9474-1A3956D46DE8}") = "WebApp", "WebApp", "{75DB7F43-4461-407B-9F2E-BD80C2B83F75}"
EndProject
Project("{2150E333-8FDC-42A3-9474-1A3956D46DE8}") = "General", "General", "{15F98904-DC5E-48CF-8576-8324E1262E52}"
EndProject
Project("{2150E333-8FDC-42A3-9474-1A3956D46DE8}") = "LinxCommerce", "LinxCommerce", "{BA5E7EC1-B9F5-430C-9222-A807E28D3526}"
EndProject
Project("{2150E333-8FDC-42A3-9474-1A3956D46DE8}") = "LinxMicrovix", "LinxMicrovix", "{607F1EA5-D655-455C-B799-7509980BE213}"
EndProject
Project("{2150E333-8FDC-42A3-9474-1A3956D46DE8}") = "Shippment", "Shippment", "{26874EE0-B94F-460D-8F6D-2DE321F3D4AF}"
EndProject
Project("{2150E333-8FDC-42A3-9474-1A3956D46DE8}") = "WebApi", "WebApi", "{B2769E26-F817-47CA-89BE-742DCC095175}"
EndProject
Project("{2150E333-8FDC-42A3-9474-1A3956D46DE8}") = "WebJob", "WebJob", "{F567497C-AA4B-44EC-8FEC-20B98C68F431}"
EndProject
Project("{2150E333-8FDC-42A3-9474-1A3956D46DE8}") = "FlashCourier", "FlashCourier", "{8B9CE167-AC3B-457B-A4B4-5890092BB8EF}"
EndProject
Project("{2150E333-8FDC-42A3-9474-1A3956D46DE8}") = "Jadlog", "Jadlog", "{D4560198-043E-46F6-800D-9FD6553A0874}"
EndProject
Project("{2150E333-8FDC-42A3-9474-1A3956D46DE8}") = "Stone", "Stone", "{D92D92F3-934E-47ED-8C48-E223E929A4C0}"
EndProject
Project("{2150E333-8FDC-42A3-9474-1A3956D46DE8}") = "TotalExpress", "TotalExpress", "{A25FEF85-ECFE-40F7-816D-39D6CA400676}"
EndProject
Project("{2150E333-8FDC-42A3-9474-1A3956D46DE8}") = "LinxMicrovix - Inbound Web Service", "LinxMicrovix - Inbound Web Service", "{B28332C6-EBE9-47E4-BD29-380FE195519E}"
EndProject
Project("{2150E333-8FDC-42A3-9474-1A3956D46DE8}") = "LinxMicrovix - Outbound Web Service", "LinxMicrovix - Outbound Web Service", "{BF46EC25-430C-4381-9AD0-218F96B519B1}"
EndProject
Project("{2150E333-8FDC-42A3-9474-1A3956D46DE8}") = "AfterSale", "AfterSale", "{F1068498-2688-4B8D-8B66-3776BBC59B52}"
EndProject
Project("{2150E333-8FDC-42A3-9474-1A3956D46DE8}") = "Dootax", "Dootax", "{F32FBEF5-87A6-4FE9-ABB8-EE8B3C643D30}"
EndProject
Project("{2150E333-8FDC-42A3-9474-1A3956D46DE8}") = "Mobsim", "Mobsim", "{91C126D6-1F8D-4931-898B-431DD790B5B1}"
EndProject
Project("{2150E333-8FDC-42A3-9474-1A3956D46DE8}") = "Movidesk", "Movidesk", "{AC12967E-BC8B-427E-9EF6-AC6A5D5E136D}"
EndProject
Project("{2150E333-8FDC-42A3-9474-1A3956D46DE8}") = "Pagarme", "Pagarme", "{F6045289-B518-4B6A-B08F-D9809DB7679D}"
EndProject
Project("{FAE04EC0-301F-11D3-BF4B-00C04F79EFBC}") = "Application.Core", "src\Core\Application.Core\Application.Core.csproj", "{CE3F4D43-417C-7951-52D2-C445B3D0DBF2}"
EndProject
Project("{FAE04EC0-301F-11D3-BF4B-00C04F79EFBC}") = "Domain.Core", "src\Core\Domain.Core\Domain.Core.csproj", "{FE96BA1D-00A2-92AE-C4EA-4C39DD811C23}"
EndProject
Project("{FAE04EC0-301F-11D3-BF4B-00C04F79EFBC}") = "Infrastructure.Core", "src\Core\Infrastructure.Core\Infrastructure.Core.csproj", "{BC6954D3-126A-106D-B8EB-6E2A2639BDEA}"
EndProject
Project("{FAE04EC0-301F-11D3-BF4B-00C04F79EFBC}") = "Application.WebApp", "src\App\WebApp\Application.App\Application.WebApp.csproj", "{59298FAC-02A0-73B5-C63A-7D87FB4DEA0B}"
EndProject
Project("{FAE04EC0-301F-11D3-BF4B-00C04F79EFBC}") = "Domain.WebApp", "src\App\WebApp\Domain.App\Domain.WebApp.csproj", "{CD06B929-A12B-CF90-B7F1-735B927CB94E}"
EndProject
Project("{FAE04EC0-301F-11D3-BF4B-00C04F79EFBC}") = "Infrastructure.WebApp", "src\App\WebApp\Infrastructure.App\Infrastructure.WebApp.csproj", "{A3B65F39-AEDE-EE63-CFD2-F325535F561F}"
EndProject
Project("{FAE04EC0-301F-11D3-BF4B-00C04F79EFBC}") = "WebApp", "src\App\WebApp\WebApp\WebApp.csproj", "{05C57134-798C-873C-719D-63C5EDA9D373}"
EndProject
Project("{FAE04EC0-301F-11D3-BF4B-00C04F79EFBC}") = "Application.WebApi", "src\App\WebApi\Application.WebApi\Application.WebApi.csproj", "{D5F0CB2A-381C-0666-69A0-00FEE28FB69E}"
EndProject
Project("{FAE04EC0-301F-11D3-BF4B-00C04F79EFBC}") = "Domain.WebApi", "src\App\WebApi\Domain.WebApi\Domain.WebApi.csproj", "{F9CB1C8D-73E4-1C99-0EA5-D6EF6D385355}"
EndProject
Project("{FAE04EC0-301F-11D3-BF4B-00C04F79EFBC}") = "Infrastructure.WebApi", "src\App\WebApi\Infrastructure.WebApi\Infrastructure.WebApi.csproj", "{4F584A81-4E5E-A66E-05B5-72D9D8624402}"
EndProject
Project("{FAE04EC0-301F-11D3-BF4B-00C04F79EFBC}") = "WebApi", "src\App\WebApi\WebApi\WebApi.csproj", "{8B0ED871-282B-C7C4-1197-DABDB3019946}"
EndProject
Project("{FAE04EC0-301F-11D3-BF4B-00C04F79EFBC}") = "Application.AfterSale", "src\Jobs\General\AfterSale\Application.AfterSale\Application.AfterSale.csproj", "{38645107-C0E4-5531-2B0A-6B589810E72E}"
EndProject
Project("{FAE04EC0-301F-11D3-BF4B-00C04F79EFBC}") = "Domain.AfterSale", "src\Jobs\General\AfterSale\Domain.AfterSale\Domain.AfterSale.csproj", "{7C9090F0-8630-FA1E-29AE-31274B23BB09}"
EndProject
Project("{FAE04EC0-301F-11D3-BF4B-00C04F79EFBC}") = "Infrastructure.AfterSale", "src\Jobs\General\AfterSale\Infrastructure.AfterSale\Infrastructure.AfterSale.csproj", "{5585F1EF-396E-4CCA-3A6C-8F2284E735B9}"
EndProject
Project("{FAE04EC0-301F-11D3-BF4B-00C04F79EFBC}") = "Application.Dootax", "src\Jobs\General\Dootax\Application.Dootax\Application.Dootax.csproj", "{01ED6ADF-40E1-20EF-BD0F-E4421E176459}"
EndProject
Project("{FAE04EC0-301F-11D3-BF4B-00C04F79EFBC}") = "Domain.Dootax", "src\Jobs\General\Dootax\Domain.Dootax\Domain.Dootax.csproj", "{42283025-6A0C-3EDF-E353-127C99C071C8}"
EndProject
Project("{FAE04EC0-301F-11D3-BF4B-00C04F79EFBC}") = "Infrastructure.Dootax", "src\Jobs\General\Dootax\Infrastructure.Dootax\Infrastructure.Dootax.csproj", "{7591A94B-5FA2-D364-6E0A-A114555CC240}"
EndProject
Project("{FAE04EC0-301F-11D3-BF4B-00C04F79EFBC}") = "Application.Mobsim", "src\Jobs\General\Mobsim\Application.Mobsim\Application.Mobsim.csproj", "{5FA38371-7FF1-4239-6382-2E20D3D8D907}"
EndProject
Project("{FAE04EC0-301F-11D3-BF4B-00C04F79EFBC}") = "Domain.Mobsim", "src\Jobs\General\Mobsim\Domain.Mobsim\Domain.Mobsim.csproj", "{74C6C0FE-4BAC-601A-6C30-685FF292A9B4}"
EndProject
Project("{FAE04EC0-301F-11D3-BF4B-00C04F79EFBC}") = "Infrastructure.Mobsim", "src\Jobs\General\Mobsim\Infrastructure.Mobsim\Infrastructure.Mobsim.csproj", "{004B1C7D-37BE-C482-9F99-AE28EFC61EAB}"
EndProject
Project("{FAE04EC0-301F-11D3-BF4B-00C04F79EFBC}") = "Application.Movidesk", "src\Jobs\General\Movidesk\Application.Movidesk\Application.Movidesk.csproj", "{61012CFA-7C6F-EDD2-A3FC-E1106E8D2F1A}"
EndProject
Project("{FAE04EC0-301F-11D3-BF4B-00C04F79EFBC}") = "Domain.Movidesk", "src\Jobs\General\Movidesk\Domain.Movidesk\Domain.Movidesk.csproj", "{6DAB5C9D-87D1-DD5A-3BDC-D4E721379E1B}"
EndProject
Project("{FAE04EC0-301F-11D3-BF4B-00C04F79EFBC}") = "Infrastructure.Movidesk", "src\Jobs\General\Movidesk\Infrastructure.Movidesk\Infrastructure.Movidesk.csproj", "{867CDC2A-9476-ABD2-F865-FFB92BD5F9DC}"
EndProject
Project("{FAE04EC0-301F-11D3-BF4B-00C04F79EFBC}") = "Application.Pagarme", "src\Jobs\General\Pagarme\Application.Pagarme\Application.Pagarme.csproj", "{79EA0B21-0539-DD5D-B500-5F59427CB106}"
EndProject
Project("{FAE04EC0-301F-11D3-BF4B-00C04F79EFBC}") = "Domain.Pagarme", "src\Jobs\General\Pagarme\Domain.Pagarme\Domain.Pagarme.csproj", "{C6410627-03C1-B702-12B1-1CF06250B040}"
EndProject
Project("{FAE04EC0-301F-11D3-BF4B-00C04F79EFBC}") = "Infrastructure.Pagarme", "src\Jobs\General\Pagarme\Infrastructure.Pagarme\Infrastructure.Pagarme.csproj", "{84ECDEE7-90A6-8FB7-B363-B60F12DE41F0}"
EndProject
Project("{FAE04EC0-301F-11D3-BF4B-00C04F79EFBC}") = "Application.LinxCommerce", "src\Jobs\LinxCommerce\Application.LinxCommerce\Application.LinxCommerce.csproj", "{01BC2245-2605-22A1-98D9-89ABC1CDA31D}"
EndProject
Project("{FAE04EC0-301F-11D3-BF4B-00C04F79EFBC}") = "Domain.LinxCommerce", "src\Jobs\LinxCommerce\Domain.LinxCommerce\Domain.LinxCommerce.csproj", "{1B969FBA-D574-7DCC-C64E-B8C9BEDAF094}"
EndProject
Project("{FAE04EC0-301F-11D3-BF4B-00C04F79EFBC}") = "Infrastructure.LinxCommerce", "src\Jobs\LinxCommerce\Infrastructure.LinxCommerce\Infrastructure.LinxCommerce.csproj", "{63A5E44F-83F9-8DA1-7B66-4812E14D5035}"
EndProject
Project("{FAE04EC0-301F-11D3-BF4B-00C04F79EFBC}") = "Application.LinxMicrovix.Inbound.WebService", "src\Jobs\LinxMicrovix\LinxMicrovix - Inbound Web Service\Application.LinxMicrovix.Inbound.WebService\Application.LinxMicrovix.Inbound.WebService.csproj", "{B8F56C0E-DD71-6752-D94E-526C9D4237A9}"
EndProject
Project("{FAE04EC0-301F-11D3-BF4B-00C04F79EFBC}") = "Domain.LinxMicrovix.Inbound.WebService", "src\Jobs\LinxMicrovix\LinxMicrovix - Inbound Web Service\Domain.LinxMicrovix.Inbound.WebService\Domain.LinxMicrovix.Inbound.WebService.csproj", "{3F14B64A-01B0-A194-2306-397247AD6687}"
EndProject
Project("{FAE04EC0-301F-11D3-BF4B-00C04F79EFBC}") = "Infrastructure.LinxMicrovix.Inbound.WebService", "src\Jobs\LinxMicrovix\LinxMicrovix - Inbound Web Service\Infrastructure.LinxMicrovix.Inbound.WebService\Infrastructure.LinxMicrovix.Inbound.WebService.csproj", "{0A96F7B9-5F15-7089-108D-C504474C80BE}"
EndProject
Project("{FAE04EC0-301F-11D3-BF4B-00C04F79EFBC}") = "Application.LinxMicrovix.Outbound.WebService", "src\Jobs\LinxMicrovix\LinxMicrovix - Outbound Web Service\Application.LinxMicrovix.Outbound.WebService\Application.LinxMicrovix.Outbound.WebService.csproj", "{AC288274-64F6-1CC6-6FB6-7FA3499FAB74}"
EndProject
Project("{FAE04EC0-301F-11D3-BF4B-00C04F79EFBC}") = "Domain.LinxMicrovix.Outbound.WebService", "src\Jobs\LinxMicrovix\LinxMicrovix - Outbound Web Service\Domain.LinxMicrovix.Outbound.WebService\Domain.LinxMicrovix.Outbound.WebService.csproj", "{801BA970-EA12-5B55-CD43-244EC5DFA3AA}"
EndProject
Project("{FAE04EC0-301F-11D3-BF4B-00C04F79EFBC}") = "Infrastructure.LinxMicrovix.Outbound.WebService", "src\Jobs\LinxMicrovix\LinxMicrovix - Outbound Web Service\Infrastructure.LinxMicrovix.Outbound.WebService\Infrastructure.LinxMicrovix.Outbound.WebService.csproj", "{F028F3F4-9F2B-61A9-8FAD-E3C66396E31D}"
EndProject
Project("{FAE04EC0-301F-11D3-BF4B-00C04F79EFBC}") = "Application.FlashCourier", "src\Jobs\Shippment\FlashCourier\Application.FlashCourier\Application.FlashCourier.csproj", "{19AAE45F-8A75-AE09-B70D-8842FC8829E2}"
EndProject
Project("{FAE04EC0-301F-11D3-BF4B-00C04F79EFBC}") = "Domain.FlashCourier", "src\Jobs\Shippment\FlashCourier\Domain.FlashCourier\Domain.FlashCourier.csproj", "{0A886CF7-C339-C963-BA50-20D2F43C8297}"
EndProject
Project("{FAE04EC0-301F-11D3-BF4B-00C04F79EFBC}") = "Infrastructure.FlashCourier", "src\Jobs\Shippment\FlashCourier\Infrastructure.FlashCourier\Infrastructure.FlashCourier.csproj", "{FE251A9B-BD8D-0AC8-D328-6BFFCADC9036}"
EndProject
Project("{FAE04EC0-301F-11D3-BF4B-00C04F79EFBC}") = "Application.Jadlog", "src\Jobs\Shippment\Jadlog\Application.Jadlog\Application.Jadlog.csproj", "{99591B46-0E89-6EE2-CFE8-7C02DD63B2F6}"
EndProject
Project("{FAE04EC0-301F-11D3-BF4B-00C04F79EFBC}") = "Domain.Jadlog", "src\Jobs\Shippment\Jadlog\Domain.Jadlog\Domain.Jadlog.csproj", "{33458F75-8218-2760-4CDC-299133294E12}"
EndProject
Project("{FAE04EC0-301F-11D3-BF4B-00C04F79EFBC}") = "Infrastructure.Jadlog", "src\Jobs\Shippment\Jadlog\Infrastructure.Jadlog\Infrastructure.Jadlog.csproj", "{37E994ED-3336-57C5-3440-FE642D868E7B}"
EndProject
Project("{FAE04EC0-301F-11D3-BF4B-00C04F79EFBC}") = "Application.Stone", "src\Jobs\Shippment\Stone\Application.Stone\Application.Stone.csproj", "{A6E58355-75A7-FB65-9010-9AC8D468BDAD}"
EndProject
Project("{FAE04EC0-301F-11D3-BF4B-00C04F79EFBC}") = "Domain.Stone", "src\Jobs\Shippment\Stone\Domain.Stone\Domain.Stone.csproj", "{9791930B-813A-424C-A3B9-12811AC9FB13}"
EndProject
Project("{FAE04EC0-301F-11D3-BF4B-00C04F79EFBC}") = "Infrastructure.Stone", "src\Jobs\Shippment\Stone\Infrastructure.Stone\Infrastructure.Stone.csproj", "{C7E265A1-BA8E-D7A2-0703-B9778986DCBB}"
EndProject
Project("{FAE04EC0-301F-11D3-BF4B-00C04F79EFBC}") = "Application.TotalExpress", "src\Jobs\Shippment\TotalExpress\Application.TotalExpress\Application.TotalExpress.csproj", "{E8D5D27B-0AC0-76DA-F89A-762E3D919E40}"
EndProject
Project("{FAE04EC0-301F-11D3-BF4B-00C04F79EFBC}") = "Domain.TotalExpress", "src\Jobs\Shippment\TotalExpress\Domain.TotalExpress\Domain.TotalExpress.csproj", "{8B8FD9C4-061C-59C9-266C-2C8A5F28811E}"
EndProject
Project("{FAE04EC0-301F-11D3-BF4B-00C04F79EFBC}") = "Infrastructure.TotalExpress", "src\Jobs\Shippment\TotalExpress\Infrastructure.TotalExpress\Infrastructure.TotalExpress.csproj", "{D48029A7-C048-1BF8-4953-BED87C606ABC}"
EndProject
Project("{FAE04EC0-301F-11D3-BF4B-00C04F79EFBC}") = "WebApi", "src\Jobs\WebApi\WebApi\WebApi.csproj", "{34421E4D-6256-5222-6632-40DC4F8149F2}"
EndProject
Project("{FAE04EC0-301F-11D3-BF4B-00C04F79EFBC}") = "WebJob", "src\Jobs\WebJob\WebJob\WebJob.csproj", "{A545A7A1-30CF-88E8-0D69-D599172B5744}"
EndProject
Project("{2150E333-8FDC-42A3-9474-1A3956D46DE8}") = "tests", "tests", "{FDD81B0F-7DCD-4512-AD7C-236112CF3AAE}"
EndProject
Project("{2150E333-8FDC-42A3-9474-1A3956D46DE8}") = "Workers", "Workers", "{6207B101-29EA-4271-85FB-2DB6350BC0F0}"
EndProject
Project("{FAE04EC0-301F-11D3-BF4B-00C04F79EFBC}") = "LabelsPrinter", "src\Workers\LabelsPrinter\LabelsPrinter.csproj", "{5BA397B9-5755-4EFF-8EF2-A6D056611AEB}"
EndProject
Global
	GlobalSection(SolutionConfigurationPlatforms) = preSolution
		Debug|Any CPU = Debug|Any CPU
		Release|Any CPU = Release|Any CPU
	EndGlobalSection
	GlobalSection(ProjectConfigurationPlatforms) = postSolution
		{CE3F4D43-417C-7951-52D2-C445B3D0DBF2}.Debug|Any CPU.ActiveCfg = Debug|Any CPU
		{CE3F4D43-417C-7951-52D2-C445B3D0DBF2}.Debug|Any CPU.Build.0 = Debug|Any CPU
		{CE3F4D43-417C-7951-52D2-C445B3D0DBF2}.Release|Any CPU.ActiveCfg = Release|Any CPU
		{CE3F4D43-417C-7951-52D2-C445B3D0DBF2}.Release|Any CPU.Build.0 = Release|Any CPU
		{FE96BA1D-00A2-92AE-C4EA-4C39DD811C23}.Debug|Any CPU.ActiveCfg = Debug|Any CPU
		{FE96BA1D-00A2-92AE-C4EA-4C39DD811C23}.Debug|Any CPU.Build.0 = Debug|Any CPU
		{FE96BA1D-00A2-92AE-C4EA-4C39DD811C23}.Release|Any CPU.ActiveCfg = Release|Any CPU
		{FE96BA1D-00A2-92AE-C4EA-4C39DD811C23}.Release|Any CPU.Build.0 = Release|Any CPU
		{BC6954D3-126A-106D-B8EB-6E2A2639BDEA}.Debug|Any CPU.ActiveCfg = Debug|Any CPU
		{BC6954D3-126A-106D-B8EB-6E2A2639BDEA}.Debug|Any CPU.Build.0 = Debug|Any CPU
		{BC6954D3-126A-106D-B8EB-6E2A2639BDEA}.Release|Any CPU.ActiveCfg = Release|Any CPU
		{BC6954D3-126A-106D-B8EB-6E2A2639BDEA}.Release|Any CPU.Build.0 = Release|Any CPU
		{59298FAC-02A0-73B5-C63A-7D87FB4DEA0B}.Debug|Any CPU.ActiveCfg = Debug|Any CPU
		{59298FAC-02A0-73B5-C63A-7D87FB4DEA0B}.Debug|Any CPU.Build.0 = Debug|Any CPU
		{59298FAC-02A0-73B5-C63A-7D87FB4DEA0B}.Release|Any CPU.ActiveCfg = Release|Any CPU
		{59298FAC-02A0-73B5-C63A-7D87FB4DEA0B}.Release|Any CPU.Build.0 = Release|Any CPU
		{CD06B929-A12B-CF90-B7F1-735B927CB94E}.Debug|Any CPU.ActiveCfg = Debug|Any CPU
		{CD06B929-A12B-CF90-B7F1-735B927CB94E}.Debug|Any CPU.Build.0 = Debug|Any CPU
		{CD06B929-A12B-CF90-B7F1-735B927CB94E}.Release|Any CPU.ActiveCfg = Release|Any CPU
		{CD06B929-A12B-CF90-B7F1-735B927CB94E}.Release|Any CPU.Build.0 = Release|Any CPU
		{A3B65F39-AEDE-EE63-CFD2-F325535F561F}.Debug|Any CPU.ActiveCfg = Debug|Any CPU
		{A3B65F39-AEDE-EE63-CFD2-F325535F561F}.Debug|Any CPU.Build.0 = Debug|Any CPU
		{A3B65F39-AEDE-EE63-CFD2-F325535F561F}.Release|Any CPU.ActiveCfg = Release|Any CPU
		{A3B65F39-AEDE-EE63-CFD2-F325535F561F}.Release|Any CPU.Build.0 = Release|Any CPU
		{05C57134-798C-873C-719D-63C5EDA9D373}.Debug|Any CPU.ActiveCfg = Debug|Any CPU
		{05C57134-798C-873C-719D-63C5EDA9D373}.Debug|Any CPU.Build.0 = Debug|Any CPU
		{05C57134-798C-873C-719D-63C5EDA9D373}.Release|Any CPU.ActiveCfg = Release|Any CPU
		{05C57134-798C-873C-719D-63C5EDA9D373}.Release|Any CPU.Build.0 = Release|Any CPU
		{D5F0CB2A-381C-0666-69A0-00FEE28FB69E}.Debug|Any CPU.ActiveCfg = Debug|Any CPU
		{D5F0CB2A-381C-0666-69A0-00FEE28FB69E}.Debug|Any CPU.Build.0 = Debug|Any CPU
		{D5F0CB2A-381C-0666-69A0-00FEE28FB69E}.Release|Any CPU.ActiveCfg = Release|Any CPU
		{D5F0CB2A-381C-0666-69A0-00FEE28FB69E}.Release|Any CPU.Build.0 = Release|Any CPU
		{F9CB1C8D-73E4-1C99-0EA5-D6EF6D385355}.Debug|Any CPU.ActiveCfg = Debug|Any CPU
		{F9CB1C8D-73E4-1C99-0EA5-D6EF6D385355}.Debug|Any CPU.Build.0 = Debug|Any CPU
		{F9CB1C8D-73E4-1C99-0EA5-D6EF6D385355}.Release|Any CPU.ActiveCfg = Release|Any CPU
		{F9CB1C8D-73E4-1C99-0EA5-D6EF6D385355}.Release|Any CPU.Build.0 = Release|Any CPU
		{4F584A81-4E5E-A66E-05B5-72D9D8624402}.Debug|Any CPU.ActiveCfg = Debug|Any CPU
		{4F584A81-4E5E-A66E-05B5-72D9D8624402}.Debug|Any CPU.Build.0 = Debug|Any CPU
		{4F584A81-4E5E-A66E-05B5-72D9D8624402}.Release|Any CPU.ActiveCfg = Release|Any CPU
		{4F584A81-4E5E-A66E-05B5-72D9D8624402}.Release|Any CPU.Build.0 = Release|Any CPU
		{8B0ED871-282B-C7C4-1197-DABDB3019946}.Debug|Any CPU.ActiveCfg = Debug|Any CPU
		{8B0ED871-282B-C7C4-1197-DABDB3019946}.Debug|Any CPU.Build.0 = Debug|Any CPU
		{8B0ED871-282B-C7C4-1197-DABDB3019946}.Release|Any CPU.ActiveCfg = Release|Any CPU
		{8B0ED871-282B-C7C4-1197-DABDB3019946}.Release|Any CPU.Build.0 = Release|Any CPU
		{38645107-C0E4-5531-2B0A-6B589810E72E}.Debug|Any CPU.ActiveCfg = Debug|Any CPU
		{38645107-C0E4-5531-2B0A-6B589810E72E}.Debug|Any CPU.Build.0 = Debug|Any CPU
		{38645107-C0E4-5531-2B0A-6B589810E72E}.Release|Any CPU.ActiveCfg = Release|Any CPU
		{38645107-C0E4-5531-2B0A-6B589810E72E}.Release|Any CPU.Build.0 = Release|Any CPU
		{7C9090F0-8630-FA1E-29AE-31274B23BB09}.Debug|Any CPU.ActiveCfg = Debug|Any CPU
		{7C9090F0-8630-FA1E-29AE-31274B23BB09}.Debug|Any CPU.Build.0 = Debug|Any CPU
		{7C9090F0-8630-FA1E-29AE-31274B23BB09}.Release|Any CPU.ActiveCfg = Release|Any CPU
		{7C9090F0-8630-FA1E-29AE-31274B23BB09}.Release|Any CPU.Build.0 = Release|Any CPU
		{5585F1EF-396E-4CCA-3A6C-8F2284E735B9}.Debug|Any CPU.ActiveCfg = Debug|Any CPU
		{5585F1EF-396E-4CCA-3A6C-8F2284E735B9}.Debug|Any CPU.Build.0 = Debug|Any CPU
		{5585F1EF-396E-4CCA-3A6C-8F2284E735B9}.Release|Any CPU.ActiveCfg = Release|Any CPU
		{5585F1EF-396E-4CCA-3A6C-8F2284E735B9}.Release|Any CPU.Build.0 = Release|Any CPU
		{01ED6ADF-40E1-20EF-BD0F-E4421E176459}.Debug|Any CPU.ActiveCfg = Debug|Any CPU
		{01ED6ADF-40E1-20EF-BD0F-E4421E176459}.Debug|Any CPU.Build.0 = Debug|Any CPU
		{01ED6ADF-40E1-20EF-BD0F-E4421E176459}.Release|Any CPU.ActiveCfg = Release|Any CPU
		{01ED6ADF-40E1-20EF-BD0F-E4421E176459}.Release|Any CPU.Build.0 = Release|Any CPU
		{42283025-6A0C-3EDF-E353-127C99C071C8}.Debug|Any CPU.ActiveCfg = Debug|Any CPU
		{42283025-6A0C-3EDF-E353-127C99C071C8}.Debug|Any CPU.Build.0 = Debug|Any CPU
		{42283025-6A0C-3EDF-E353-127C99C071C8}.Release|Any CPU.ActiveCfg = Release|Any CPU
		{42283025-6A0C-3EDF-E353-127C99C071C8}.Release|Any CPU.Build.0 = Release|Any CPU
		{7591A94B-5FA2-D364-6E0A-A114555CC240}.Debug|Any CPU.ActiveCfg = Debug|Any CPU
		{7591A94B-5FA2-D364-6E0A-A114555CC240}.Debug|Any CPU.Build.0 = Debug|Any CPU
		{7591A94B-5FA2-D364-6E0A-A114555CC240}.Release|Any CPU.ActiveCfg = Release|Any CPU
		{7591A94B-5FA2-D364-6E0A-A114555CC240}.Release|Any CPU.Build.0 = Release|Any CPU
		{5FA38371-7FF1-4239-6382-2E20D3D8D907}.Debug|Any CPU.ActiveCfg = Debug|Any CPU
		{5FA38371-7FF1-4239-6382-2E20D3D8D907}.Debug|Any CPU.Build.0 = Debug|Any CPU
		{5FA38371-7FF1-4239-6382-2E20D3D8D907}.Release|Any CPU.ActiveCfg = Release|Any CPU
		{5FA38371-7FF1-4239-6382-2E20D3D8D907}.Release|Any CPU.Build.0 = Release|Any CPU
		{74C6C0FE-4BAC-601A-6C30-685FF292A9B4}.Debug|Any CPU.ActiveCfg = Debug|Any CPU
		{74C6C0FE-4BAC-601A-6C30-685FF292A9B4}.Debug|Any CPU.Build.0 = Debug|Any CPU
		{74C6C0FE-4BAC-601A-6C30-685FF292A9B4}.Release|Any CPU.ActiveCfg = Release|Any CPU
		{74C6C0FE-4BAC-601A-6C30-685FF292A9B4}.Release|Any CPU.Build.0 = Release|Any CPU
		{004B1C7D-37BE-C482-9F99-AE28EFC61EAB}.Debug|Any CPU.ActiveCfg = Debug|Any CPU
		{004B1C7D-37BE-C482-9F99-AE28EFC61EAB}.Debug|Any CPU.Build.0 = Debug|Any CPU
		{004B1C7D-37BE-C482-9F99-AE28EFC61EAB}.Release|Any CPU.ActiveCfg = Release|Any CPU
		{004B1C7D-37BE-C482-9F99-AE28EFC61EAB}.Release|Any CPU.Build.0 = Release|Any CPU
		{61012CFA-7C6F-EDD2-A3FC-E1106E8D2F1A}.Debug|Any CPU.ActiveCfg = Debug|Any CPU
		{61012CFA-7C6F-EDD2-A3FC-E1106E8D2F1A}.Debug|Any CPU.Build.0 = Debug|Any CPU
		{61012CFA-7C6F-EDD2-A3FC-E1106E8D2F1A}.Release|Any CPU.ActiveCfg = Release|Any CPU
		{61012CFA-7C6F-EDD2-A3FC-E1106E8D2F1A}.Release|Any CPU.Build.0 = Release|Any CPU
		{6DAB5C9D-87D1-DD5A-3BDC-D4E721379E1B}.Debug|Any CPU.ActiveCfg = Debug|Any CPU
		{6DAB5C9D-87D1-DD5A-3BDC-D4E721379E1B}.Debug|Any CPU.Build.0 = Debug|Any CPU
		{6DAB5C9D-87D1-DD5A-3BDC-D4E721379E1B}.Release|Any CPU.ActiveCfg = Release|Any CPU
		{6DAB5C9D-87D1-DD5A-3BDC-D4E721379E1B}.Release|Any CPU.Build.0 = Release|Any CPU
		{867CDC2A-9476-ABD2-F865-FFB92BD5F9DC}.Debug|Any CPU.ActiveCfg = Debug|Any CPU
		{867CDC2A-9476-ABD2-F865-FFB92BD5F9DC}.Debug|Any CPU.Build.0 = Debug|Any CPU
		{867CDC2A-9476-ABD2-F865-FFB92BD5F9DC}.Release|Any CPU.ActiveCfg = Release|Any CPU
		{867CDC2A-9476-ABD2-F865-FFB92BD5F9DC}.Release|Any CPU.Build.0 = Release|Any CPU
		{79EA0B21-0539-DD5D-B500-5F59427CB106}.Debug|Any CPU.ActiveCfg = Debug|Any CPU
		{79EA0B21-0539-DD5D-B500-5F59427CB106}.Debug|Any CPU.Build.0 = Debug|Any CPU
		{79EA0B21-0539-DD5D-B500-5F59427CB106}.Release|Any CPU.ActiveCfg = Release|Any CPU
		{79EA0B21-0539-DD5D-B500-5F59427CB106}.Release|Any CPU.Build.0 = Release|Any CPU
		{C6410627-03C1-B702-12B1-1CF06250B040}.Debug|Any CPU.ActiveCfg = Debug|Any CPU
		{C6410627-03C1-B702-12B1-1CF06250B040}.Debug|Any CPU.Build.0 = Debug|Any CPU
		{C6410627-03C1-B702-12B1-1CF06250B040}.Release|Any CPU.ActiveCfg = Release|Any CPU
		{C6410627-03C1-B702-12B1-1CF06250B040}.Release|Any CPU.Build.0 = Release|Any CPU
		{84ECDEE7-90A6-8FB7-B363-B60F12DE41F0}.Debug|Any CPU.ActiveCfg = Debug|Any CPU
		{84ECDEE7-90A6-8FB7-B363-B60F12DE41F0}.Debug|Any CPU.Build.0 = Debug|Any CPU
		{84ECDEE7-90A6-8FB7-B363-B60F12DE41F0}.Release|Any CPU.ActiveCfg = Release|Any CPU
		{84ECDEE7-90A6-8FB7-B363-B60F12DE41F0}.Release|Any CPU.Build.0 = Release|Any CPU
		{01BC2245-2605-22A1-98D9-89ABC1CDA31D}.Debug|Any CPU.ActiveCfg = Debug|Any CPU
		{01BC2245-2605-22A1-98D9-89ABC1CDA31D}.Debug|Any CPU.Build.0 = Debug|Any CPU
		{01BC2245-2605-22A1-98D9-89ABC1CDA31D}.Release|Any CPU.ActiveCfg = Release|Any CPU
		{01BC2245-2605-22A1-98D9-89ABC1CDA31D}.Release|Any CPU.Build.0 = Release|Any CPU
		{1B969FBA-D574-7DCC-C64E-B8C9BEDAF094}.Debug|Any CPU.ActiveCfg = Debug|Any CPU
		{1B969FBA-D574-7DCC-C64E-B8C9BEDAF094}.Debug|Any CPU.Build.0 = Debug|Any CPU
		{1B969FBA-D574-7DCC-C64E-B8C9BEDAF094}.Release|Any CPU.ActiveCfg = Release|Any CPU
		{1B969FBA-D574-7DCC-C64E-B8C9BEDAF094}.Release|Any CPU.Build.0 = Release|Any CPU
		{63A5E44F-83F9-8DA1-7B66-4812E14D5035}.Debug|Any CPU.ActiveCfg = Debug|Any CPU
		{63A5E44F-83F9-8DA1-7B66-4812E14D5035}.Debug|Any CPU.Build.0 = Debug|Any CPU
		{63A5E44F-83F9-8DA1-7B66-4812E14D5035}.Release|Any CPU.ActiveCfg = Release|Any CPU
		{63A5E44F-83F9-8DA1-7B66-4812E14D5035}.Release|Any CPU.Build.0 = Release|Any CPU
		{B8F56C0E-DD71-6752-D94E-526C9D4237A9}.Debug|Any CPU.ActiveCfg = Debug|Any CPU
		{B8F56C0E-DD71-6752-D94E-526C9D4237A9}.Debug|Any CPU.Build.0 = Debug|Any CPU
		{B8F56C0E-DD71-6752-D94E-526C9D4237A9}.Release|Any CPU.ActiveCfg = Release|Any CPU
		{B8F56C0E-DD71-6752-D94E-526C9D4237A9}.Release|Any CPU.Build.0 = Release|Any CPU
		{3F14B64A-01B0-A194-2306-397247AD6687}.Debug|Any CPU.ActiveCfg = Debug|Any CPU
		{3F14B64A-01B0-A194-2306-397247AD6687}.Debug|Any CPU.Build.0 = Debug|Any CPU
		{3F14B64A-01B0-A194-2306-397247AD6687}.Release|Any CPU.ActiveCfg = Release|Any CPU
		{3F14B64A-01B0-A194-2306-397247AD6687}.Release|Any CPU.Build.0 = Release|Any CPU
		{0A96F7B9-5F15-7089-108D-C504474C80BE}.Debug|Any CPU.ActiveCfg = Debug|Any CPU
		{0A96F7B9-5F15-7089-108D-C504474C80BE}.Debug|Any CPU.Build.0 = Debug|Any CPU
		{0A96F7B9-5F15-7089-108D-C504474C80BE}.Release|Any CPU.ActiveCfg = Release|Any CPU
		{0A96F7B9-5F15-7089-108D-C504474C80BE}.Release|Any CPU.Build.0 = Release|Any CPU
		{AC288274-64F6-1CC6-6FB6-7FA3499FAB74}.Debug|Any CPU.ActiveCfg = Debug|Any CPU
		{AC288274-64F6-1CC6-6FB6-7FA3499FAB74}.Debug|Any CPU.Build.0 = Debug|Any CPU
		{AC288274-64F6-1CC6-6FB6-7FA3499FAB74}.Release|Any CPU.ActiveCfg = Release|Any CPU
		{AC288274-64F6-1CC6-6FB6-7FA3499FAB74}.Release|Any CPU.Build.0 = Release|Any CPU
		{801BA970-EA12-5B55-CD43-244EC5DFA3AA}.Debug|Any CPU.ActiveCfg = Debug|Any CPU
		{801BA970-EA12-5B55-CD43-244EC5DFA3AA}.Debug|Any CPU.Build.0 = Debug|Any CPU
		{801BA970-EA12-5B55-CD43-244EC5DFA3AA}.Release|Any CPU.ActiveCfg = Release|Any CPU
		{801BA970-EA12-5B55-CD43-244EC5DFA3AA}.Release|Any CPU.Build.0 = Release|Any CPU
		{F028F3F4-9F2B-61A9-8FAD-E3C66396E31D}.Debug|Any CPU.ActiveCfg = Debug|Any CPU
		{F028F3F4-9F2B-61A9-8FAD-E3C66396E31D}.Debug|Any CPU.Build.0 = Debug|Any CPU
		{F028F3F4-9F2B-61A9-8FAD-E3C66396E31D}.Release|Any CPU.ActiveCfg = Release|Any CPU
		{F028F3F4-9F2B-61A9-8FAD-E3C66396E31D}.Release|Any CPU.Build.0 = Release|Any CPU
		{19AAE45F-8A75-AE09-B70D-8842FC8829E2}.Debug|Any CPU.ActiveCfg = Debug|Any CPU
		{19AAE45F-8A75-AE09-B70D-8842FC8829E2}.Debug|Any CPU.Build.0 = Debug|Any CPU
		{19AAE45F-8A75-AE09-B70D-8842FC8829E2}.Release|Any CPU.ActiveCfg = Release|Any CPU
		{19AAE45F-8A75-AE09-B70D-8842FC8829E2}.Release|Any CPU.Build.0 = Release|Any CPU
		{0A886CF7-C339-C963-BA50-20D2F43C8297}.Debug|Any CPU.ActiveCfg = Debug|Any CPU
		{0A886CF7-C339-C963-BA50-20D2F43C8297}.Debug|Any CPU.Build.0 = Debug|Any CPU
		{0A886CF7-C339-C963-BA50-20D2F43C8297}.Release|Any CPU.ActiveCfg = Release|Any CPU
		{0A886CF7-C339-C963-BA50-20D2F43C8297}.Release|Any CPU.Build.0 = Release|Any CPU
		{FE251A9B-BD8D-0AC8-D328-6BFFCADC9036}.Debug|Any CPU.ActiveCfg = Debug|Any CPU
		{FE251A9B-BD8D-0AC8-D328-6BFFCADC9036}.Debug|Any CPU.Build.0 = Debug|Any CPU
		{FE251A9B-BD8D-0AC8-D328-6BFFCADC9036}.Release|Any CPU.ActiveCfg = Release|Any CPU
		{FE251A9B-BD8D-0AC8-D328-6BFFCADC9036}.Release|Any CPU.Build.0 = Release|Any CPU
		{99591B46-0E89-6EE2-CFE8-7C02DD63B2F6}.Debug|Any CPU.ActiveCfg = Debug|Any CPU
		{99591B46-0E89-6EE2-CFE8-7C02DD63B2F6}.Debug|Any CPU.Build.0 = Debug|Any CPU
		{99591B46-0E89-6EE2-CFE8-7C02DD63B2F6}.Release|Any CPU.ActiveCfg = Release|Any CPU
		{99591B46-0E89-6EE2-CFE8-7C02DD63B2F6}.Release|Any CPU.Build.0 = Release|Any CPU
		{33458F75-8218-2760-4CDC-299133294E12}.Debug|Any CPU.ActiveCfg = Debug|Any CPU
		{33458F75-8218-2760-4CDC-299133294E12}.Debug|Any CPU.Build.0 = Debug|Any CPU
		{33458F75-8218-2760-4CDC-299133294E12}.Release|Any CPU.ActiveCfg = Release|Any CPU
		{33458F75-8218-2760-4CDC-299133294E12}.Release|Any CPU.Build.0 = Release|Any CPU
		{37E994ED-3336-57C5-3440-FE642D868E7B}.Debug|Any CPU.ActiveCfg = Debug|Any CPU
		{37E994ED-3336-57C5-3440-FE642D868E7B}.Debug|Any CPU.Build.0 = Debug|Any CPU
		{37E994ED-3336-57C5-3440-FE642D868E7B}.Release|Any CPU.ActiveCfg = Release|Any CPU
		{37E994ED-3336-57C5-3440-FE642D868E7B}.Release|Any CPU.Build.0 = Release|Any CPU
		{A6E58355-75A7-FB65-9010-9AC8D468BDAD}.Debug|Any CPU.ActiveCfg = Debug|Any CPU
		{A6E58355-75A7-FB65-9010-9AC8D468BDAD}.Debug|Any CPU.Build.0 = Debug|Any CPU
		{A6E58355-75A7-FB65-9010-9AC8D468BDAD}.Release|Any CPU.ActiveCfg = Release|Any CPU
		{A6E58355-75A7-FB65-9010-9AC8D468BDAD}.Release|Any CPU.Build.0 = Release|Any CPU
		{9791930B-813A-424C-A3B9-12811AC9FB13}.Debug|Any CPU.ActiveCfg = Debug|Any CPU
		{9791930B-813A-424C-A3B9-12811AC9FB13}.Debug|Any CPU.Build.0 = Debug|Any CPU
		{9791930B-813A-424C-A3B9-12811AC9FB13}.Release|Any CPU.ActiveCfg = Release|Any CPU
		{9791930B-813A-424C-A3B9-12811AC9FB13}.Release|Any CPU.Build.0 = Release|Any CPU
		{C7E265A1-BA8E-D7A2-0703-B9778986DCBB}.Debug|Any CPU.ActiveCfg = Debug|Any CPU
		{C7E265A1-BA8E-D7A2-0703-B9778986DCBB}.Debug|Any CPU.Build.0 = Debug|Any CPU
		{C7E265A1-BA8E-D7A2-0703-B9778986DCBB}.Release|Any CPU.ActiveCfg = Release|Any CPU
		{C7E265A1-BA8E-D7A2-0703-B9778986DCBB}.Release|Any CPU.Build.0 = Release|Any CPU
		{E8D5D27B-0AC0-76DA-F89A-762E3D919E40}.Debug|Any CPU.ActiveCfg = Debug|Any CPU
		{E8D5D27B-0AC0-76DA-F89A-762E3D919E40}.Debug|Any CPU.Build.0 = Debug|Any CPU
		{E8D5D27B-0AC0-76DA-F89A-762E3D919E40}.Release|Any CPU.ActiveCfg = Release|Any CPU
		{E8D5D27B-0AC0-76DA-F89A-762E3D919E40}.Release|Any CPU.Build.0 = Release|Any CPU
		{8B8FD9C4-061C-59C9-266C-2C8A5F28811E}.Debug|Any CPU.ActiveCfg = Debug|Any CPU
		{8B8FD9C4-061C-59C9-266C-2C8A5F28811E}.Debug|Any CPU.Build.0 = Debug|Any CPU
		{8B8FD9C4-061C-59C9-266C-2C8A5F28811E}.Release|Any CPU.ActiveCfg = Release|Any CPU
		{8B8FD9C4-061C-59C9-266C-2C8A5F28811E}.Release|Any CPU.Build.0 = Release|Any CPU
		{D48029A7-C048-1BF8-4953-BED87C606ABC}.Debug|Any CPU.ActiveCfg = Debug|Any CPU
		{D48029A7-C048-1BF8-4953-BED87C606ABC}.Debug|Any CPU.Build.0 = Debug|Any CPU
		{D48029A7-C048-1BF8-4953-BED87C606ABC}.Release|Any CPU.ActiveCfg = Release|Any CPU
		{D48029A7-C048-1BF8-4953-BED87C606ABC}.Release|Any CPU.Build.0 = Release|Any CPU
		{34421E4D-6256-5222-6632-40DC4F8149F2}.Debug|Any CPU.ActiveCfg = Debug|Any CPU
		{34421E4D-6256-5222-6632-40DC4F8149F2}.Debug|Any CPU.Build.0 = Debug|Any CPU
		{34421E4D-6256-5222-6632-40DC4F8149F2}.Release|Any CPU.ActiveCfg = Release|Any CPU
		{34421E4D-6256-5222-6632-40DC4F8149F2}.Release|Any CPU.Build.0 = Release|Any CPU
		{A545A7A1-30CF-88E8-0D69-D599172B5744}.Debug|Any CPU.ActiveCfg = Debug|Any CPU
		{A545A7A1-30CF-88E8-0D69-D599172B5744}.Debug|Any CPU.Build.0 = Debug|Any CPU
		{A545A7A1-30CF-88E8-0D69-D599172B5744}.Release|Any CPU.ActiveCfg = Release|Any CPU
		{A545A7A1-30CF-88E8-0D69-D599172B5744}.Release|Any CPU.Build.0 = Release|Any CPU
		{5BA397B9-5755-4EFF-8EF2-A6D056611AEB}.Debug|Any CPU.ActiveCfg = Debug|Any CPU
		{5BA397B9-5755-4EFF-8EF2-A6D056611AEB}.Debug|Any CPU.Build.0 = Debug|Any CPU
		{5BA397B9-5755-4EFF-8EF2-A6D056611AEB}.Release|Any CPU.ActiveCfg = Release|Any CPU
		{5BA397B9-5755-4EFF-8EF2-A6D056611AEB}.Release|Any CPU.Build.0 = Release|Any CPU
	EndGlobalSection
	GlobalSection(SolutionProperties) = preSolution
		HideSolutionNode = FALSE
	EndGlobalSection
	GlobalSection(NestedProjects) = preSolution
		{AFBAC460-33FE-4620-AD2E-B04E4E089055} = {02EA681E-C7D8-13C7-8484-4AC65E1B71E8}
		{E728EE8A-90ED-4D20-B326-13AA97A4956C} = {02EA681E-C7D8-13C7-8484-4AC65E1B71E8}
		{0DE84D01-A448-409F-8778-D384DBA3D975} = {02EA681E-C7D8-13C7-8484-4AC65E1B71E8}
		{65F33ECF-8366-4C44-AD80-2633DD49955B} = {AFBAC460-33FE-4620-AD2E-B04E4E089055}
		{75DB7F43-4461-407B-9F2E-BD80C2B83F75} = {AFBAC460-33FE-4620-AD2E-B04E4E089055}
		{15F98904-DC5E-48CF-8576-8324E1262E52} = {0DE84D01-A448-409F-8778-D384DBA3D975}
		{BA5E7EC1-B9F5-430C-9222-A807E28D3526} = {0DE84D01-A448-409F-8778-D384DBA3D975}
		{607F1EA5-D655-455C-B799-7509980BE213} = {0DE84D01-A448-409F-8778-D384DBA3D975}
		{26874EE0-B94F-460D-8F6D-2DE321F3D4AF} = {0DE84D01-A448-409F-8778-D384DBA3D975}
		{B2769E26-F817-47CA-89BE-742DCC095175} = {0DE84D01-A448-409F-8778-D384DBA3D975}
		{F567497C-AA4B-44EC-8FEC-20B98C68F431} = {0DE84D01-A448-409F-8778-D384DBA3D975}
		{8B9CE167-AC3B-457B-A4B4-5890092BB8EF} = {26874EE0-B94F-460D-8F6D-2DE321F3D4AF}
		{D4560198-043E-46F6-800D-9FD6553A0874} = {26874EE0-B94F-460D-8F6D-2DE321F3D4AF}
		{D92D92F3-934E-47ED-8C48-E223E929A4C0} = {26874EE0-B94F-460D-8F6D-2DE321F3D4AF}
		{A25FEF85-ECFE-40F7-816D-39D6CA400676} = {26874EE0-B94F-460D-8F6D-2DE321F3D4AF}
		{B28332C6-EBE9-47E4-BD29-380FE195519E} = {607F1EA5-D655-455C-B799-7509980BE213}
		{BF46EC25-430C-4381-9AD0-218F96B519B1} = {607F1EA5-D655-455C-B799-7509980BE213}
		{F1068498-2688-4B8D-8B66-3776BBC59B52} = {15F98904-DC5E-48CF-8576-8324E1262E52}
		{F32FBEF5-87A6-4FE9-ABB8-EE8B3C643D30} = {15F98904-DC5E-48CF-8576-8324E1262E52}
		{91C126D6-1F8D-4931-898B-431DD790B5B1} = {15F98904-DC5E-48CF-8576-8324E1262E52}
		{AC12967E-BC8B-427E-9EF6-AC6A5D5E136D} = {15F98904-DC5E-48CF-8576-8324E1262E52}
		{F6045289-B518-4B6A-B08F-D9809DB7679D} = {15F98904-DC5E-48CF-8576-8324E1262E52}
		{CE3F4D43-417C-7951-52D2-C445B3D0DBF2} = {E728EE8A-90ED-4D20-B326-13AA97A4956C}
		{FE96BA1D-00A2-92AE-C4EA-4C39DD811C23} = {E728EE8A-90ED-4D20-B326-13AA97A4956C}
		{BC6954D3-126A-106D-B8EB-6E2A2639BDEA} = {E728EE8A-90ED-4D20-B326-13AA97A4956C}
		{59298FAC-02A0-73B5-C63A-7D87FB4DEA0B} = {75DB7F43-4461-407B-9F2E-BD80C2B83F75}
		{CD06B929-A12B-CF90-B7F1-735B927CB94E} = {75DB7F43-4461-407B-9F2E-BD80C2B83F75}
		{A3B65F39-AEDE-EE63-CFD2-F325535F561F} = {75DB7F43-4461-407B-9F2E-BD80C2B83F75}
		{05C57134-798C-873C-719D-63C5EDA9D373} = {75DB7F43-4461-407B-9F2E-BD80C2B83F75}
		{D5F0CB2A-381C-0666-69A0-00FEE28FB69E} = {65F33ECF-8366-4C44-AD80-2633DD49955B}
		{F9CB1C8D-73E4-1C99-0EA5-D6EF6D385355} = {65F33ECF-8366-4C44-AD80-2633DD49955B}
		{4F584A81-4E5E-A66E-05B5-72D9D8624402} = {65F33ECF-8366-4C44-AD80-2633DD49955B}
		{8B0ED871-282B-C7C4-1197-DABDB3019946} = {65F33ECF-8366-4C44-AD80-2633DD49955B}
		{38645107-C0E4-5531-2B0A-6B589810E72E} = {F1068498-2688-4B8D-8B66-3776BBC59B52}
		{7C9090F0-8630-FA1E-29AE-31274B23BB09} = {F1068498-2688-4B8D-8B66-3776BBC59B52}
		{5585F1EF-396E-4CCA-3A6C-8F2284E735B9} = {F1068498-2688-4B8D-8B66-3776BBC59B52}
		{01ED6ADF-40E1-20EF-BD0F-E4421E176459} = {F32FBEF5-87A6-4FE9-ABB8-EE8B3C643D30}
		{42283025-6A0C-3EDF-E353-127C99C071C8} = {F32FBEF5-87A6-4FE9-ABB8-EE8B3C643D30}
		{7591A94B-5FA2-D364-6E0A-A114555CC240} = {F32FBEF5-87A6-4FE9-ABB8-EE8B3C643D30}
		{5FA38371-7FF1-4239-6382-2E20D3D8D907} = {91C126D6-1F8D-4931-898B-431DD790B5B1}
		{74C6C0FE-4BAC-601A-6C30-685FF292A9B4} = {91C126D6-1F8D-4931-898B-431DD790B5B1}
		{004B1C7D-37BE-C482-9F99-AE28EFC61EAB} = {91C126D6-1F8D-4931-898B-431DD790B5B1}
		{61012CFA-7C6F-EDD2-A3FC-E1106E8D2F1A} = {AC12967E-BC8B-427E-9EF6-AC6A5D5E136D}
		{6DAB5C9D-87D1-DD5A-3BDC-D4E721379E1B} = {AC12967E-BC8B-427E-9EF6-AC6A5D5E136D}
		{867CDC2A-9476-ABD2-F865-FFB92BD5F9DC} = {AC12967E-BC8B-427E-9EF6-AC6A5D5E136D}
		{79EA0B21-0539-DD5D-B500-5F59427CB106} = {F6045289-B518-4B6A-B08F-D9809DB7679D}
		{C6410627-03C1-B702-12B1-1CF06250B040} = {F6045289-B518-4B6A-B08F-D9809DB7679D}
		{84ECDEE7-90A6-8FB7-B363-B60F12DE41F0} = {F6045289-B518-4B6A-B08F-D9809DB7679D}
		{01BC2245-2605-22A1-98D9-89ABC1CDA31D} = {BA5E7EC1-B9F5-430C-9222-A807E28D3526}
		{1B969FBA-D574-7DCC-C64E-B8C9BEDAF094} = {BA5E7EC1-B9F5-430C-9222-A807E28D3526}
		{63A5E44F-83F9-8DA1-7B66-4812E14D5035} = {BA5E7EC1-B9F5-430C-9222-A807E28D3526}
		{B8F56C0E-DD71-6752-D94E-526C9D4237A9} = {B28332C6-EBE9-47E4-BD29-380FE195519E}
		{3F14B64A-01B0-A194-2306-397247AD6687} = {B28332C6-EBE9-47E4-BD29-380FE195519E}
		{0A96F7B9-5F15-7089-108D-C504474C80BE} = {B28332C6-EBE9-47E4-BD29-380FE195519E}
		{AC288274-64F6-1CC6-6FB6-7FA3499FAB74} = {BF46EC25-430C-4381-9AD0-218F96B519B1}
		{801BA970-EA12-5B55-CD43-244EC5DFA3AA} = {BF46EC25-430C-4381-9AD0-218F96B519B1}
		{F028F3F4-9F2B-61A9-8FAD-E3C66396E31D} = {BF46EC25-430C-4381-9AD0-218F96B519B1}
		{19AAE45F-8A75-AE09-B70D-8842FC8829E2} = {8B9CE167-AC3B-457B-A4B4-5890092BB8EF}
		{0A886CF7-C339-C963-BA50-20D2F43C8297} = {8B9CE167-AC3B-457B-A4B4-5890092BB8EF}
		{FE251A9B-BD8D-0AC8-D328-6BFFCADC9036} = {8B9CE167-AC3B-457B-A4B4-5890092BB8EF}
		{99591B46-0E89-6EE2-CFE8-7C02DD63B2F6} = {D4560198-043E-46F6-800D-9FD6553A0874}
		{33458F75-8218-2760-4CDC-299133294E12} = {D4560198-043E-46F6-800D-9FD6553A0874}
		{37E994ED-3336-57C5-3440-FE642D868E7B} = {D4560198-043E-46F6-800D-9FD6553A0874}
		{A6E58355-75A7-FB65-9010-9AC8D468BDAD} = {D92D92F3-934E-47ED-8C48-E223E929A4C0}
		{9791930B-813A-424C-A3B9-12811AC9FB13} = {D92D92F3-934E-47ED-8C48-E223E929A4C0}
		{C7E265A1-BA8E-D7A2-0703-B9778986DCBB} = {D92D92F3-934E-47ED-8C48-E223E929A4C0}
		{E8D5D27B-0AC0-76DA-F89A-762E3D919E40} = {A25FEF85-ECFE-40F7-816D-39D6CA400676}
		{8B8FD9C4-061C-59C9-266C-2C8A5F28811E} = {A25FEF85-ECFE-40F7-816D-39D6CA400676}
		{D48029A7-C048-1BF8-4953-BED87C606ABC} = {A25FEF85-ECFE-40F7-816D-39D6CA400676}
		{34421E4D-6256-5222-6632-40DC4F8149F2} = {B2769E26-F817-47CA-89BE-742DCC095175}
		{A545A7A1-30CF-88E8-0D69-D599172B5744} = {F567497C-AA4B-44EC-8FEC-20B98C68F431}
		{6207B101-29EA-4271-85FB-2DB6350BC0F0} = {02EA681E-C7D8-13C7-8484-4AC65E1B71E8}
		{5BA397B9-5755-4EFF-8EF2-A6D056611AEB} = {6207B101-29EA-4271-85FB-2DB6350BC0F0}
	EndGlobalSection
	GlobalSection(ExtensibilityGlobals) = postSolution
		SolutionGuid = {C6211D30-DCB0-4037-ACB7-51588200E27B}
	EndGlobalSection
EndGlobal
